Microsoft Visual Studio Solution File, Format Version 12.00
# Visual Studio Version 17
VisualStudioVersion = 17.3.32901.215
MinimumVisualStudioVersion = 10.0.40219.1
Project("{9A19103F-16F7-4668-BE54-9A1E7A4F7556}") = "Froggit", "Froggit\Froggit.csproj", "{11506B1B-F6AB-43FB-ABED-78D3ABF0EF14}"
EndProject
Project("{2150E333-8FDC-42A3-9474-1A3956D46DE8}") = "Eyeball", "Eyeball", "{05C3B42F-C4F1-4B15-B40A-37A499A491C3}"
EndProject
Project("{9A19103F-16F7-4668-BE54-9A1E7A4F7556}") = "Eyeball.Core", "Eyeball\Eyeball.Core\Eyeball.Core.csproj", "{2836DA94-EC53-42B1-A21B-7019AAB2CAAE}"
EndProject
Project("{9A19103F-16F7-4668-BE54-9A1E7A4F7556}") = "Eyeball.Juego", "Eyeball\Eyeball.Juego\Eyeball.Juego.csproj", "{AE06F7ED-D4B7-4766-8F9C-8D7BFD100EF8}"
EndProject
Project("{9A19103F-16F7-4668-BE54-9A1E7A4F7556}") = "Span4", "Span4\Span4.csproj", "{E8917F68-C0F0-4037-BACF-9221AEA8F297}"
EndProject
Project("{9A19103F-16F7-4668-BE54-9A1E7A4F7556}") = "Tetraminos", "Tetraminoes\Tetraminos.csproj", "{A8E34875-6EE8-46BA-A23A-67C47E45908C}"
EndProject
Project("{9A19103F-16F7-4668-BE54-9A1E7A4F7556}") = "Snake", "Snake\Snake.csproj", "{2EB5A7CA-8F8E-45D3-BA2C-29E1BFEB250C}"
EndProject
Project("{9A19103F-16F7-4668-BE54-9A1E7A4F7556}") = "Starfield", "Starfield\Starfield.csproj", "{623D2647-1BF1-4D16-8784-ED65C9C969B8}"
EndProject
Project("{9A19103F-16F7-4668-BE54-9A1E7A4F7556}") = "GameOfLife", "GameOfLife\GameOfLife.csproj", "{D80612C4-146B-4942-AD5D-DAE644F7055A}"
EndProject
Project("{9A19103F-16F7-4668-BE54-9A1E7A4F7556}") = "FallingSand", "FallingSand\FallingSand.csproj", "{12415BF8-B1DC-492E-815E-4B1F47CF9C71}"
EndProject
Global
	GlobalSection(SolutionConfigurationPlatforms) = preSolution
		Debug_v1_ProjLab|Any CPU = Debug_v1_ProjLab|Any CPU
		Debug_v2_ProjLab|Any CPU = Debug_v2_ProjLab|Any CPU
		Debug|Any CPU = Debug|Any CPU
		Release_v1_ProjLab|Any CPU = Release_v1_ProjLab|Any CPU
		Release_v2_ProjLab|Any CPU = Release_v2_ProjLab|Any CPU
		Release|Any CPU = Release|Any CPU
	EndGlobalSection
	GlobalSection(ProjectConfigurationPlatforms) = postSolution
		{11506B1B-F6AB-43FB-ABED-78D3ABF0EF14}.Debug_v1_ProjLab|Any CPU.ActiveCfg = Debug|Any CPU
		{11506B1B-F6AB-43FB-ABED-78D3ABF0EF14}.Debug_v1_ProjLab|Any CPU.Build.0 = Debug|Any CPU
		{11506B1B-F6AB-43FB-ABED-78D3ABF0EF14}.Debug_v1_ProjLab|Any CPU.Deploy.0 = Debug|Any CPU
		{11506B1B-F6AB-43FB-ABED-78D3ABF0EF14}.Debug_v2_ProjLab|Any CPU.ActiveCfg = Debug|Any CPU
		{11506B1B-F6AB-43FB-ABED-78D3ABF0EF14}.Debug_v2_ProjLab|Any CPU.Build.0 = Debug|Any CPU
		{11506B1B-F6AB-43FB-ABED-78D3ABF0EF14}.Debug_v2_ProjLab|Any CPU.Deploy.0 = Debug|Any CPU
		{11506B1B-F6AB-43FB-ABED-78D3ABF0EF14}.Debug|Any CPU.ActiveCfg = Debug|Any CPU
		{11506B1B-F6AB-43FB-ABED-78D3ABF0EF14}.Debug|Any CPU.Build.0 = Debug|Any CPU
		{11506B1B-F6AB-43FB-ABED-78D3ABF0EF14}.Debug|Any CPU.Deploy.0 = Debug|Any CPU
		{11506B1B-F6AB-43FB-ABED-78D3ABF0EF14}.Release_v1_ProjLab|Any CPU.ActiveCfg = Release|Any CPU
		{11506B1B-F6AB-43FB-ABED-78D3ABF0EF14}.Release_v1_ProjLab|Any CPU.Build.0 = Release|Any CPU
		{11506B1B-F6AB-43FB-ABED-78D3ABF0EF14}.Release_v1_ProjLab|Any CPU.Deploy.0 = Release|Any CPU
		{11506B1B-F6AB-43FB-ABED-78D3ABF0EF14}.Release_v2_ProjLab|Any CPU.ActiveCfg = Release|Any CPU
		{11506B1B-F6AB-43FB-ABED-78D3ABF0EF14}.Release_v2_ProjLab|Any CPU.Build.0 = Release|Any CPU
		{11506B1B-F6AB-43FB-ABED-78D3ABF0EF14}.Release_v2_ProjLab|Any CPU.Deploy.0 = Release|Any CPU
		{11506B1B-F6AB-43FB-ABED-78D3ABF0EF14}.Release|Any CPU.ActiveCfg = Release|Any CPU
		{11506B1B-F6AB-43FB-ABED-78D3ABF0EF14}.Release|Any CPU.Build.0 = Release|Any CPU
		{11506B1B-F6AB-43FB-ABED-78D3ABF0EF14}.Release|Any CPU.Deploy.0 = Release|Any CPU
		{2836DA94-EC53-42B1-A21B-7019AAB2CAAE}.Debug_v1_ProjLab|Any CPU.ActiveCfg = Debug|Any CPU
		{2836DA94-EC53-42B1-A21B-7019AAB2CAAE}.Debug_v1_ProjLab|Any CPU.Build.0 = Debug|Any CPU
		{2836DA94-EC53-42B1-A21B-7019AAB2CAAE}.Debug_v1_ProjLab|Any CPU.Deploy.0 = Debug|Any CPU
		{2836DA94-EC53-42B1-A21B-7019AAB2CAAE}.Debug_v2_ProjLab|Any CPU.ActiveCfg = Debug|Any CPU
		{2836DA94-EC53-42B1-A21B-7019AAB2CAAE}.Debug_v2_ProjLab|Any CPU.Build.0 = Debug|Any CPU
		{2836DA94-EC53-42B1-A21B-7019AAB2CAAE}.Debug_v2_ProjLab|Any CPU.Deploy.0 = Debug|Any CPU
		{2836DA94-EC53-42B1-A21B-7019AAB2CAAE}.Debug|Any CPU.ActiveCfg = Debug|Any CPU
		{2836DA94-EC53-42B1-A21B-7019AAB2CAAE}.Debug|Any CPU.Build.0 = Debug|Any CPU
		{2836DA94-EC53-42B1-A21B-7019AAB2CAAE}.Debug|Any CPU.Deploy.0 = Debug|Any CPU
		{2836DA94-EC53-42B1-A21B-7019AAB2CAAE}.Release_v1_ProjLab|Any CPU.ActiveCfg = Release|Any CPU
		{2836DA94-EC53-42B1-A21B-7019AAB2CAAE}.Release_v1_ProjLab|Any CPU.Build.0 = Release|Any CPU
		{2836DA94-EC53-42B1-A21B-7019AAB2CAAE}.Release_v1_ProjLab|Any CPU.Deploy.0 = Release|Any CPU
		{2836DA94-EC53-42B1-A21B-7019AAB2CAAE}.Release_v2_ProjLab|Any CPU.ActiveCfg = Release|Any CPU
		{2836DA94-EC53-42B1-A21B-7019AAB2CAAE}.Release_v2_ProjLab|Any CPU.Build.0 = Release|Any CPU
		{2836DA94-EC53-42B1-A21B-7019AAB2CAAE}.Release_v2_ProjLab|Any CPU.Deploy.0 = Release|Any CPU
		{2836DA94-EC53-42B1-A21B-7019AAB2CAAE}.Release|Any CPU.ActiveCfg = Release|Any CPU
		{2836DA94-EC53-42B1-A21B-7019AAB2CAAE}.Release|Any CPU.Build.0 = Release|Any CPU
		{2836DA94-EC53-42B1-A21B-7019AAB2CAAE}.Release|Any CPU.Deploy.0 = Release|Any CPU
		{AE06F7ED-D4B7-4766-8F9C-8D7BFD100EF8}.Debug_v1_ProjLab|Any CPU.ActiveCfg = Debug|Any CPU
		{AE06F7ED-D4B7-4766-8F9C-8D7BFD100EF8}.Debug_v1_ProjLab|Any CPU.Build.0 = Debug|Any CPU
		{AE06F7ED-D4B7-4766-8F9C-8D7BFD100EF8}.Debug_v1_ProjLab|Any CPU.Deploy.0 = Debug|Any CPU
		{AE06F7ED-D4B7-4766-8F9C-8D7BFD100EF8}.Debug_v2_ProjLab|Any CPU.ActiveCfg = Debug|Any CPU
		{AE06F7ED-D4B7-4766-8F9C-8D7BFD100EF8}.Debug_v2_ProjLab|Any CPU.Build.0 = Debug|Any CPU
		{AE06F7ED-D4B7-4766-8F9C-8D7BFD100EF8}.Debug_v2_ProjLab|Any CPU.Deploy.0 = Debug|Any CPU
		{AE06F7ED-D4B7-4766-8F9C-8D7BFD100EF8}.Debug|Any CPU.ActiveCfg = Debug|Any CPU
		{AE06F7ED-D4B7-4766-8F9C-8D7BFD100EF8}.Debug|Any CPU.Build.0 = Debug|Any CPU
		{AE06F7ED-D4B7-4766-8F9C-8D7BFD100EF8}.Debug|Any CPU.Deploy.0 = Debug|Any CPU
		{AE06F7ED-D4B7-4766-8F9C-8D7BFD100EF8}.Release_v1_ProjLab|Any CPU.ActiveCfg = Release|Any CPU
		{AE06F7ED-D4B7-4766-8F9C-8D7BFD100EF8}.Release_v1_ProjLab|Any CPU.Build.0 = Release|Any CPU
		{AE06F7ED-D4B7-4766-8F9C-8D7BFD100EF8}.Release_v1_ProjLab|Any CPU.Deploy.0 = Release|Any CPU
		{AE06F7ED-D4B7-4766-8F9C-8D7BFD100EF8}.Release_v2_ProjLab|Any CPU.ActiveCfg = Release|Any CPU
		{AE06F7ED-D4B7-4766-8F9C-8D7BFD100EF8}.Release_v2_ProjLab|Any CPU.Build.0 = Release|Any CPU
		{AE06F7ED-D4B7-4766-8F9C-8D7BFD100EF8}.Release_v2_ProjLab|Any CPU.Deploy.0 = Release|Any CPU
		{AE06F7ED-D4B7-4766-8F9C-8D7BFD100EF8}.Release|Any CPU.ActiveCfg = Release|Any CPU
		{AE06F7ED-D4B7-4766-8F9C-8D7BFD100EF8}.Release|Any CPU.Build.0 = Release|Any CPU
		{AE06F7ED-D4B7-4766-8F9C-8D7BFD100EF8}.Release|Any CPU.Deploy.0 = Release|Any CPU
		{E8917F68-C0F0-4037-BACF-9221AEA8F297}.Debug_v1_ProjLab|Any CPU.ActiveCfg = Debug|Any CPU
		{E8917F68-C0F0-4037-BACF-9221AEA8F297}.Debug_v1_ProjLab|Any CPU.Build.0 = Debug|Any CPU
		{E8917F68-C0F0-4037-BACF-9221AEA8F297}.Debug_v1_ProjLab|Any CPU.Deploy.0 = Debug|Any CPU
		{E8917F68-C0F0-4037-BACF-9221AEA8F297}.Debug_v2_ProjLab|Any CPU.ActiveCfg = Debug|Any CPU
		{E8917F68-C0F0-4037-BACF-9221AEA8F297}.Debug_v2_ProjLab|Any CPU.Build.0 = Debug|Any CPU
		{E8917F68-C0F0-4037-BACF-9221AEA8F297}.Debug_v2_ProjLab|Any CPU.Deploy.0 = Debug|Any CPU
		{E8917F68-C0F0-4037-BACF-9221AEA8F297}.Debug|Any CPU.ActiveCfg = Debug|Any CPU
		{E8917F68-C0F0-4037-BACF-9221AEA8F297}.Debug|Any CPU.Build.0 = Debug|Any CPU
		{E8917F68-C0F0-4037-BACF-9221AEA8F297}.Debug|Any CPU.Deploy.0 = Debug|Any CPU
		{E8917F68-C0F0-4037-BACF-9221AEA8F297}.Release_v1_ProjLab|Any CPU.ActiveCfg = Release|Any CPU
		{E8917F68-C0F0-4037-BACF-9221AEA8F297}.Release_v1_ProjLab|Any CPU.Build.0 = Release|Any CPU
		{E8917F68-C0F0-4037-BACF-9221AEA8F297}.Release_v1_ProjLab|Any CPU.Deploy.0 = Release|Any CPU
		{E8917F68-C0F0-4037-BACF-9221AEA8F297}.Release_v2_ProjLab|Any CPU.ActiveCfg = Release|Any CPU
		{E8917F68-C0F0-4037-BACF-9221AEA8F297}.Release_v2_ProjLab|Any CPU.Build.0 = Release|Any CPU
		{E8917F68-C0F0-4037-BACF-9221AEA8F297}.Release_v2_ProjLab|Any CPU.Deploy.0 = Release|Any CPU
		{E8917F68-C0F0-4037-BACF-9221AEA8F297}.Release|Any CPU.ActiveCfg = Release|Any CPU
		{E8917F68-C0F0-4037-BACF-9221AEA8F297}.Release|Any CPU.Build.0 = Release|Any CPU
		{E8917F68-C0F0-4037-BACF-9221AEA8F297}.Release|Any CPU.Deploy.0 = Release|Any CPU
		{A8E34875-6EE8-46BA-A23A-67C47E45908C}.Debug_v1_ProjLab|Any CPU.ActiveCfg = Debug|Any CPU
		{A8E34875-6EE8-46BA-A23A-67C47E45908C}.Debug_v1_ProjLab|Any CPU.Build.0 = Debug|Any CPU
		{A8E34875-6EE8-46BA-A23A-67C47E45908C}.Debug_v1_ProjLab|Any CPU.Deploy.0 = Debug|Any CPU
		{A8E34875-6EE8-46BA-A23A-67C47E45908C}.Debug_v2_ProjLab|Any CPU.ActiveCfg = Debug|Any CPU
		{A8E34875-6EE8-46BA-A23A-67C47E45908C}.Debug_v2_ProjLab|Any CPU.Build.0 = Debug|Any CPU
		{A8E34875-6EE8-46BA-A23A-67C47E45908C}.Debug_v2_ProjLab|Any CPU.Deploy.0 = Debug|Any CPU
		{A8E34875-6EE8-46BA-A23A-67C47E45908C}.Debug|Any CPU.ActiveCfg = Debug|Any CPU
		{A8E34875-6EE8-46BA-A23A-67C47E45908C}.Debug|Any CPU.Build.0 = Debug|Any CPU
		{A8E34875-6EE8-46BA-A23A-67C47E45908C}.Debug|Any CPU.Deploy.0 = Debug|Any CPU
		{A8E34875-6EE8-46BA-A23A-67C47E45908C}.Release_v1_ProjLab|Any CPU.ActiveCfg = Release|Any CPU
		{A8E34875-6EE8-46BA-A23A-67C47E45908C}.Release_v1_ProjLab|Any CPU.Build.0 = Release|Any CPU
		{A8E34875-6EE8-46BA-A23A-67C47E45908C}.Release_v1_ProjLab|Any CPU.Deploy.0 = Release|Any CPU
		{A8E34875-6EE8-46BA-A23A-67C47E45908C}.Release_v2_ProjLab|Any CPU.ActiveCfg = Release|Any CPU
		{A8E34875-6EE8-46BA-A23A-67C47E45908C}.Release_v2_ProjLab|Any CPU.Build.0 = Release|Any CPU
		{A8E34875-6EE8-46BA-A23A-67C47E45908C}.Release_v2_ProjLab|Any CPU.Deploy.0 = Release|Any CPU
		{A8E34875-6EE8-46BA-A23A-67C47E45908C}.Release|Any CPU.ActiveCfg = Release|Any CPU
		{A8E34875-6EE8-46BA-A23A-67C47E45908C}.Release|Any CPU.Build.0 = Release|Any CPU
		{A8E34875-6EE8-46BA-A23A-67C47E45908C}.Release|Any CPU.Deploy.0 = Release|Any CPU
		{2EB5A7CA-8F8E-45D3-BA2C-29E1BFEB250C}.Debug_v1_ProjLab|Any CPU.ActiveCfg = Debug|Any CPU
		{2EB5A7CA-8F8E-45D3-BA2C-29E1BFEB250C}.Debug_v1_ProjLab|Any CPU.Build.0 = Debug|Any CPU
		{2EB5A7CA-8F8E-45D3-BA2C-29E1BFEB250C}.Debug_v1_ProjLab|Any CPU.Deploy.0 = Debug|Any CPU
		{2EB5A7CA-8F8E-45D3-BA2C-29E1BFEB250C}.Debug_v2_ProjLab|Any CPU.ActiveCfg = Debug|Any CPU
		{2EB5A7CA-8F8E-45D3-BA2C-29E1BFEB250C}.Debug_v2_ProjLab|Any CPU.Build.0 = Debug|Any CPU
		{2EB5A7CA-8F8E-45D3-BA2C-29E1BFEB250C}.Debug_v2_ProjLab|Any CPU.Deploy.0 = Debug|Any CPU
		{2EB5A7CA-8F8E-45D3-BA2C-29E1BFEB250C}.Debug|Any CPU.ActiveCfg = Debug|Any CPU
		{2EB5A7CA-8F8E-45D3-BA2C-29E1BFEB250C}.Debug|Any CPU.Build.0 = Debug|Any CPU
		{2EB5A7CA-8F8E-45D3-BA2C-29E1BFEB250C}.Debug|Any CPU.Deploy.0 = Debug|Any CPU
		{2EB5A7CA-8F8E-45D3-BA2C-29E1BFEB250C}.Release_v1_ProjLab|Any CPU.ActiveCfg = Release|Any CPU
		{2EB5A7CA-8F8E-45D3-BA2C-29E1BFEB250C}.Release_v1_ProjLab|Any CPU.Build.0 = Release|Any CPU
		{2EB5A7CA-8F8E-45D3-BA2C-29E1BFEB250C}.Release_v1_ProjLab|Any CPU.Deploy.0 = Release|Any CPU
		{2EB5A7CA-8F8E-45D3-BA2C-29E1BFEB250C}.Release_v2_ProjLab|Any CPU.ActiveCfg = Release|Any CPU
		{2EB5A7CA-8F8E-45D3-BA2C-29E1BFEB250C}.Release_v2_ProjLab|Any CPU.Build.0 = Release|Any CPU
		{2EB5A7CA-8F8E-45D3-BA2C-29E1BFEB250C}.Release_v2_ProjLab|Any CPU.Deploy.0 = Release|Any CPU
		{2EB5A7CA-8F8E-45D3-BA2C-29E1BFEB250C}.Release|Any CPU.ActiveCfg = Release|Any CPU
		{2EB5A7CA-8F8E-45D3-BA2C-29E1BFEB250C}.Release|Any CPU.Build.0 = Release|Any CPU
		{2EB5A7CA-8F8E-45D3-BA2C-29E1BFEB250C}.Release|Any CPU.Deploy.0 = Release|Any CPU
		{623D2647-1BF1-4D16-8784-ED65C9C969B8}.Debug_v1_ProjLab|Any CPU.ActiveCfg = Debug|Any CPU
		{623D2647-1BF1-4D16-8784-ED65C9C969B8}.Debug_v1_ProjLab|Any CPU.Build.0 = Debug|Any CPU
		{623D2647-1BF1-4D16-8784-ED65C9C969B8}.Debug_v1_ProjLab|Any CPU.Deploy.0 = Debug|Any CPU
		{623D2647-1BF1-4D16-8784-ED65C9C969B8}.Debug_v2_ProjLab|Any CPU.ActiveCfg = Debug|Any CPU
		{623D2647-1BF1-4D16-8784-ED65C9C969B8}.Debug_v2_ProjLab|Any CPU.Build.0 = Debug|Any CPU
		{623D2647-1BF1-4D16-8784-ED65C9C969B8}.Debug_v2_ProjLab|Any CPU.Deploy.0 = Debug|Any CPU
		{623D2647-1BF1-4D16-8784-ED65C9C969B8}.Debug|Any CPU.ActiveCfg = Debug|Any CPU
		{623D2647-1BF1-4D16-8784-ED65C9C969B8}.Debug|Any CPU.Build.0 = Debug|Any CPU
		{623D2647-1BF1-4D16-8784-ED65C9C969B8}.Debug|Any CPU.Deploy.0 = Debug|Any CPU
		{623D2647-1BF1-4D16-8784-ED65C9C969B8}.Release_v1_ProjLab|Any CPU.ActiveCfg = Release|Any CPU
		{623D2647-1BF1-4D16-8784-ED65C9C969B8}.Release_v1_ProjLab|Any CPU.Build.0 = Release|Any CPU
		{623D2647-1BF1-4D16-8784-ED65C9C969B8}.Release_v1_ProjLab|Any CPU.Deploy.0 = Release|Any CPU
		{623D2647-1BF1-4D16-8784-ED65C9C969B8}.Release_v2_ProjLab|Any CPU.ActiveCfg = Release|Any CPU
		{623D2647-1BF1-4D16-8784-ED65C9C969B8}.Release_v2_ProjLab|Any CPU.Build.0 = Release|Any CPU
		{623D2647-1BF1-4D16-8784-ED65C9C969B8}.Release_v2_ProjLab|Any CPU.Deploy.0 = Release|Any CPU
		{623D2647-1BF1-4D16-8784-ED65C9C969B8}.Release|Any CPU.ActiveCfg = Release|Any CPU
		{623D2647-1BF1-4D16-8784-ED65C9C969B8}.Release|Any CPU.Build.0 = Release|Any CPU
		{623D2647-1BF1-4D16-8784-ED65C9C969B8}.Release|Any CPU.Deploy.0 = Release|Any CPU
		{D80612C4-146B-4942-AD5D-DAE644F7055A}.Debug_v1_ProjLab|Any CPU.ActiveCfg = Debug|Any CPU
		{D80612C4-146B-4942-AD5D-DAE644F7055A}.Debug_v1_ProjLab|Any CPU.Build.0 = Debug|Any CPU
		{D80612C4-146B-4942-AD5D-DAE644F7055A}.Debug_v1_ProjLab|Any CPU.Deploy.0 = Debug|Any CPU
		{D80612C4-146B-4942-AD5D-DAE644F7055A}.Debug_v2_ProjLab|Any CPU.ActiveCfg = Debug|Any CPU
		{D80612C4-146B-4942-AD5D-DAE644F7055A}.Debug_v2_ProjLab|Any CPU.Build.0 = Debug|Any CPU
		{D80612C4-146B-4942-AD5D-DAE644F7055A}.Debug_v2_ProjLab|Any CPU.Deploy.0 = Debug|Any CPU
		{D80612C4-146B-4942-AD5D-DAE644F7055A}.Debug|Any CPU.ActiveCfg = Debug|Any CPU
		{D80612C4-146B-4942-AD5D-DAE644F7055A}.Debug|Any CPU.Build.0 = Debug|Any CPU
		{D80612C4-146B-4942-AD5D-DAE644F7055A}.Debug|Any CPU.Deploy.0 = Debug|Any CPU
		{D80612C4-146B-4942-AD5D-DAE644F7055A}.Release_v1_ProjLab|Any CPU.ActiveCfg = Release|Any CPU
		{D80612C4-146B-4942-AD5D-DAE644F7055A}.Release_v1_ProjLab|Any CPU.Build.0 = Release|Any CPU
		{D80612C4-146B-4942-AD5D-DAE644F7055A}.Release_v1_ProjLab|Any CPU.Deploy.0 = Release|Any CPU
		{D80612C4-146B-4942-AD5D-DAE644F7055A}.Release_v2_ProjLab|Any CPU.ActiveCfg = Release|Any CPU
		{D80612C4-146B-4942-AD5D-DAE644F7055A}.Release_v2_ProjLab|Any CPU.Build.0 = Release|Any CPU
		{D80612C4-146B-4942-AD5D-DAE644F7055A}.Release_v2_ProjLab|Any CPU.Deploy.0 = Release|Any CPU
		{D80612C4-146B-4942-AD5D-DAE644F7055A}.Release|Any CPU.ActiveCfg = Release|Any CPU
		{D80612C4-146B-4942-AD5D-DAE644F7055A}.Release|Any CPU.Build.0 = Release|Any CPU
		{D80612C4-146B-4942-AD5D-DAE644F7055A}.Release|Any CPU.Deploy.0 = Release|Any CPU
		{12415BF8-B1DC-492E-815E-4B1F47CF9C71}.Debug_v1_ProjLab|Any CPU.ActiveCfg = Debug|Any CPU
		{12415BF8-B1DC-492E-815E-4B1F47CF9C71}.Debug_v1_ProjLab|Any CPU.Build.0 = Debug|Any CPU
		{12415BF8-B1DC-492E-815E-4B1F47CF9C71}.Debug_v1_ProjLab|Any CPU.Deploy.0 = Debug|Any CPU
		{12415BF8-B1DC-492E-815E-4B1F47CF9C71}.Debug_v2_ProjLab|Any CPU.ActiveCfg = Debug|Any CPU
		{12415BF8-B1DC-492E-815E-4B1F47CF9C71}.Debug_v2_ProjLab|Any CPU.Build.0 = Debug|Any CPU
		{12415BF8-B1DC-492E-815E-4B1F47CF9C71}.Debug_v2_ProjLab|Any CPU.Deploy.0 = Debug|Any CPU
		{12415BF8-B1DC-492E-815E-4B1F47CF9C71}.Debug|Any CPU.ActiveCfg = Debug|Any CPU
		{12415BF8-B1DC-492E-815E-4B1F47CF9C71}.Debug|Any CPU.Build.0 = Debug|Any CPU
		{12415BF8-B1DC-492E-815E-4B1F47CF9C71}.Debug|Any CPU.Deploy.0 = Debug|Any CPU
		{12415BF8-B1DC-492E-815E-4B1F47CF9C71}.Release_v1_ProjLab|Any CPU.ActiveCfg = Release|Any CPU
		{12415BF8-B1DC-492E-815E-4B1F47CF9C71}.Release_v1_ProjLab|Any CPU.Build.0 = Release|Any CPU
		{12415BF8-B1DC-492E-815E-4B1F47CF9C71}.Release_v1_ProjLab|Any CPU.Deploy.0 = Release|Any CPU
		{12415BF8-B1DC-492E-815E-4B1F47CF9C71}.Release_v2_ProjLab|Any CPU.ActiveCfg = Release|Any CPU
		{12415BF8-B1DC-492E-815E-4B1F47CF9C71}.Release_v2_ProjLab|Any CPU.Build.0 = Release|Any CPU
		{12415BF8-B1DC-492E-815E-4B1F47CF9C71}.Release_v2_ProjLab|Any CPU.Deploy.0 = Release|Any CPU
		{12415BF8-B1DC-492E-815E-4B1F47CF9C71}.Release|Any CPU.ActiveCfg = Release|Any CPU
		{12415BF8-B1DC-492E-815E-4B1F47CF9C71}.Release|Any CPU.Build.0 = Release|Any CPU
		{12415BF8-B1DC-492E-815E-4B1F47CF9C71}.Release|Any CPU.Deploy.0 = Release|Any CPU
	EndGlobalSection
	GlobalSection(SolutionProperties) = preSolution
		HideSolutionNode = FALSE
	EndGlobalSection
	GlobalSection(NestedProjects) = preSolution
		{2836DA94-EC53-42B1-A21B-7019AAB2CAAE} = {05C3B42F-C4F1-4B15-B40A-37A499A491C3}
		{AE06F7ED-D4B7-4766-8F9C-8D7BFD100EF8} = {05C3B42F-C4F1-4B15-B40A-37A499A491C3}
	EndGlobalSection
	GlobalSection(ExtensibilityGlobals) = postSolution
		SolutionGuid = {0AD554B2-93F3-4B0A-9725-304A66FB780A}
	EndGlobalSection
EndGlobal
