Microsoft Visual Studio Solution File, Format Version 12.00
# Visual Studio Version 17
VisualStudioVersion = 17.3.32901.215
MinimumVisualStudioVersion = 10.0.40219.1
Project("{2150E333-8FDC-42A3-9474-1A3956D46DE8}") = "_External", "_External", "{6642BF7F-62F8-4A92-B9A2-77BAC814335C}"
EndProject
Project("{9A19103F-16F7-4668-BE54-9A1E7A4F7556}") = "Froggit", "Froggit\Froggit.csproj", "{11506B1B-F6AB-43FB-ABED-78D3ABF0EF14}"
EndProject
Project("{9A19103F-16F7-4668-BE54-9A1E7A4F7556}") = "Juego", "..\..\Juego\Source\Juego\Juego.csproj", "{269F1BAF-88BE-475B-86CC-2E5F8FEFA1A3}"
EndProject
Project("{2150E333-8FDC-42A3-9474-1A3956D46DE8}") = "Eyeball", "Eyeball", "{05C3B42F-C4F1-4B15-B40A-37A499A491C3}"
EndProject
Project("{9A19103F-16F7-4668-BE54-9A1E7A4F7556}") = "Eyeball.Core", "Eyeball\Eyeball.Core\Eyeball.Core.csproj", "{2836DA94-EC53-42B1-A21B-7019AAB2CAAE}"
EndProject
Project("{9A19103F-16F7-4668-BE54-9A1E7A4F7556}") = "Eyeball.Juego", "Eyeball\Eyeball.Juego\Eyeball.Juego.csproj", "{AE06F7ED-D4B7-4766-8F9C-8D7BFD100EF8}"
EndProject
Project("{9A19103F-16F7-4668-BE54-9A1E7A4F7556}") = "Span4", "Span4\Span4.csproj", "{E8917F68-C0F0-4037-BACF-9221AEA8F297}"
EndProject
Project("{9A19103F-16F7-4668-BE54-9A1E7A4F7556}") = "Tetraminos", "Tetraminoes\Tetraminos.csproj", "{A8E34875-6EE8-46BA-A23A-67C47E45908C}"
EndProject
Project("{9A19103F-16F7-4668-BE54-9A1E7A4F7556}") = "Snake", "Snake\Snake.csproj", "{2EB5A7CA-8F8E-45D3-BA2C-29E1BFEB250C}"
EndProject
Project("{9A19103F-16F7-4668-BE54-9A1E7A4F7556}") = "Starfield", "Starfield\Starfield.csproj", "{623D2647-1BF1-4D16-8784-ED65C9C969B8}"
EndProject
Project("{9A19103F-16F7-4668-BE54-9A1E7A4F7556}") = "GameOfLife", "GameOfLife\GameOfLife.csproj", "{D80612C4-146B-4942-AD5D-DAE644F7055A}"
EndProject
Project("{9A19103F-16F7-4668-BE54-9A1E7A4F7556}") = "FallingSand", "FallingSand\FallingSand.csproj", "{12415BF8-B1DC-492E-815E-4B1F47CF9C71}"
EndProject
Project("{9A19103F-16F7-4668-BE54-9A1E7A4F7556}") = "Meadow.Units", "..\..\..\..\Meadow.Units\Source\Meadow.Units\Meadow.Units.csproj", "{837BE6A7-0AAC-41F4-B1BE-2C053D33C644}"
EndProject
Project("{9A19103F-16F7-4668-BE54-9A1E7A4F7556}") = "Meadow.Logging", "..\..\..\..\Meadow.Logging\Source\Meadow.Logging\lib\Meadow.Logging.csproj", "{265D85E7-DB79-4A22-B319-35FC4EF50BA2}"
EndProject
Project("{9A19103F-16F7-4668-BE54-9A1E7A4F7556}") = "Meadow.Contracts", "..\..\..\..\Meadow.Contracts\Source\Meadow.Contracts\Meadow.Contracts.csproj", "{9A160CC0-86B9-47E4-A4FA-3380D592C2F5}"
EndProject
Project("{9A19103F-16F7-4668-BE54-9A1E7A4F7556}") = "Meadow.Modbus", "..\..\..\..\Meadow.Modbus\src\Meadow.Modbus\Meadow.Modbus.csproj", "{BCCB023F-2F8C-46A3-945A-C876310F8267}"
EndProject
Project("{9A19103F-16F7-4668-BE54-9A1E7A4F7556}") = "MQTTnet", "..\..\..\..\MQTTnet\Source\MQTTnet\MQTTnet.csproj", "{0A3ADC9F-A3A0-4D15-B84A-FAD136813C7E}"
EndProject
Project("{9A19103F-16F7-4668-BE54-9A1E7A4F7556}") = "Meadow.Core", "..\..\..\..\Meadow.Core\source\Meadow.Core\Meadow.Core.csproj", "{AB94CDAF-21F9-4376-A849-673FAE9EC3B1}"
EndProject
Project("{9A19103F-16F7-4668-BE54-9A1E7A4F7556}") = "Meadow.F7", "..\..\..\..\Meadow.Core\source\implementations\f7\Meadow.F7\Meadow.F7.csproj", "{1C2CAD78-6134-4547-94F8-4E3DFCC9E49B}"
EndProject
Project("{9A19103F-16F7-4668-BE54-9A1E7A4F7556}") = "Meadow.Foundation.Core", "..\..\..\..\Meadow.Foundation\Source\Meadow.Foundation.Core\Meadow.Foundation.Core.csproj", "{F904C877-2D35-48F4-B334-64962BA9BF1D}"
EndProject
Project("{9A19103F-16F7-4668-BE54-9A1E7A4F7556}") = "Displays.TftSpi", "..\..\..\..\Meadow.Foundation\Source\Meadow.Foundation.Peripherals\Displays.TftSpi\Driver\Displays.TftSpi.csproj", "{FC470C1D-375A-4E5F-A2BC-DC059A88F6C4}"
EndProject
Project("{9A19103F-16F7-4668-BE54-9A1E7A4F7556}") = "Graphics.MicroGraphics", "..\..\..\..\Meadow.Foundation\Source\Meadow.Foundation.Libraries_and_Frameworks\Graphics.MicroGraphics\Driver\Graphics.MicroGraphics.csproj", "{C5BD07B5-9311-4DE7-8AD5-D7B4419A70A2}"
EndProject
Project("{9A19103F-16F7-4668-BE54-9A1E7A4F7556}") = "Graphics.MicroLayout", "..\..\..\..\Meadow.Foundation\Source\Meadow.Foundation.Libraries_and_Frameworks\Graphics.MicroLayout\Driver\Graphics.MicroLayout.csproj", "{0F1C939E-1760-48C0-BDA1-A12AA5D56D91}"
EndProject
Project("{9A19103F-16F7-4668-BE54-9A1E7A4F7556}") = "Audio.MicroAudio", "..\..\..\..\Meadow.Foundation\Source\Meadow.Foundation.Libraries_and_Frameworks\Audio.MicroAudio\Driver\Audio.MicroAudio.csproj", "{550DED1F-0F1B-4A17-91BC-C5B3F938F178}"
EndProject
Project("{9A19103F-16F7-4668-BE54-9A1E7A4F7556}") = "ICs.IOExpanders.Mcp23xxx", "..\..\..\..\Meadow.Foundation\Source\Meadow.Foundation.Peripherals\ICs.IOExpanders.Mcp23xxx\Driver\ICs.IOExpanders.Mcp23xxx.csproj", "{CF8B0BDB-7008-42A5-801F-01B69B85DC8F}"
EndProject
Project("{9A19103F-16F7-4668-BE54-9A1E7A4F7556}") = "Sensors.Motion.Bmi270", "..\..\..\..\Meadow.Foundation\Source\Meadow.Foundation.Peripherals\Sensors.Motion.Bmi270\Driver\Sensors.Motion.Bmi270.csproj", "{EA5D6059-3600-40A8-AFF3-150ED241D738}"
EndProject
Project("{9A19103F-16F7-4668-BE54-9A1E7A4F7556}") = "Juego", "..\..\..\..\Juego\Source\Juego\Juego.csproj", "{2BEF3253-8063-4522-8517-8F72DC9399F9}"
EndProject
Global
	GlobalSection(SolutionConfigurationPlatforms) = preSolution
		Debug_v1_ProjLab|Any CPU = Debug_v1_ProjLab|Any CPU
		Debug_v2_ProjLab|Any CPU = Debug_v2_ProjLab|Any CPU
		Debug|Any CPU = Debug|Any CPU
		Release_v1_ProjLab|Any CPU = Release_v1_ProjLab|Any CPU
		Release_v2_ProjLab|Any CPU = Release_v2_ProjLab|Any CPU
		Release|Any CPU = Release|Any CPU
	EndGlobalSection
	GlobalSection(ProjectConfigurationPlatforms) = postSolution
		{11506B1B-F6AB-43FB-ABED-78D3ABF0EF14}.Debug_v1_ProjLab|Any CPU.ActiveCfg = Debug|Any CPU
		{11506B1B-F6AB-43FB-ABED-78D3ABF0EF14}.Debug_v1_ProjLab|Any CPU.Build.0 = Debug|Any CPU
		{11506B1B-F6AB-43FB-ABED-78D3ABF0EF14}.Debug_v1_ProjLab|Any CPU.Deploy.0 = Debug|Any CPU
		{11506B1B-F6AB-43FB-ABED-78D3ABF0EF14}.Debug_v2_ProjLab|Any CPU.ActiveCfg = Debug|Any CPU
		{11506B1B-F6AB-43FB-ABED-78D3ABF0EF14}.Debug_v2_ProjLab|Any CPU.Build.0 = Debug|Any CPU
		{11506B1B-F6AB-43FB-ABED-78D3ABF0EF14}.Debug_v2_ProjLab|Any CPU.Deploy.0 = Debug|Any CPU
		{11506B1B-F6AB-43FB-ABED-78D3ABF0EF14}.Debug|Any CPU.ActiveCfg = Debug|Any CPU
		{11506B1B-F6AB-43FB-ABED-78D3ABF0EF14}.Debug|Any CPU.Build.0 = Debug|Any CPU
		{11506B1B-F6AB-43FB-ABED-78D3ABF0EF14}.Debug|Any CPU.Deploy.0 = Debug|Any CPU
		{11506B1B-F6AB-43FB-ABED-78D3ABF0EF14}.Release_v1_ProjLab|Any CPU.ActiveCfg = Release|Any CPU
		{11506B1B-F6AB-43FB-ABED-78D3ABF0EF14}.Release_v1_ProjLab|Any CPU.Build.0 = Release|Any CPU
		{11506B1B-F6AB-43FB-ABED-78D3ABF0EF14}.Release_v1_ProjLab|Any CPU.Deploy.0 = Release|Any CPU
		{11506B1B-F6AB-43FB-ABED-78D3ABF0EF14}.Release_v2_ProjLab|Any CPU.ActiveCfg = Release|Any CPU
		{11506B1B-F6AB-43FB-ABED-78D3ABF0EF14}.Release_v2_ProjLab|Any CPU.Build.0 = Release|Any CPU
		{11506B1B-F6AB-43FB-ABED-78D3ABF0EF14}.Release_v2_ProjLab|Any CPU.Deploy.0 = Release|Any CPU
		{11506B1B-F6AB-43FB-ABED-78D3ABF0EF14}.Release|Any CPU.ActiveCfg = Release|Any CPU
		{11506B1B-F6AB-43FB-ABED-78D3ABF0EF14}.Release|Any CPU.Build.0 = Release|Any CPU
		{11506B1B-F6AB-43FB-ABED-78D3ABF0EF14}.Release|Any CPU.Deploy.0 = Release|Any CPU
		{269F1BAF-88BE-475B-86CC-2E5F8FEFA1A3}.Debug_v1_ProjLab|Any CPU.ActiveCfg = Debug|Any CPU
		{269F1BAF-88BE-475B-86CC-2E5F8FEFA1A3}.Debug_v1_ProjLab|Any CPU.Build.0 = Debug|Any CPU
		{269F1BAF-88BE-475B-86CC-2E5F8FEFA1A3}.Debug_v1_ProjLab|Any CPU.Deploy.0 = Debug|Any CPU
		{269F1BAF-88BE-475B-86CC-2E5F8FEFA1A3}.Debug_v2_ProjLab|Any CPU.ActiveCfg = Debug|Any CPU
		{269F1BAF-88BE-475B-86CC-2E5F8FEFA1A3}.Debug_v2_ProjLab|Any CPU.Build.0 = Debug|Any CPU
		{269F1BAF-88BE-475B-86CC-2E5F8FEFA1A3}.Debug_v2_ProjLab|Any CPU.Deploy.0 = Debug|Any CPU
		{269F1BAF-88BE-475B-86CC-2E5F8FEFA1A3}.Debug|Any CPU.ActiveCfg = Debug|Any CPU
		{269F1BAF-88BE-475B-86CC-2E5F8FEFA1A3}.Debug|Any CPU.Build.0 = Debug|Any CPU
		{269F1BAF-88BE-475B-86CC-2E5F8FEFA1A3}.Debug|Any CPU.Deploy.0 = Debug|Any CPU
		{269F1BAF-88BE-475B-86CC-2E5F8FEFA1A3}.Release_v1_ProjLab|Any CPU.ActiveCfg = Release|Any CPU
		{269F1BAF-88BE-475B-86CC-2E5F8FEFA1A3}.Release_v1_ProjLab|Any CPU.Build.0 = Release|Any CPU
		{269F1BAF-88BE-475B-86CC-2E5F8FEFA1A3}.Release_v1_ProjLab|Any CPU.Deploy.0 = Release|Any CPU
		{269F1BAF-88BE-475B-86CC-2E5F8FEFA1A3}.Release_v2_ProjLab|Any CPU.ActiveCfg = Release|Any CPU
		{269F1BAF-88BE-475B-86CC-2E5F8FEFA1A3}.Release_v2_ProjLab|Any CPU.Build.0 = Release|Any CPU
		{269F1BAF-88BE-475B-86CC-2E5F8FEFA1A3}.Release_v2_ProjLab|Any CPU.Deploy.0 = Release|Any CPU
		{269F1BAF-88BE-475B-86CC-2E5F8FEFA1A3}.Release|Any CPU.ActiveCfg = Release|Any CPU
		{269F1BAF-88BE-475B-86CC-2E5F8FEFA1A3}.Release|Any CPU.Build.0 = Release|Any CPU
		{269F1BAF-88BE-475B-86CC-2E5F8FEFA1A3}.Release|Any CPU.Deploy.0 = Release|Any CPU
		{2836DA94-EC53-42B1-A21B-7019AAB2CAAE}.Debug_v1_ProjLab|Any CPU.ActiveCfg = Debug|Any CPU
		{2836DA94-EC53-42B1-A21B-7019AAB2CAAE}.Debug_v1_ProjLab|Any CPU.Build.0 = Debug|Any CPU
		{2836DA94-EC53-42B1-A21B-7019AAB2CAAE}.Debug_v1_ProjLab|Any CPU.Deploy.0 = Debug|Any CPU
		{2836DA94-EC53-42B1-A21B-7019AAB2CAAE}.Debug_v2_ProjLab|Any CPU.ActiveCfg = Debug|Any CPU
		{2836DA94-EC53-42B1-A21B-7019AAB2CAAE}.Debug_v2_ProjLab|Any CPU.Build.0 = Debug|Any CPU
		{2836DA94-EC53-42B1-A21B-7019AAB2CAAE}.Debug_v2_ProjLab|Any CPU.Deploy.0 = Debug|Any CPU
		{2836DA94-EC53-42B1-A21B-7019AAB2CAAE}.Debug|Any CPU.ActiveCfg = Debug|Any CPU
		{2836DA94-EC53-42B1-A21B-7019AAB2CAAE}.Debug|Any CPU.Build.0 = Debug|Any CPU
		{2836DA94-EC53-42B1-A21B-7019AAB2CAAE}.Debug|Any CPU.Deploy.0 = Debug|Any CPU
		{2836DA94-EC53-42B1-A21B-7019AAB2CAAE}.Release_v1_ProjLab|Any CPU.ActiveCfg = Release|Any CPU
		{2836DA94-EC53-42B1-A21B-7019AAB2CAAE}.Release_v1_ProjLab|Any CPU.Build.0 = Release|Any CPU
		{2836DA94-EC53-42B1-A21B-7019AAB2CAAE}.Release_v1_ProjLab|Any CPU.Deploy.0 = Release|Any CPU
		{2836DA94-EC53-42B1-A21B-7019AAB2CAAE}.Release_v2_ProjLab|Any CPU.ActiveCfg = Release|Any CPU
		{2836DA94-EC53-42B1-A21B-7019AAB2CAAE}.Release_v2_ProjLab|Any CPU.Build.0 = Release|Any CPU
		{2836DA94-EC53-42B1-A21B-7019AAB2CAAE}.Release_v2_ProjLab|Any CPU.Deploy.0 = Release|Any CPU
		{2836DA94-EC53-42B1-A21B-7019AAB2CAAE}.Release|Any CPU.ActiveCfg = Release|Any CPU
		{2836DA94-EC53-42B1-A21B-7019AAB2CAAE}.Release|Any CPU.Build.0 = Release|Any CPU
		{2836DA94-EC53-42B1-A21B-7019AAB2CAAE}.Release|Any CPU.Deploy.0 = Release|Any CPU
		{AE06F7ED-D4B7-4766-8F9C-8D7BFD100EF8}.Debug_v1_ProjLab|Any CPU.ActiveCfg = Debug|Any CPU
		{AE06F7ED-D4B7-4766-8F9C-8D7BFD100EF8}.Debug_v1_ProjLab|Any CPU.Build.0 = Debug|Any CPU
		{AE06F7ED-D4B7-4766-8F9C-8D7BFD100EF8}.Debug_v1_ProjLab|Any CPU.Deploy.0 = Debug|Any CPU
		{AE06F7ED-D4B7-4766-8F9C-8D7BFD100EF8}.Debug_v2_ProjLab|Any CPU.ActiveCfg = Debug|Any CPU
		{AE06F7ED-D4B7-4766-8F9C-8D7BFD100EF8}.Debug_v2_ProjLab|Any CPU.Build.0 = Debug|Any CPU
		{AE06F7ED-D4B7-4766-8F9C-8D7BFD100EF8}.Debug_v2_ProjLab|Any CPU.Deploy.0 = Debug|Any CPU
		{AE06F7ED-D4B7-4766-8F9C-8D7BFD100EF8}.Debug|Any CPU.ActiveCfg = Debug|Any CPU
		{AE06F7ED-D4B7-4766-8F9C-8D7BFD100EF8}.Debug|Any CPU.Build.0 = Debug|Any CPU
		{AE06F7ED-D4B7-4766-8F9C-8D7BFD100EF8}.Debug|Any CPU.Deploy.0 = Debug|Any CPU
		{AE06F7ED-D4B7-4766-8F9C-8D7BFD100EF8}.Release_v1_ProjLab|Any CPU.ActiveCfg = Release|Any CPU
		{AE06F7ED-D4B7-4766-8F9C-8D7BFD100EF8}.Release_v1_ProjLab|Any CPU.Build.0 = Release|Any CPU
		{AE06F7ED-D4B7-4766-8F9C-8D7BFD100EF8}.Release_v1_ProjLab|Any CPU.Deploy.0 = Release|Any CPU
		{AE06F7ED-D4B7-4766-8F9C-8D7BFD100EF8}.Release_v2_ProjLab|Any CPU.ActiveCfg = Release|Any CPU
		{AE06F7ED-D4B7-4766-8F9C-8D7BFD100EF8}.Release_v2_ProjLab|Any CPU.Build.0 = Release|Any CPU
		{AE06F7ED-D4B7-4766-8F9C-8D7BFD100EF8}.Release_v2_ProjLab|Any CPU.Deploy.0 = Release|Any CPU
		{AE06F7ED-D4B7-4766-8F9C-8D7BFD100EF8}.Release|Any CPU.ActiveCfg = Release|Any CPU
		{AE06F7ED-D4B7-4766-8F9C-8D7BFD100EF8}.Release|Any CPU.Build.0 = Release|Any CPU
		{AE06F7ED-D4B7-4766-8F9C-8D7BFD100EF8}.Release|Any CPU.Deploy.0 = Release|Any CPU
		{E8917F68-C0F0-4037-BACF-9221AEA8F297}.Debug_v1_ProjLab|Any CPU.ActiveCfg = Debug|Any CPU
		{E8917F68-C0F0-4037-BACF-9221AEA8F297}.Debug_v1_ProjLab|Any CPU.Build.0 = Debug|Any CPU
		{E8917F68-C0F0-4037-BACF-9221AEA8F297}.Debug_v1_ProjLab|Any CPU.Deploy.0 = Debug|Any CPU
		{E8917F68-C0F0-4037-BACF-9221AEA8F297}.Debug_v2_ProjLab|Any CPU.ActiveCfg = Debug|Any CPU
		{E8917F68-C0F0-4037-BACF-9221AEA8F297}.Debug_v2_ProjLab|Any CPU.Build.0 = Debug|Any CPU
		{E8917F68-C0F0-4037-BACF-9221AEA8F297}.Debug_v2_ProjLab|Any CPU.Deploy.0 = Debug|Any CPU
		{E8917F68-C0F0-4037-BACF-9221AEA8F297}.Debug|Any CPU.ActiveCfg = Debug|Any CPU
		{E8917F68-C0F0-4037-BACF-9221AEA8F297}.Debug|Any CPU.Build.0 = Debug|Any CPU
		{E8917F68-C0F0-4037-BACF-9221AEA8F297}.Debug|Any CPU.Deploy.0 = Debug|Any CPU
		{E8917F68-C0F0-4037-BACF-9221AEA8F297}.Release_v1_ProjLab|Any CPU.ActiveCfg = Release|Any CPU
		{E8917F68-C0F0-4037-BACF-9221AEA8F297}.Release_v1_ProjLab|Any CPU.Build.0 = Release|Any CPU
		{E8917F68-C0F0-4037-BACF-9221AEA8F297}.Release_v1_ProjLab|Any CPU.Deploy.0 = Release|Any CPU
		{E8917F68-C0F0-4037-BACF-9221AEA8F297}.Release_v2_ProjLab|Any CPU.ActiveCfg = Release|Any CPU
		{E8917F68-C0F0-4037-BACF-9221AEA8F297}.Release_v2_ProjLab|Any CPU.Build.0 = Release|Any CPU
		{E8917F68-C0F0-4037-BACF-9221AEA8F297}.Release_v2_ProjLab|Any CPU.Deploy.0 = Release|Any CPU
		{E8917F68-C0F0-4037-BACF-9221AEA8F297}.Release|Any CPU.ActiveCfg = Release|Any CPU
		{E8917F68-C0F0-4037-BACF-9221AEA8F297}.Release|Any CPU.Build.0 = Release|Any CPU
		{E8917F68-C0F0-4037-BACF-9221AEA8F297}.Release|Any CPU.Deploy.0 = Release|Any CPU
		{A8E34875-6EE8-46BA-A23A-67C47E45908C}.Debug_v1_ProjLab|Any CPU.ActiveCfg = Debug|Any CPU
		{A8E34875-6EE8-46BA-A23A-67C47E45908C}.Debug_v1_ProjLab|Any CPU.Build.0 = Debug|Any CPU
		{A8E34875-6EE8-46BA-A23A-67C47E45908C}.Debug_v1_ProjLab|Any CPU.Deploy.0 = Debug|Any CPU
		{A8E34875-6EE8-46BA-A23A-67C47E45908C}.Debug_v2_ProjLab|Any CPU.ActiveCfg = Debug|Any CPU
		{A8E34875-6EE8-46BA-A23A-67C47E45908C}.Debug_v2_ProjLab|Any CPU.Build.0 = Debug|Any CPU
		{A8E34875-6EE8-46BA-A23A-67C47E45908C}.Debug_v2_ProjLab|Any CPU.Deploy.0 = Debug|Any CPU
		{A8E34875-6EE8-46BA-A23A-67C47E45908C}.Debug|Any CPU.ActiveCfg = Debug|Any CPU
		{A8E34875-6EE8-46BA-A23A-67C47E45908C}.Debug|Any CPU.Build.0 = Debug|Any CPU
		{A8E34875-6EE8-46BA-A23A-67C47E45908C}.Debug|Any CPU.Deploy.0 = Debug|Any CPU
		{A8E34875-6EE8-46BA-A23A-67C47E45908C}.Release_v1_ProjLab|Any CPU.ActiveCfg = Release|Any CPU
		{A8E34875-6EE8-46BA-A23A-67C47E45908C}.Release_v1_ProjLab|Any CPU.Build.0 = Release|Any CPU
		{A8E34875-6EE8-46BA-A23A-67C47E45908C}.Release_v1_ProjLab|Any CPU.Deploy.0 = Release|Any CPU
		{A8E34875-6EE8-46BA-A23A-67C47E45908C}.Release_v2_ProjLab|Any CPU.ActiveCfg = Release|Any CPU
		{A8E34875-6EE8-46BA-A23A-67C47E45908C}.Release_v2_ProjLab|Any CPU.Build.0 = Release|Any CPU
		{A8E34875-6EE8-46BA-A23A-67C47E45908C}.Release_v2_ProjLab|Any CPU.Deploy.0 = Release|Any CPU
		{A8E34875-6EE8-46BA-A23A-67C47E45908C}.Release|Any CPU.ActiveCfg = Release|Any CPU
		{A8E34875-6EE8-46BA-A23A-67C47E45908C}.Release|Any CPU.Build.0 = Release|Any CPU
		{A8E34875-6EE8-46BA-A23A-67C47E45908C}.Release|Any CPU.Deploy.0 = Release|Any CPU
		{2EB5A7CA-8F8E-45D3-BA2C-29E1BFEB250C}.Debug_v1_ProjLab|Any CPU.ActiveCfg = Debug|Any CPU
		{2EB5A7CA-8F8E-45D3-BA2C-29E1BFEB250C}.Debug_v1_ProjLab|Any CPU.Build.0 = Debug|Any CPU
		{2EB5A7CA-8F8E-45D3-BA2C-29E1BFEB250C}.Debug_v1_ProjLab|Any CPU.Deploy.0 = Debug|Any CPU
		{2EB5A7CA-8F8E-45D3-BA2C-29E1BFEB250C}.Debug_v2_ProjLab|Any CPU.ActiveCfg = Debug|Any CPU
		{2EB5A7CA-8F8E-45D3-BA2C-29E1BFEB250C}.Debug_v2_ProjLab|Any CPU.Build.0 = Debug|Any CPU
		{2EB5A7CA-8F8E-45D3-BA2C-29E1BFEB250C}.Debug_v2_ProjLab|Any CPU.Deploy.0 = Debug|Any CPU
		{2EB5A7CA-8F8E-45D3-BA2C-29E1BFEB250C}.Debug|Any CPU.ActiveCfg = Debug|Any CPU
		{2EB5A7CA-8F8E-45D3-BA2C-29E1BFEB250C}.Debug|Any CPU.Build.0 = Debug|Any CPU
		{2EB5A7CA-8F8E-45D3-BA2C-29E1BFEB250C}.Debug|Any CPU.Deploy.0 = Debug|Any CPU
		{2EB5A7CA-8F8E-45D3-BA2C-29E1BFEB250C}.Release_v1_ProjLab|Any CPU.ActiveCfg = Release|Any CPU
		{2EB5A7CA-8F8E-45D3-BA2C-29E1BFEB250C}.Release_v1_ProjLab|Any CPU.Build.0 = Release|Any CPU
		{2EB5A7CA-8F8E-45D3-BA2C-29E1BFEB250C}.Release_v1_ProjLab|Any CPU.Deploy.0 = Release|Any CPU
		{2EB5A7CA-8F8E-45D3-BA2C-29E1BFEB250C}.Release_v2_ProjLab|Any CPU.ActiveCfg = Release|Any CPU
		{2EB5A7CA-8F8E-45D3-BA2C-29E1BFEB250C}.Release_v2_ProjLab|Any CPU.Build.0 = Release|Any CPU
		{2EB5A7CA-8F8E-45D3-BA2C-29E1BFEB250C}.Release_v2_ProjLab|Any CPU.Deploy.0 = Release|Any CPU
		{2EB5A7CA-8F8E-45D3-BA2C-29E1BFEB250C}.Release|Any CPU.ActiveCfg = Release|Any CPU
		{2EB5A7CA-8F8E-45D3-BA2C-29E1BFEB250C}.Release|Any CPU.Build.0 = Release|Any CPU
		{2EB5A7CA-8F8E-45D3-BA2C-29E1BFEB250C}.Release|Any CPU.Deploy.0 = Release|Any CPU
		{623D2647-1BF1-4D16-8784-ED65C9C969B8}.Debug_v1_ProjLab|Any CPU.ActiveCfg = Debug|Any CPU
		{623D2647-1BF1-4D16-8784-ED65C9C969B8}.Debug_v1_ProjLab|Any CPU.Build.0 = Debug|Any CPU
		{623D2647-1BF1-4D16-8784-ED65C9C969B8}.Debug_v1_ProjLab|Any CPU.Deploy.0 = Debug|Any CPU
		{623D2647-1BF1-4D16-8784-ED65C9C969B8}.Debug_v2_ProjLab|Any CPU.ActiveCfg = Debug|Any CPU
		{623D2647-1BF1-4D16-8784-ED65C9C969B8}.Debug_v2_ProjLab|Any CPU.Build.0 = Debug|Any CPU
		{623D2647-1BF1-4D16-8784-ED65C9C969B8}.Debug_v2_ProjLab|Any CPU.Deploy.0 = Debug|Any CPU
		{623D2647-1BF1-4D16-8784-ED65C9C969B8}.Debug|Any CPU.ActiveCfg = Debug|Any CPU
		{623D2647-1BF1-4D16-8784-ED65C9C969B8}.Debug|Any CPU.Build.0 = Debug|Any CPU
		{623D2647-1BF1-4D16-8784-ED65C9C969B8}.Debug|Any CPU.Deploy.0 = Debug|Any CPU
		{623D2647-1BF1-4D16-8784-ED65C9C969B8}.Release_v1_ProjLab|Any CPU.ActiveCfg = Release|Any CPU
		{623D2647-1BF1-4D16-8784-ED65C9C969B8}.Release_v1_ProjLab|Any CPU.Build.0 = Release|Any CPU
		{623D2647-1BF1-4D16-8784-ED65C9C969B8}.Release_v1_ProjLab|Any CPU.Deploy.0 = Release|Any CPU
		{623D2647-1BF1-4D16-8784-ED65C9C969B8}.Release_v2_ProjLab|Any CPU.ActiveCfg = Release|Any CPU
		{623D2647-1BF1-4D16-8784-ED65C9C969B8}.Release_v2_ProjLab|Any CPU.Build.0 = Release|Any CPU
		{623D2647-1BF1-4D16-8784-ED65C9C969B8}.Release_v2_ProjLab|Any CPU.Deploy.0 = Release|Any CPU
		{623D2647-1BF1-4D16-8784-ED65C9C969B8}.Release|Any CPU.ActiveCfg = Release|Any CPU
		{623D2647-1BF1-4D16-8784-ED65C9C969B8}.Release|Any CPU.Build.0 = Release|Any CPU
		{623D2647-1BF1-4D16-8784-ED65C9C969B8}.Release|Any CPU.Deploy.0 = Release|Any CPU
		{D80612C4-146B-4942-AD5D-DAE644F7055A}.Debug_v1_ProjLab|Any CPU.ActiveCfg = Debug|Any CPU
		{D80612C4-146B-4942-AD5D-DAE644F7055A}.Debug_v1_ProjLab|Any CPU.Build.0 = Debug|Any CPU
		{D80612C4-146B-4942-AD5D-DAE644F7055A}.Debug_v1_ProjLab|Any CPU.Deploy.0 = Debug|Any CPU
		{D80612C4-146B-4942-AD5D-DAE644F7055A}.Debug_v2_ProjLab|Any CPU.ActiveCfg = Debug|Any CPU
		{D80612C4-146B-4942-AD5D-DAE644F7055A}.Debug_v2_ProjLab|Any CPU.Build.0 = Debug|Any CPU
		{D80612C4-146B-4942-AD5D-DAE644F7055A}.Debug_v2_ProjLab|Any CPU.Deploy.0 = Debug|Any CPU
		{D80612C4-146B-4942-AD5D-DAE644F7055A}.Debug|Any CPU.ActiveCfg = Debug|Any CPU
		{D80612C4-146B-4942-AD5D-DAE644F7055A}.Debug|Any CPU.Build.0 = Debug|Any CPU
		{D80612C4-146B-4942-AD5D-DAE644F7055A}.Debug|Any CPU.Deploy.0 = Debug|Any CPU
		{D80612C4-146B-4942-AD5D-DAE644F7055A}.Release_v1_ProjLab|Any CPU.ActiveCfg = Release|Any CPU
		{D80612C4-146B-4942-AD5D-DAE644F7055A}.Release_v1_ProjLab|Any CPU.Build.0 = Release|Any CPU
		{D80612C4-146B-4942-AD5D-DAE644F7055A}.Release_v1_ProjLab|Any CPU.Deploy.0 = Release|Any CPU
		{D80612C4-146B-4942-AD5D-DAE644F7055A}.Release_v2_ProjLab|Any CPU.ActiveCfg = Release|Any CPU
		{D80612C4-146B-4942-AD5D-DAE644F7055A}.Release_v2_ProjLab|Any CPU.Build.0 = Release|Any CPU
		{D80612C4-146B-4942-AD5D-DAE644F7055A}.Release_v2_ProjLab|Any CPU.Deploy.0 = Release|Any CPU
		{D80612C4-146B-4942-AD5D-DAE644F7055A}.Release|Any CPU.ActiveCfg = Release|Any CPU
		{D80612C4-146B-4942-AD5D-DAE644F7055A}.Release|Any CPU.Build.0 = Release|Any CPU
		{D80612C4-146B-4942-AD5D-DAE644F7055A}.Release|Any CPU.Deploy.0 = Release|Any CPU
		{12415BF8-B1DC-492E-815E-4B1F47CF9C71}.Debug_v1_ProjLab|Any CPU.ActiveCfg = Debug|Any CPU
		{12415BF8-B1DC-492E-815E-4B1F47CF9C71}.Debug_v1_ProjLab|Any CPU.Build.0 = Debug|Any CPU
		{12415BF8-B1DC-492E-815E-4B1F47CF9C71}.Debug_v1_ProjLab|Any CPU.Deploy.0 = Debug|Any CPU
		{12415BF8-B1DC-492E-815E-4B1F47CF9C71}.Debug_v2_ProjLab|Any CPU.ActiveCfg = Debug|Any CPU
		{12415BF8-B1DC-492E-815E-4B1F47CF9C71}.Debug_v2_ProjLab|Any CPU.Build.0 = Debug|Any CPU
		{12415BF8-B1DC-492E-815E-4B1F47CF9C71}.Debug_v2_ProjLab|Any CPU.Deploy.0 = Debug|Any CPU
		{12415BF8-B1DC-492E-815E-4B1F47CF9C71}.Debug|Any CPU.ActiveCfg = Debug|Any CPU
		{12415BF8-B1DC-492E-815E-4B1F47CF9C71}.Debug|Any CPU.Build.0 = Debug|Any CPU
		{12415BF8-B1DC-492E-815E-4B1F47CF9C71}.Debug|Any CPU.Deploy.0 = Debug|Any CPU
		{12415BF8-B1DC-492E-815E-4B1F47CF9C71}.Release_v1_ProjLab|Any CPU.ActiveCfg = Release|Any CPU
		{12415BF8-B1DC-492E-815E-4B1F47CF9C71}.Release_v1_ProjLab|Any CPU.Build.0 = Release|Any CPU
		{12415BF8-B1DC-492E-815E-4B1F47CF9C71}.Release_v1_ProjLab|Any CPU.Deploy.0 = Release|Any CPU
		{12415BF8-B1DC-492E-815E-4B1F47CF9C71}.Release_v2_ProjLab|Any CPU.ActiveCfg = Release|Any CPU
		{12415BF8-B1DC-492E-815E-4B1F47CF9C71}.Release_v2_ProjLab|Any CPU.Build.0 = Release|Any CPU
		{12415BF8-B1DC-492E-815E-4B1F47CF9C71}.Release_v2_ProjLab|Any CPU.Deploy.0 = Release|Any CPU
		{12415BF8-B1DC-492E-815E-4B1F47CF9C71}.Release|Any CPU.ActiveCfg = Release|Any CPU
		{12415BF8-B1DC-492E-815E-4B1F47CF9C71}.Release|Any CPU.Build.0 = Release|Any CPU
		{12415BF8-B1DC-492E-815E-4B1F47CF9C71}.Release|Any CPU.Deploy.0 = Release|Any CPU
		{837BE6A7-0AAC-41F4-B1BE-2C053D33C644}.Debug_v1_ProjLab|Any CPU.ActiveCfg = Debug|Any CPU
		{837BE6A7-0AAC-41F4-B1BE-2C053D33C644}.Debug_v1_ProjLab|Any CPU.Build.0 = Debug|Any CPU
		{837BE6A7-0AAC-41F4-B1BE-2C053D33C644}.Debug_v1_ProjLab|Any CPU.Deploy.0 = Debug|Any CPU
		{837BE6A7-0AAC-41F4-B1BE-2C053D33C644}.Debug_v2_ProjLab|Any CPU.ActiveCfg = Debug|Any CPU
		{837BE6A7-0AAC-41F4-B1BE-2C053D33C644}.Debug_v2_ProjLab|Any CPU.Build.0 = Debug|Any CPU
		{837BE6A7-0AAC-41F4-B1BE-2C053D33C644}.Debug_v2_ProjLab|Any CPU.Deploy.0 = Debug|Any CPU
		{837BE6A7-0AAC-41F4-B1BE-2C053D33C644}.Debug|Any CPU.ActiveCfg = Debug|Any CPU
		{837BE6A7-0AAC-41F4-B1BE-2C053D33C644}.Debug|Any CPU.Build.0 = Debug|Any CPU
		{837BE6A7-0AAC-41F4-B1BE-2C053D33C644}.Debug|Any CPU.Deploy.0 = Debug|Any CPU
		{837BE6A7-0AAC-41F4-B1BE-2C053D33C644}.Release_v1_ProjLab|Any CPU.ActiveCfg = Release|Any CPU
		{837BE6A7-0AAC-41F4-B1BE-2C053D33C644}.Release_v1_ProjLab|Any CPU.Build.0 = Release|Any CPU
		{837BE6A7-0AAC-41F4-B1BE-2C053D33C644}.Release_v1_ProjLab|Any CPU.Deploy.0 = Release|Any CPU
		{837BE6A7-0AAC-41F4-B1BE-2C053D33C644}.Release_v2_ProjLab|Any CPU.ActiveCfg = Release|Any CPU
		{837BE6A7-0AAC-41F4-B1BE-2C053D33C644}.Release_v2_ProjLab|Any CPU.Build.0 = Release|Any CPU
		{837BE6A7-0AAC-41F4-B1BE-2C053D33C644}.Release_v2_ProjLab|Any CPU.Deploy.0 = Release|Any CPU
		{837BE6A7-0AAC-41F4-B1BE-2C053D33C644}.Release|Any CPU.ActiveCfg = Release|Any CPU
		{837BE6A7-0AAC-41F4-B1BE-2C053D33C644}.Release|Any CPU.Build.0 = Release|Any CPU
		{837BE6A7-0AAC-41F4-B1BE-2C053D33C644}.Release|Any CPU.Deploy.0 = Release|Any CPU
		{265D85E7-DB79-4A22-B319-35FC4EF50BA2}.Debug_v1_ProjLab|Any CPU.ActiveCfg = Debug|Any CPU
		{265D85E7-DB79-4A22-B319-35FC4EF50BA2}.Debug_v1_ProjLab|Any CPU.Build.0 = Debug|Any CPU
		{265D85E7-DB79-4A22-B319-35FC4EF50BA2}.Debug_v2_ProjLab|Any CPU.ActiveCfg = Debug|Any CPU
		{265D85E7-DB79-4A22-B319-35FC4EF50BA2}.Debug_v2_ProjLab|Any CPU.Build.0 = Debug|Any CPU
		{265D85E7-DB79-4A22-B319-35FC4EF50BA2}.Debug|Any CPU.ActiveCfg = Debug|Any CPU
		{265D85E7-DB79-4A22-B319-35FC4EF50BA2}.Debug|Any CPU.Build.0 = Debug|Any CPU
		{265D85E7-DB79-4A22-B319-35FC4EF50BA2}.Release_v1_ProjLab|Any CPU.ActiveCfg = Release|Any CPU
		{265D85E7-DB79-4A22-B319-35FC4EF50BA2}.Release_v1_ProjLab|Any CPU.Build.0 = Release|Any CPU
		{265D85E7-DB79-4A22-B319-35FC4EF50BA2}.Release_v2_ProjLab|Any CPU.ActiveCfg = Release|Any CPU
		{265D85E7-DB79-4A22-B319-35FC4EF50BA2}.Release_v2_ProjLab|Any CPU.Build.0 = Release|Any CPU
		{265D85E7-DB79-4A22-B319-35FC4EF50BA2}.Release|Any CPU.ActiveCfg = Release|Any CPU
		{265D85E7-DB79-4A22-B319-35FC4EF50BA2}.Release|Any CPU.Build.0 = Release|Any CPU
		{9A160CC0-86B9-47E4-A4FA-3380D592C2F5}.Debug_v1_ProjLab|Any CPU.ActiveCfg = Debug|Any CPU
		{9A160CC0-86B9-47E4-A4FA-3380D592C2F5}.Debug_v1_ProjLab|Any CPU.Build.0 = Debug|Any CPU
		{9A160CC0-86B9-47E4-A4FA-3380D592C2F5}.Debug_v1_ProjLab|Any CPU.Deploy.0 = Debug|Any CPU
		{9A160CC0-86B9-47E4-A4FA-3380D592C2F5}.Debug_v2_ProjLab|Any CPU.ActiveCfg = Debug|Any CPU
		{9A160CC0-86B9-47E4-A4FA-3380D592C2F5}.Debug_v2_ProjLab|Any CPU.Build.0 = Debug|Any CPU
		{9A160CC0-86B9-47E4-A4FA-3380D592C2F5}.Debug_v2_ProjLab|Any CPU.Deploy.0 = Debug|Any CPU
		{9A160CC0-86B9-47E4-A4FA-3380D592C2F5}.Debug|Any CPU.ActiveCfg = Debug|Any CPU
		{9A160CC0-86B9-47E4-A4FA-3380D592C2F5}.Debug|Any CPU.Build.0 = Debug|Any CPU
		{9A160CC0-86B9-47E4-A4FA-3380D592C2F5}.Debug|Any CPU.Deploy.0 = Debug|Any CPU
		{9A160CC0-86B9-47E4-A4FA-3380D592C2F5}.Release_v1_ProjLab|Any CPU.ActiveCfg = Release|Any CPU
		{9A160CC0-86B9-47E4-A4FA-3380D592C2F5}.Release_v1_ProjLab|Any CPU.Build.0 = Release|Any CPU
		{9A160CC0-86B9-47E4-A4FA-3380D592C2F5}.Release_v1_ProjLab|Any CPU.Deploy.0 = Release|Any CPU
		{9A160CC0-86B9-47E4-A4FA-3380D592C2F5}.Release_v2_ProjLab|Any CPU.ActiveCfg = Release|Any CPU
		{9A160CC0-86B9-47E4-A4FA-3380D592C2F5}.Release_v2_ProjLab|Any CPU.Build.0 = Release|Any CPU
		{9A160CC0-86B9-47E4-A4FA-3380D592C2F5}.Release_v2_ProjLab|Any CPU.Deploy.0 = Release|Any CPU
		{9A160CC0-86B9-47E4-A4FA-3380D592C2F5}.Release|Any CPU.ActiveCfg = Release|Any CPU
		{9A160CC0-86B9-47E4-A4FA-3380D592C2F5}.Release|Any CPU.Build.0 = Release|Any CPU
		{9A160CC0-86B9-47E4-A4FA-3380D592C2F5}.Release|Any CPU.Deploy.0 = Release|Any CPU
		{BCCB023F-2F8C-46A3-945A-C876310F8267}.Debug_v1_ProjLab|Any CPU.ActiveCfg = Debug|Any CPU
		{BCCB023F-2F8C-46A3-945A-C876310F8267}.Debug_v1_ProjLab|Any CPU.Build.0 = Debug|Any CPU
		{BCCB023F-2F8C-46A3-945A-C876310F8267}.Debug_v2_ProjLab|Any CPU.ActiveCfg = Debug|Any CPU
		{BCCB023F-2F8C-46A3-945A-C876310F8267}.Debug_v2_ProjLab|Any CPU.Build.0 = Debug|Any CPU
		{BCCB023F-2F8C-46A3-945A-C876310F8267}.Debug|Any CPU.ActiveCfg = Debug|Any CPU
		{BCCB023F-2F8C-46A3-945A-C876310F8267}.Debug|Any CPU.Build.0 = Debug|Any CPU
		{BCCB023F-2F8C-46A3-945A-C876310F8267}.Release_v1_ProjLab|Any CPU.ActiveCfg = Release|Any CPU
		{BCCB023F-2F8C-46A3-945A-C876310F8267}.Release_v1_ProjLab|Any CPU.Build.0 = Release|Any CPU
		{BCCB023F-2F8C-46A3-945A-C876310F8267}.Release_v2_ProjLab|Any CPU.ActiveCfg = Release|Any CPU
		{BCCB023F-2F8C-46A3-945A-C876310F8267}.Release_v2_ProjLab|Any CPU.Build.0 = Release|Any CPU
		{BCCB023F-2F8C-46A3-945A-C876310F8267}.Release|Any CPU.ActiveCfg = Release|Any CPU
		{BCCB023F-2F8C-46A3-945A-C876310F8267}.Release|Any CPU.Build.0 = Release|Any CPU
		{0A3ADC9F-A3A0-4D15-B84A-FAD136813C7E}.Debug_v1_ProjLab|Any CPU.ActiveCfg = Debug|Any CPU
		{0A3ADC9F-A3A0-4D15-B84A-FAD136813C7E}.Debug_v1_ProjLab|Any CPU.Build.0 = Debug|Any CPU
		{0A3ADC9F-A3A0-4D15-B84A-FAD136813C7E}.Debug_v2_ProjLab|Any CPU.ActiveCfg = Debug|Any CPU
		{0A3ADC9F-A3A0-4D15-B84A-FAD136813C7E}.Debug_v2_ProjLab|Any CPU.Build.0 = Debug|Any CPU
		{0A3ADC9F-A3A0-4D15-B84A-FAD136813C7E}.Debug|Any CPU.ActiveCfg = Debug|Any CPU
		{0A3ADC9F-A3A0-4D15-B84A-FAD136813C7E}.Debug|Any CPU.Build.0 = Debug|Any CPU
		{0A3ADC9F-A3A0-4D15-B84A-FAD136813C7E}.Release_v1_ProjLab|Any CPU.ActiveCfg = Release|Any CPU
		{0A3ADC9F-A3A0-4D15-B84A-FAD136813C7E}.Release_v1_ProjLab|Any CPU.Build.0 = Release|Any CPU
		{0A3ADC9F-A3A0-4D15-B84A-FAD136813C7E}.Release_v2_ProjLab|Any CPU.ActiveCfg = Release|Any CPU
		{0A3ADC9F-A3A0-4D15-B84A-FAD136813C7E}.Release_v2_ProjLab|Any CPU.Build.0 = Release|Any CPU
		{0A3ADC9F-A3A0-4D15-B84A-FAD136813C7E}.Release|Any CPU.ActiveCfg = Release|Any CPU
		{0A3ADC9F-A3A0-4D15-B84A-FAD136813C7E}.Release|Any CPU.Build.0 = Release|Any CPU
		{AB94CDAF-21F9-4376-A849-673FAE9EC3B1}.Debug_v1_ProjLab|Any CPU.ActiveCfg = Debug|Any CPU
		{AB94CDAF-21F9-4376-A849-673FAE9EC3B1}.Debug_v1_ProjLab|Any CPU.Build.0 = Debug|Any CPU
		{AB94CDAF-21F9-4376-A849-673FAE9EC3B1}.Debug_v1_ProjLab|Any CPU.Deploy.0 = Debug|Any CPU
		{AB94CDAF-21F9-4376-A849-673FAE9EC3B1}.Debug_v2_ProjLab|Any CPU.ActiveCfg = Debug|Any CPU
		{AB94CDAF-21F9-4376-A849-673FAE9EC3B1}.Debug_v2_ProjLab|Any CPU.Build.0 = Debug|Any CPU
		{AB94CDAF-21F9-4376-A849-673FAE9EC3B1}.Debug_v2_ProjLab|Any CPU.Deploy.0 = Debug|Any CPU
		{AB94CDAF-21F9-4376-A849-673FAE9EC3B1}.Debug|Any CPU.ActiveCfg = Debug|Any CPU
		{AB94CDAF-21F9-4376-A849-673FAE9EC3B1}.Debug|Any CPU.Build.0 = Debug|Any CPU
		{AB94CDAF-21F9-4376-A849-673FAE9EC3B1}.Debug|Any CPU.Deploy.0 = Debug|Any CPU
		{AB94CDAF-21F9-4376-A849-673FAE9EC3B1}.Release_v1_ProjLab|Any CPU.ActiveCfg = Release|Any CPU
		{AB94CDAF-21F9-4376-A849-673FAE9EC3B1}.Release_v1_ProjLab|Any CPU.Build.0 = Release|Any CPU
		{AB94CDAF-21F9-4376-A849-673FAE9EC3B1}.Release_v1_ProjLab|Any CPU.Deploy.0 = Release|Any CPU
		{AB94CDAF-21F9-4376-A849-673FAE9EC3B1}.Release_v2_ProjLab|Any CPU.ActiveCfg = Release|Any CPU
		{AB94CDAF-21F9-4376-A849-673FAE9EC3B1}.Release_v2_ProjLab|Any CPU.Build.0 = Release|Any CPU
		{AB94CDAF-21F9-4376-A849-673FAE9EC3B1}.Release_v2_ProjLab|Any CPU.Deploy.0 = Release|Any CPU
		{AB94CDAF-21F9-4376-A849-673FAE9EC3B1}.Release|Any CPU.ActiveCfg = Release|Any CPU
		{AB94CDAF-21F9-4376-A849-673FAE9EC3B1}.Release|Any CPU.Build.0 = Release|Any CPU
		{AB94CDAF-21F9-4376-A849-673FAE9EC3B1}.Release|Any CPU.Deploy.0 = Release|Any CPU
		{1C2CAD78-6134-4547-94F8-4E3DFCC9E49B}.Debug_v1_ProjLab|Any CPU.ActiveCfg = Debug|Any CPU
		{1C2CAD78-6134-4547-94F8-4E3DFCC9E49B}.Debug_v1_ProjLab|Any CPU.Build.0 = Debug|Any CPU
		{1C2CAD78-6134-4547-94F8-4E3DFCC9E49B}.Debug_v1_ProjLab|Any CPU.Deploy.0 = Debug|Any CPU
		{1C2CAD78-6134-4547-94F8-4E3DFCC9E49B}.Debug_v2_ProjLab|Any CPU.ActiveCfg = Debug|Any CPU
		{1C2CAD78-6134-4547-94F8-4E3DFCC9E49B}.Debug_v2_ProjLab|Any CPU.Build.0 = Debug|Any CPU
		{1C2CAD78-6134-4547-94F8-4E3DFCC9E49B}.Debug_v2_ProjLab|Any CPU.Deploy.0 = Debug|Any CPU
		{1C2CAD78-6134-4547-94F8-4E3DFCC9E49B}.Debug|Any CPU.ActiveCfg = Debug|Any CPU
		{1C2CAD78-6134-4547-94F8-4E3DFCC9E49B}.Debug|Any CPU.Build.0 = Debug|Any CPU
		{1C2CAD78-6134-4547-94F8-4E3DFCC9E49B}.Debug|Any CPU.Deploy.0 = Debug|Any CPU
		{1C2CAD78-6134-4547-94F8-4E3DFCC9E49B}.Release_v1_ProjLab|Any CPU.ActiveCfg = Release|Any CPU
		{1C2CAD78-6134-4547-94F8-4E3DFCC9E49B}.Release_v1_ProjLab|Any CPU.Build.0 = Release|Any CPU
		{1C2CAD78-6134-4547-94F8-4E3DFCC9E49B}.Release_v1_ProjLab|Any CPU.Deploy.0 = Release|Any CPU
		{1C2CAD78-6134-4547-94F8-4E3DFCC9E49B}.Release_v2_ProjLab|Any CPU.ActiveCfg = Release|Any CPU
		{1C2CAD78-6134-4547-94F8-4E3DFCC9E49B}.Release_v2_ProjLab|Any CPU.Build.0 = Release|Any CPU
		{1C2CAD78-6134-4547-94F8-4E3DFCC9E49B}.Release_v2_ProjLab|Any CPU.Deploy.0 = Release|Any CPU
		{1C2CAD78-6134-4547-94F8-4E3DFCC9E49B}.Release|Any CPU.ActiveCfg = Release|Any CPU
		{1C2CAD78-6134-4547-94F8-4E3DFCC9E49B}.Release|Any CPU.Build.0 = Release|Any CPU
		{1C2CAD78-6134-4547-94F8-4E3DFCC9E49B}.Release|Any CPU.Deploy.0 = Release|Any CPU
		{F904C877-2D35-48F4-B334-64962BA9BF1D}.Debug_v1_ProjLab|Any CPU.ActiveCfg = Debug|Any CPU
		{F904C877-2D35-48F4-B334-64962BA9BF1D}.Debug_v1_ProjLab|Any CPU.Build.0 = Debug|Any CPU
		{F904C877-2D35-48F4-B334-64962BA9BF1D}.Debug_v1_ProjLab|Any CPU.Deploy.0 = Debug|Any CPU
		{F904C877-2D35-48F4-B334-64962BA9BF1D}.Debug_v2_ProjLab|Any CPU.ActiveCfg = Debug|Any CPU
		{F904C877-2D35-48F4-B334-64962BA9BF1D}.Debug_v2_ProjLab|Any CPU.Build.0 = Debug|Any CPU
		{F904C877-2D35-48F4-B334-64962BA9BF1D}.Debug_v2_ProjLab|Any CPU.Deploy.0 = Debug|Any CPU
		{F904C877-2D35-48F4-B334-64962BA9BF1D}.Debug|Any CPU.ActiveCfg = Debug|Any CPU
		{F904C877-2D35-48F4-B334-64962BA9BF1D}.Debug|Any CPU.Build.0 = Debug|Any CPU
		{F904C877-2D35-48F4-B334-64962BA9BF1D}.Debug|Any CPU.Deploy.0 = Debug|Any CPU
		{F904C877-2D35-48F4-B334-64962BA9BF1D}.Release_v1_ProjLab|Any CPU.ActiveCfg = Release|Any CPU
		{F904C877-2D35-48F4-B334-64962BA9BF1D}.Release_v1_ProjLab|Any CPU.Build.0 = Release|Any CPU
		{F904C877-2D35-48F4-B334-64962BA9BF1D}.Release_v1_ProjLab|Any CPU.Deploy.0 = Release|Any CPU
		{F904C877-2D35-48F4-B334-64962BA9BF1D}.Release_v2_ProjLab|Any CPU.ActiveCfg = Release|Any CPU
		{F904C877-2D35-48F4-B334-64962BA9BF1D}.Release_v2_ProjLab|Any CPU.Build.0 = Release|Any CPU
		{F904C877-2D35-48F4-B334-64962BA9BF1D}.Release_v2_ProjLab|Any CPU.Deploy.0 = Release|Any CPU
		{F904C877-2D35-48F4-B334-64962BA9BF1D}.Release|Any CPU.ActiveCfg = Release|Any CPU
		{F904C877-2D35-48F4-B334-64962BA9BF1D}.Release|Any CPU.Build.0 = Release|Any CPU
		{F904C877-2D35-48F4-B334-64962BA9BF1D}.Release|Any CPU.Deploy.0 = Release|Any CPU
		{FC470C1D-375A-4E5F-A2BC-DC059A88F6C4}.Debug_v1_ProjLab|Any CPU.ActiveCfg = Debug|Any CPU
		{FC470C1D-375A-4E5F-A2BC-DC059A88F6C4}.Debug_v1_ProjLab|Any CPU.Build.0 = Debug|Any CPU
		{FC470C1D-375A-4E5F-A2BC-DC059A88F6C4}.Debug_v1_ProjLab|Any CPU.Deploy.0 = Debug|Any CPU
		{FC470C1D-375A-4E5F-A2BC-DC059A88F6C4}.Debug_v2_ProjLab|Any CPU.ActiveCfg = Debug|Any CPU
		{FC470C1D-375A-4E5F-A2BC-DC059A88F6C4}.Debug_v2_ProjLab|Any CPU.Build.0 = Debug|Any CPU
		{FC470C1D-375A-4E5F-A2BC-DC059A88F6C4}.Debug_v2_ProjLab|Any CPU.Deploy.0 = Debug|Any CPU
		{FC470C1D-375A-4E5F-A2BC-DC059A88F6C4}.Debug|Any CPU.ActiveCfg = Debug|Any CPU
		{FC470C1D-375A-4E5F-A2BC-DC059A88F6C4}.Debug|Any CPU.Build.0 = Debug|Any CPU
		{FC470C1D-375A-4E5F-A2BC-DC059A88F6C4}.Debug|Any CPU.Deploy.0 = Debug|Any CPU
		{FC470C1D-375A-4E5F-A2BC-DC059A88F6C4}.Release_v1_ProjLab|Any CPU.ActiveCfg = Release|Any CPU
		{FC470C1D-375A-4E5F-A2BC-DC059A88F6C4}.Release_v1_ProjLab|Any CPU.Build.0 = Release|Any CPU
		{FC470C1D-375A-4E5F-A2BC-DC059A88F6C4}.Release_v1_ProjLab|Any CPU.Deploy.0 = Release|Any CPU
		{FC470C1D-375A-4E5F-A2BC-DC059A88F6C4}.Release_v2_ProjLab|Any CPU.ActiveCfg = Release|Any CPU
		{FC470C1D-375A-4E5F-A2BC-DC059A88F6C4}.Release_v2_ProjLab|Any CPU.Build.0 = Release|Any CPU
		{FC470C1D-375A-4E5F-A2BC-DC059A88F6C4}.Release_v2_ProjLab|Any CPU.Deploy.0 = Release|Any CPU
		{FC470C1D-375A-4E5F-A2BC-DC059A88F6C4}.Release|Any CPU.ActiveCfg = Release|Any CPU
		{FC470C1D-375A-4E5F-A2BC-DC059A88F6C4}.Release|Any CPU.Build.0 = Release|Any CPU
		{FC470C1D-375A-4E5F-A2BC-DC059A88F6C4}.Release|Any CPU.Deploy.0 = Release|Any CPU
		{C5BD07B5-9311-4DE7-8AD5-D7B4419A70A2}.Debug_v1_ProjLab|Any CPU.ActiveCfg = Debug|Any CPU
		{C5BD07B5-9311-4DE7-8AD5-D7B4419A70A2}.Debug_v1_ProjLab|Any CPU.Build.0 = Debug|Any CPU
		{C5BD07B5-9311-4DE7-8AD5-D7B4419A70A2}.Debug_v1_ProjLab|Any CPU.Deploy.0 = Debug|Any CPU
		{C5BD07B5-9311-4DE7-8AD5-D7B4419A70A2}.Debug_v2_ProjLab|Any CPU.ActiveCfg = Debug|Any CPU
		{C5BD07B5-9311-4DE7-8AD5-D7B4419A70A2}.Debug_v2_ProjLab|Any CPU.Build.0 = Debug|Any CPU
		{C5BD07B5-9311-4DE7-8AD5-D7B4419A70A2}.Debug_v2_ProjLab|Any CPU.Deploy.0 = Debug|Any CPU
		{C5BD07B5-9311-4DE7-8AD5-D7B4419A70A2}.Debug|Any CPU.ActiveCfg = Debug|Any CPU
		{C5BD07B5-9311-4DE7-8AD5-D7B4419A70A2}.Debug|Any CPU.Build.0 = Debug|Any CPU
		{C5BD07B5-9311-4DE7-8AD5-D7B4419A70A2}.Debug|Any CPU.Deploy.0 = Debug|Any CPU
		{C5BD07B5-9311-4DE7-8AD5-D7B4419A70A2}.Release_v1_ProjLab|Any CPU.ActiveCfg = Release|Any CPU
		{C5BD07B5-9311-4DE7-8AD5-D7B4419A70A2}.Release_v1_ProjLab|Any CPU.Build.0 = Release|Any CPU
		{C5BD07B5-9311-4DE7-8AD5-D7B4419A70A2}.Release_v1_ProjLab|Any CPU.Deploy.0 = Release|Any CPU
		{C5BD07B5-9311-4DE7-8AD5-D7B4419A70A2}.Release_v2_ProjLab|Any CPU.ActiveCfg = Release|Any CPU
		{C5BD07B5-9311-4DE7-8AD5-D7B4419A70A2}.Release_v2_ProjLab|Any CPU.Build.0 = Release|Any CPU
		{C5BD07B5-9311-4DE7-8AD5-D7B4419A70A2}.Release_v2_ProjLab|Any CPU.Deploy.0 = Release|Any CPU
		{C5BD07B5-9311-4DE7-8AD5-D7B4419A70A2}.Release|Any CPU.ActiveCfg = Release|Any CPU
		{C5BD07B5-9311-4DE7-8AD5-D7B4419A70A2}.Release|Any CPU.Build.0 = Release|Any CPU
		{C5BD07B5-9311-4DE7-8AD5-D7B4419A70A2}.Release|Any CPU.Deploy.0 = Release|Any CPU
		{0F1C939E-1760-48C0-BDA1-A12AA5D56D91}.Debug_v1_ProjLab|Any CPU.ActiveCfg = Debug|Any CPU
		{0F1C939E-1760-48C0-BDA1-A12AA5D56D91}.Debug_v1_ProjLab|Any CPU.Build.0 = Debug|Any CPU
		{0F1C939E-1760-48C0-BDA1-A12AA5D56D91}.Debug_v2_ProjLab|Any CPU.ActiveCfg = Debug|Any CPU
		{0F1C939E-1760-48C0-BDA1-A12AA5D56D91}.Debug_v2_ProjLab|Any CPU.Build.0 = Debug|Any CPU
		{0F1C939E-1760-48C0-BDA1-A12AA5D56D91}.Debug|Any CPU.ActiveCfg = Debug|Any CPU
		{0F1C939E-1760-48C0-BDA1-A12AA5D56D91}.Debug|Any CPU.Build.0 = Debug|Any CPU
		{0F1C939E-1760-48C0-BDA1-A12AA5D56D91}.Release_v1_ProjLab|Any CPU.ActiveCfg = Release|Any CPU
		{0F1C939E-1760-48C0-BDA1-A12AA5D56D91}.Release_v1_ProjLab|Any CPU.Build.0 = Release|Any CPU
		{0F1C939E-1760-48C0-BDA1-A12AA5D56D91}.Release_v2_ProjLab|Any CPU.ActiveCfg = Release|Any CPU
		{0F1C939E-1760-48C0-BDA1-A12AA5D56D91}.Release_v2_ProjLab|Any CPU.Build.0 = Release|Any CPU
		{0F1C939E-1760-48C0-BDA1-A12AA5D56D91}.Release|Any CPU.ActiveCfg = Release|Any CPU
		{0F1C939E-1760-48C0-BDA1-A12AA5D56D91}.Release|Any CPU.Build.0 = Release|Any CPU
		{550DED1F-0F1B-4A17-91BC-C5B3F938F178}.Debug_v1_ProjLab|Any CPU.ActiveCfg = Debug|Any CPU
		{550DED1F-0F1B-4A17-91BC-C5B3F938F178}.Debug_v1_ProjLab|Any CPU.Build.0 = Debug|Any CPU
		{550DED1F-0F1B-4A17-91BC-C5B3F938F178}.Debug_v1_ProjLab|Any CPU.Deploy.0 = Debug|Any CPU
		{550DED1F-0F1B-4A17-91BC-C5B3F938F178}.Debug_v2_ProjLab|Any CPU.ActiveCfg = Debug|Any CPU
		{550DED1F-0F1B-4A17-91BC-C5B3F938F178}.Debug_v2_ProjLab|Any CPU.Build.0 = Debug|Any CPU
		{550DED1F-0F1B-4A17-91BC-C5B3F938F178}.Debug_v2_ProjLab|Any CPU.Deploy.0 = Debug|Any CPU
		{550DED1F-0F1B-4A17-91BC-C5B3F938F178}.Debug|Any CPU.ActiveCfg = Debug|Any CPU
		{550DED1F-0F1B-4A17-91BC-C5B3F938F178}.Debug|Any CPU.Build.0 = Debug|Any CPU
		{550DED1F-0F1B-4A17-91BC-C5B3F938F178}.Debug|Any CPU.Deploy.0 = Debug|Any CPU
		{550DED1F-0F1B-4A17-91BC-C5B3F938F178}.Release_v1_ProjLab|Any CPU.ActiveCfg = Release|Any CPU
		{550DED1F-0F1B-4A17-91BC-C5B3F938F178}.Release_v1_ProjLab|Any CPU.Build.0 = Release|Any CPU
		{550DED1F-0F1B-4A17-91BC-C5B3F938F178}.Release_v1_ProjLab|Any CPU.Deploy.0 = Release|Any CPU
		{550DED1F-0F1B-4A17-91BC-C5B3F938F178}.Release_v2_ProjLab|Any CPU.ActiveCfg = Release|Any CPU
		{550DED1F-0F1B-4A17-91BC-C5B3F938F178}.Release_v2_ProjLab|Any CPU.Build.0 = Release|Any CPU
		{550DED1F-0F1B-4A17-91BC-C5B3F938F178}.Release_v2_ProjLab|Any CPU.Deploy.0 = Release|Any CPU
		{550DED1F-0F1B-4A17-91BC-C5B3F938F178}.Release|Any CPU.ActiveCfg = Release|Any CPU
		{550DED1F-0F1B-4A17-91BC-C5B3F938F178}.Release|Any CPU.Build.0 = Release|Any CPU
		{550DED1F-0F1B-4A17-91BC-C5B3F938F178}.Release|Any CPU.Deploy.0 = Release|Any CPU
		{CF8B0BDB-7008-42A5-801F-01B69B85DC8F}.Debug_v1_ProjLab|Any CPU.ActiveCfg = Debug|Any CPU
		{CF8B0BDB-7008-42A5-801F-01B69B85DC8F}.Debug_v1_ProjLab|Any CPU.Build.0 = Debug|Any CPU
		{CF8B0BDB-7008-42A5-801F-01B69B85DC8F}.Debug_v1_ProjLab|Any CPU.Deploy.0 = Debug|Any CPU
		{CF8B0BDB-7008-42A5-801F-01B69B85DC8F}.Debug_v2_ProjLab|Any CPU.ActiveCfg = Debug|Any CPU
		{CF8B0BDB-7008-42A5-801F-01B69B85DC8F}.Debug_v2_ProjLab|Any CPU.Build.0 = Debug|Any CPU
		{CF8B0BDB-7008-42A5-801F-01B69B85DC8F}.Debug_v2_ProjLab|Any CPU.Deploy.0 = Debug|Any CPU
		{CF8B0BDB-7008-42A5-801F-01B69B85DC8F}.Debug|Any CPU.ActiveCfg = Debug|Any CPU
		{CF8B0BDB-7008-42A5-801F-01B69B85DC8F}.Debug|Any CPU.Build.0 = Debug|Any CPU
		{CF8B0BDB-7008-42A5-801F-01B69B85DC8F}.Debug|Any CPU.Deploy.0 = Debug|Any CPU
		{CF8B0BDB-7008-42A5-801F-01B69B85DC8F}.Release_v1_ProjLab|Any CPU.ActiveCfg = Release|Any CPU
		{CF8B0BDB-7008-42A5-801F-01B69B85DC8F}.Release_v1_ProjLab|Any CPU.Build.0 = Release|Any CPU
		{CF8B0BDB-7008-42A5-801F-01B69B85DC8F}.Release_v1_ProjLab|Any CPU.Deploy.0 = Release|Any CPU
		{CF8B0BDB-7008-42A5-801F-01B69B85DC8F}.Release_v2_ProjLab|Any CPU.ActiveCfg = Release|Any CPU
		{CF8B0BDB-7008-42A5-801F-01B69B85DC8F}.Release_v2_ProjLab|Any CPU.Build.0 = Release|Any CPU
		{CF8B0BDB-7008-42A5-801F-01B69B85DC8F}.Release_v2_ProjLab|Any CPU.Deploy.0 = Release|Any CPU
		{CF8B0BDB-7008-42A5-801F-01B69B85DC8F}.Release|Any CPU.ActiveCfg = Release|Any CPU
		{CF8B0BDB-7008-42A5-801F-01B69B85DC8F}.Release|Any CPU.Build.0 = Release|Any CPU
		{CF8B0BDB-7008-42A5-801F-01B69B85DC8F}.Release|Any CPU.Deploy.0 = Release|Any CPU
		{EA5D6059-3600-40A8-AFF3-150ED241D738}.Debug_v1_ProjLab|Any CPU.ActiveCfg = Debug|Any CPU
		{EA5D6059-3600-40A8-AFF3-150ED241D738}.Debug_v1_ProjLab|Any CPU.Build.0 = Debug|Any CPU
		{EA5D6059-3600-40A8-AFF3-150ED241D738}.Debug_v1_ProjLab|Any CPU.Deploy.0 = Debug|Any CPU
		{EA5D6059-3600-40A8-AFF3-150ED241D738}.Debug_v2_ProjLab|Any CPU.ActiveCfg = Debug|Any CPU
		{EA5D6059-3600-40A8-AFF3-150ED241D738}.Debug_v2_ProjLab|Any CPU.Build.0 = Debug|Any CPU
		{EA5D6059-3600-40A8-AFF3-150ED241D738}.Debug_v2_ProjLab|Any CPU.Deploy.0 = Debug|Any CPU
		{EA5D6059-3600-40A8-AFF3-150ED241D738}.Debug|Any CPU.ActiveCfg = Debug|Any CPU
		{EA5D6059-3600-40A8-AFF3-150ED241D738}.Debug|Any CPU.Build.0 = Debug|Any CPU
		{EA5D6059-3600-40A8-AFF3-150ED241D738}.Debug|Any CPU.Deploy.0 = Debug|Any CPU
		{EA5D6059-3600-40A8-AFF3-150ED241D738}.Release_v1_ProjLab|Any CPU.ActiveCfg = Release|Any CPU
		{EA5D6059-3600-40A8-AFF3-150ED241D738}.Release_v1_ProjLab|Any CPU.Build.0 = Release|Any CPU
		{EA5D6059-3600-40A8-AFF3-150ED241D738}.Release_v1_ProjLab|Any CPU.Deploy.0 = Release|Any CPU
		{EA5D6059-3600-40A8-AFF3-150ED241D738}.Release_v2_ProjLab|Any CPU.ActiveCfg = Release|Any CPU
		{EA5D6059-3600-40A8-AFF3-150ED241D738}.Release_v2_ProjLab|Any CPU.Build.0 = Release|Any CPU
		{EA5D6059-3600-40A8-AFF3-150ED241D738}.Release_v2_ProjLab|Any CPU.Deploy.0 = Release|Any CPU
		{EA5D6059-3600-40A8-AFF3-150ED241D738}.Release|Any CPU.ActiveCfg = Release|Any CPU
		{EA5D6059-3600-40A8-AFF3-150ED241D738}.Release|Any CPU.Build.0 = Release|Any CPU
		{EA5D6059-3600-40A8-AFF3-150ED241D738}.Release|Any CPU.Deploy.0 = Release|Any CPU
		{2BEF3253-8063-4522-8517-8F72DC9399F9}.Debug_v1_ProjLab|Any CPU.ActiveCfg = Debug|Any CPU
		{2BEF3253-8063-4522-8517-8F72DC9399F9}.Debug_v1_ProjLab|Any CPU.Build.0 = Debug|Any CPU
		{2BEF3253-8063-4522-8517-8F72DC9399F9}.Debug_v1_ProjLab|Any CPU.Deploy.0 = Debug|Any CPU
		{2BEF3253-8063-4522-8517-8F72DC9399F9}.Debug_v2_ProjLab|Any CPU.ActiveCfg = Debug|Any CPU
		{2BEF3253-8063-4522-8517-8F72DC9399F9}.Debug_v2_ProjLab|Any CPU.Build.0 = Debug|Any CPU
		{2BEF3253-8063-4522-8517-8F72DC9399F9}.Debug_v2_ProjLab|Any CPU.Deploy.0 = Debug|Any CPU
		{2BEF3253-8063-4522-8517-8F72DC9399F9}.Debug|Any CPU.ActiveCfg = Debug|Any CPU
		{2BEF3253-8063-4522-8517-8F72DC9399F9}.Debug|Any CPU.Build.0 = Debug|Any CPU
		{2BEF3253-8063-4522-8517-8F72DC9399F9}.Debug|Any CPU.Deploy.0 = Debug|Any CPU
		{2BEF3253-8063-4522-8517-8F72DC9399F9}.Release_v1_ProjLab|Any CPU.ActiveCfg = Release|Any CPU
		{2BEF3253-8063-4522-8517-8F72DC9399F9}.Release_v1_ProjLab|Any CPU.Build.0 = Release|Any CPU
		{2BEF3253-8063-4522-8517-8F72DC9399F9}.Release_v1_ProjLab|Any CPU.Deploy.0 = Release|Any CPU
		{2BEF3253-8063-4522-8517-8F72DC9399F9}.Release_v2_ProjLab|Any CPU.ActiveCfg = Release|Any CPU
		{2BEF3253-8063-4522-8517-8F72DC9399F9}.Release_v2_ProjLab|Any CPU.Build.0 = Release|Any CPU
		{2BEF3253-8063-4522-8517-8F72DC9399F9}.Release_v2_ProjLab|Any CPU.Deploy.0 = Release|Any CPU
		{2BEF3253-8063-4522-8517-8F72DC9399F9}.Release|Any CPU.ActiveCfg = Release|Any CPU
		{2BEF3253-8063-4522-8517-8F72DC9399F9}.Release|Any CPU.Build.0 = Release|Any CPU
		{2BEF3253-8063-4522-8517-8F72DC9399F9}.Release|Any CPU.Deploy.0 = Release|Any CPU
	EndGlobalSection
	GlobalSection(SolutionProperties) = preSolution
		HideSolutionNode = FALSE
	EndGlobalSection
	GlobalSection(NestedProjects) = preSolution
		{269F1BAF-88BE-475B-86CC-2E5F8FEFA1A3} = {6642BF7F-62F8-4A92-B9A2-77BAC814335C}
		{2836DA94-EC53-42B1-A21B-7019AAB2CAAE} = {05C3B42F-C4F1-4B15-B40A-37A499A491C3}
		{AE06F7ED-D4B7-4766-8F9C-8D7BFD100EF8} = {05C3B42F-C4F1-4B15-B40A-37A499A491C3}
		{837BE6A7-0AAC-41F4-B1BE-2C053D33C644} = {6642BF7F-62F8-4A92-B9A2-77BAC814335C}
		{265D85E7-DB79-4A22-B319-35FC4EF50BA2} = {6642BF7F-62F8-4A92-B9A2-77BAC814335C}
		{9A160CC0-86B9-47E4-A4FA-3380D592C2F5} = {6642BF7F-62F8-4A92-B9A2-77BAC814335C}
		{BCCB023F-2F8C-46A3-945A-C876310F8267} = {6642BF7F-62F8-4A92-B9A2-77BAC814335C}
		{0A3ADC9F-A3A0-4D15-B84A-FAD136813C7E} = {6642BF7F-62F8-4A92-B9A2-77BAC814335C}
		{AB94CDAF-21F9-4376-A849-673FAE9EC3B1} = {6642BF7F-62F8-4A92-B9A2-77BAC814335C}
		{1C2CAD78-6134-4547-94F8-4E3DFCC9E49B} = {6642BF7F-62F8-4A92-B9A2-77BAC814335C}
		{F904C877-2D35-48F4-B334-64962BA9BF1D} = {6642BF7F-62F8-4A92-B9A2-77BAC814335C}
		{FC470C1D-375A-4E5F-A2BC-DC059A88F6C4} = {6642BF7F-62F8-4A92-B9A2-77BAC814335C}
		{C5BD07B5-9311-4DE7-8AD5-D7B4419A70A2} = {6642BF7F-62F8-4A92-B9A2-77BAC814335C}
		{0F1C939E-1760-48C0-BDA1-A12AA5D56D91} = {6642BF7F-62F8-4A92-B9A2-77BAC814335C}
		{550DED1F-0F1B-4A17-91BC-C5B3F938F178} = {6642BF7F-62F8-4A92-B9A2-77BAC814335C}
		{CF8B0BDB-7008-42A5-801F-01B69B85DC8F} = {6642BF7F-62F8-4A92-B9A2-77BAC814335C}
		{EA5D6059-3600-40A8-AFF3-150ED241D738} = {6642BF7F-62F8-4A92-B9A2-77BAC814335C}
		{2BEF3253-8063-4522-8517-8F72DC9399F9} = {6642BF7F-62F8-4A92-B9A2-77BAC814335C}
	EndGlobalSection
	GlobalSection(ExtensibilityGlobals) = postSolution
		SolutionGuid = {0AD554B2-93F3-4B0A-9725-304A66FB780A}
	EndGlobalSection
EndGlobal
