
Microsoft Visual Studio Solution File, Format Version 12.00
# Visual Studio Version 17
VisualStudioVersion = 17.7.34003.232
MinimumVisualStudioVersion = 10.0.40219.1
Project("{9A19103F-16F7-4668-BE54-9A1E7A4F7556}") = "RgbLedUpdateSample", "RgbLedUpdateSample\RgbLedUpdateSample.csproj", "{92AC43E5-8E65-42DF-A23B-A6F6CF58BA29}"
EndProject
Project("{9A19103F-16F7-4668-BE54-9A1E7A4F7556}") = "CloudLogging", "CloudLogging\CloudLogging.csproj", "{803EDBD9-8D42-4156-B4B3-7226BD392F80}"
EndProject
Project("{9A19103F-16F7-4668-BE54-9A1E7A4F7556}") = "HealthMetricsMonitoring", "HealthMetricsMonitoring\HealthMetricsMonitoring.csproj", "{CE0C5E75-D3B4-4407-A682-A55162395207}"
EndProject
Project("{9A19103F-16F7-4668-BE54-9A1E7A4F7556}") = "Meadow.Cloud_Client", "Meadow.Cloud_Client\Meadow.Cloud_Client.csproj", "{DA45A766-2A02-4F06-9EB7-E7D879161D0F}"
EndProject
Project("{9A19103F-16F7-4668-BE54-9A1E7A4F7556}") = "Meadow.Cloud_Command", "Meadow.Cloud_Command\Meadow.Cloud_Command.csproj", "{1D1D3200-353D-4E58-A4A7-9B0644C1AF20}"
EndProject
Project("{9A19103F-16F7-4668-BE54-9A1E7A4F7556}") = "Meadow.Cloud_Logging", "Meadow.Cloud_Logging\Meadow.Cloud_Logging.csproj", "{EB4D7DBF-D4C3-4D18-8892-CD226C8B2558}"
EndProject
Project("{9A19103F-16F7-4668-BE54-9A1E7A4F7556}") = "Meadow.Cloud_OTA", "Meadow.Cloud_OTA\Meadow.Cloud_OTA.csproj", "{F5F16035-4974-4620-ABF6-7AF002AEF932}"
EndProject
Project("{2150E333-8FDC-42A3-9474-1A3956D46DE8}") = "_External", "_External", "{616BD094-9357-49EE-AAFA-B5D82EEF769B}"
EndProject
Project("{9A19103F-16F7-4668-BE54-9A1E7A4F7556}") = "Meadow.Units", "..\..\..\..\Meadow.Units\Source\Meadow.Units\Meadow.Units.csproj", "{558C356D-13B8-443C-80C0-06D82F4814AE}"
EndProject
Project("{9A19103F-16F7-4668-BE54-9A1E7A4F7556}") = "Meadow.Logging", "..\..\..\..\Meadow.Logging\Source\Meadow.Logging\lib\Meadow.Logging.csproj", "{F420E27E-49C3-42AA-BBD2-84353998CB7C}"
EndProject
Project("{9A19103F-16F7-4668-BE54-9A1E7A4F7556}") = "Meadow.Contracts", "..\..\..\..\Meadow.Contracts\Source\Meadow.Contracts\Meadow.Contracts.csproj", "{E558E0E5-BBB1-4EE2-90BF-A431B4C676E3}"
EndProject
Project("{9A19103F-16F7-4668-BE54-9A1E7A4F7556}") = "Meadow.Core", "..\..\..\..\Meadow.Core\source\Meadow.Core\Meadow.Core.csproj", "{76CE2BA3-69E1-4082-8BE9-02802EA56FEE}"
EndProject
Project("{9A19103F-16F7-4668-BE54-9A1E7A4F7556}") = "Meadow.F7", "..\..\..\..\Meadow.Core\source\implementations\f7\Meadow.F7\Meadow.F7.csproj", "{FC664E0C-FA45-4CBA-B72A-CBDE04AA0468}"
EndProject
Project("{9A19103F-16F7-4668-BE54-9A1E7A4F7556}") = "MQTTnet", "..\..\..\..\MQTTnet\Source\MQTTnet\MQTTnet.csproj", "{D9ECD7FE-7868-4D21-955B-68322B0F25A4}"
EndProject
Project("{9A19103F-16F7-4668-BE54-9A1E7A4F7556}") = "Meadow.Modbus", "..\..\..\..\Meadow.Modbus\src\Meadow.Modbus\Meadow.Modbus.csproj", "{345F994F-56E7-49D6-A491-2BFD265D676B}"
EndProject
Project("{9A19103F-16F7-4668-BE54-9A1E7A4F7556}") = "Meadow.Foundation.Core", "..\..\..\..\Meadow.Foundation\Source\Meadow.Foundation.Core\Meadow.Foundation.Core.csproj", "{01EE93F5-E8D7-4D3C-B54D-0D82F1E576B0}"
EndProject
Project("{9A19103F-16F7-4668-BE54-9A1E7A4F7556}") = "Meadow.Logging.LogProviders", "..\..\..\..\Meadow.Logging\Source\Meadow.Logging.LogProviders\Driver\Meadow.Logging.LogProviders.csproj", "{ECB3A21F-C263-41A6-999A-6064EAEDE194}"
EndProject
Project("{9A19103F-16F7-4668-BE54-9A1E7A4F7556}") = "Graphics.MicroLayout", "..\..\..\..\Meadow.Foundation\Source\Meadow.Foundation.Libraries_and_Frameworks\Graphics.MicroLayout\Driver\Graphics.MicroLayout.csproj", "{F735AB37-2B60-4EFB-85BB-D6CD47388973}"
EndProject
Project("{9A19103F-16F7-4668-BE54-9A1E7A4F7556}") = "Graphics.MicroGraphics", "..\..\..\..\Meadow.Foundation\Source\Meadow.Foundation.Libraries_and_Frameworks\Graphics.MicroGraphics\Driver\Graphics.MicroGraphics.csproj", "{79C04A0C-C94D-4475-9C70-9F53EC7E879E}"
EndProject
Project("{9A19103F-16F7-4668-BE54-9A1E7A4F7556}") = "Displays.TftSpi", "..\..\..\..\Meadow.Foundation\Source\Meadow.Foundation.Peripherals\Displays.TftSpi\Driver\Displays.TftSpi.csproj", "{87F47E76-1FA4-48FB-97EB-AE8FDC8CBA79}"
EndProject
Project("{9A19103F-16F7-4668-BE54-9A1E7A4F7556}") = "Meadow.ProjectLab", "..\..\..\..\Meadow.ProjectLab\Source\Meadow.ProjectLab\Meadow.ProjectLab.csproj", "{9602D759-C784-49CF-B8BE-062CD8123257}"
EndProject
Project("{9A19103F-16F7-4668-BE54-9A1E7A4F7556}") = "ICs.IOExpanders.Mcp23xxx", "..\..\..\..\Meadow.Foundation\Source\Meadow.Foundation.Peripherals\ICs.IOExpanders.Mcp23xxx\Driver\ICs.IOExpanders.Mcp23xxx.csproj", "{8C97BFA6-348D-4FE8-9B11-6984BFF455B4}"
EndProject
Project("{9A19103F-16F7-4668-BE54-9A1E7A4F7556}") = "Sensors.Motion.Bmi270", "..\..\..\..\Meadow.Foundation\Source\Meadow.Foundation.Peripherals\Sensors.Motion.Bmi270\Driver\Sensors.Motion.Bmi270.csproj", "{87D70C79-29F8-4B78-9A9E-745836914C73}"
EndProject
Project("{9A19103F-16F7-4668-BE54-9A1E7A4F7556}") = "Sensors.Atmospheric.Bme68x", "..\..\..\..\Meadow.Foundation\Source\Meadow.Foundation.Peripherals\Sensors.Atmospheric.Bme68x\Driver\Sensors.Atmospheric.Bme68x.csproj", "{C0C5CCC0-A877-4A2B-881C-588070DF10C8}"
EndProject
Project("{9A19103F-16F7-4668-BE54-9A1E7A4F7556}") = "Sensors.Hid.Xpt2046", "..\..\..\..\Meadow.Foundation\Source\Meadow.Foundation.Peripherals\Sensors.Hid.Xpt2046\Driver\Sensors.Hid.Xpt2046.csproj", "{209FA198-DDE9-4927-B1D5-76E33CD47EC3}"
EndProject
Project("{9A19103F-16F7-4668-BE54-9A1E7A4F7556}") = "Sensors.Light.Bh1750", "..\..\..\..\Meadow.Foundation\Source\Meadow.Foundation.Peripherals\Sensors.Light.Bh1750\Driver\Sensors.Light.Bh1750.csproj", "{BBAC5607-770A-4D08-B83F-70E7437C2CEC}"
EndProject
Project("{9A19103F-16F7-4668-BE54-9A1E7A4F7556}") = "ICs.IOExpanders.Sc16is7x2", "..\..\..\..\Meadow.Foundation\Source\Meadow.Foundation.Peripherals\ICs.IOExpanders.Sc16is7x2\Driver\ICs.IOExpanders.Sc16is7x2.csproj", "{4A46B39C-4720-4377-BDAD-2C390CBF4E35}"
EndProject
Project("{9A19103F-16F7-4668-BE54-9A1E7A4F7556}") = "4-ChannelSpdtRelay", "..\..\..\..\Meadow.Foundation.Grove\Source\4-ChannelSpdtRelay\Driver\4-ChannelSpdtRelay.csproj", "{9A8056C1-B3A1-4FD2-89B8-EE503C89BD61}"
EndProject
Global
	GlobalSection(SolutionConfigurationPlatforms) = preSolution
		Debug|Any CPU = Debug|Any CPU
		Release|Any CPU = Release|Any CPU
	EndGlobalSection
	GlobalSection(ProjectConfigurationPlatforms) = postSolution
		{92AC43E5-8E65-42DF-A23B-A6F6CF58BA29}.Debug|Any CPU.ActiveCfg = Debug|Any CPU
		{92AC43E5-8E65-42DF-A23B-A6F6CF58BA29}.Debug|Any CPU.Build.0 = Debug|Any CPU
		{92AC43E5-8E65-42DF-A23B-A6F6CF58BA29}.Debug|Any CPU.Deploy.0 = Debug|Any CPU
		{92AC43E5-8E65-42DF-A23B-A6F6CF58BA29}.Release|Any CPU.ActiveCfg = Release|Any CPU
		{92AC43E5-8E65-42DF-A23B-A6F6CF58BA29}.Release|Any CPU.Build.0 = Release|Any CPU
		{92AC43E5-8E65-42DF-A23B-A6F6CF58BA29}.Release|Any CPU.Deploy.0 = Release|Any CPU
		{803EDBD9-8D42-4156-B4B3-7226BD392F80}.Debug|Any CPU.ActiveCfg = Debug|Any CPU
		{803EDBD9-8D42-4156-B4B3-7226BD392F80}.Debug|Any CPU.Build.0 = Debug|Any CPU
		{803EDBD9-8D42-4156-B4B3-7226BD392F80}.Debug|Any CPU.Deploy.0 = Debug|Any CPU
		{803EDBD9-8D42-4156-B4B3-7226BD392F80}.Release|Any CPU.ActiveCfg = Release|Any CPU
		{803EDBD9-8D42-4156-B4B3-7226BD392F80}.Release|Any CPU.Build.0 = Release|Any CPU
		{803EDBD9-8D42-4156-B4B3-7226BD392F80}.Release|Any CPU.Deploy.0 = Release|Any CPU
		{CE0C5E75-D3B4-4407-A682-A55162395207}.Debug|Any CPU.ActiveCfg = Debug|Any CPU
		{CE0C5E75-D3B4-4407-A682-A55162395207}.Debug|Any CPU.Build.0 = Debug|Any CPU
		{CE0C5E75-D3B4-4407-A682-A55162395207}.Debug|Any CPU.Deploy.0 = Debug|Any CPU
		{CE0C5E75-D3B4-4407-A682-A55162395207}.Release|Any CPU.ActiveCfg = Release|Any CPU
		{CE0C5E75-D3B4-4407-A682-A55162395207}.Release|Any CPU.Build.0 = Release|Any CPU
		{CE0C5E75-D3B4-4407-A682-A55162395207}.Release|Any CPU.Deploy.0 = Release|Any CPU
		{DA45A766-2A02-4F06-9EB7-E7D879161D0F}.Debug|Any CPU.ActiveCfg = Debug|Any CPU
		{DA45A766-2A02-4F06-9EB7-E7D879161D0F}.Debug|Any CPU.Build.0 = Debug|Any CPU
		{DA45A766-2A02-4F06-9EB7-E7D879161D0F}.Debug|Any CPU.Deploy.0 = Debug|Any CPU
		{DA45A766-2A02-4F06-9EB7-E7D879161D0F}.Release|Any CPU.ActiveCfg = Release|Any CPU
		{DA45A766-2A02-4F06-9EB7-E7D879161D0F}.Release|Any CPU.Build.0 = Release|Any CPU
		{DA45A766-2A02-4F06-9EB7-E7D879161D0F}.Release|Any CPU.Deploy.0 = Release|Any CPU
		{1D1D3200-353D-4E58-A4A7-9B0644C1AF20}.Debug|Any CPU.ActiveCfg = Debug|Any CPU
		{1D1D3200-353D-4E58-A4A7-9B0644C1AF20}.Debug|Any CPU.Build.0 = Debug|Any CPU
		{1D1D3200-353D-4E58-A4A7-9B0644C1AF20}.Debug|Any CPU.Deploy.0 = Debug|Any CPU
		{1D1D3200-353D-4E58-A4A7-9B0644C1AF20}.Release|Any CPU.ActiveCfg = Release|Any CPU
		{1D1D3200-353D-4E58-A4A7-9B0644C1AF20}.Release|Any CPU.Build.0 = Release|Any CPU
		{1D1D3200-353D-4E58-A4A7-9B0644C1AF20}.Release|Any CPU.Deploy.0 = Release|Any CPU
		{EB4D7DBF-D4C3-4D18-8892-CD226C8B2558}.Debug|Any CPU.ActiveCfg = Debug|Any CPU
		{EB4D7DBF-D4C3-4D18-8892-CD226C8B2558}.Debug|Any CPU.Build.0 = Debug|Any CPU
		{EB4D7DBF-D4C3-4D18-8892-CD226C8B2558}.Debug|Any CPU.Deploy.0 = Debug|Any CPU
		{EB4D7DBF-D4C3-4D18-8892-CD226C8B2558}.Release|Any CPU.ActiveCfg = Release|Any CPU
		{EB4D7DBF-D4C3-4D18-8892-CD226C8B2558}.Release|Any CPU.Build.0 = Release|Any CPU
		{EB4D7DBF-D4C3-4D18-8892-CD226C8B2558}.Release|Any CPU.Deploy.0 = Release|Any CPU
		{F5F16035-4974-4620-ABF6-7AF002AEF932}.Debug|Any CPU.ActiveCfg = Debug|Any CPU
		{F5F16035-4974-4620-ABF6-7AF002AEF932}.Debug|Any CPU.Build.0 = Debug|Any CPU
		{F5F16035-4974-4620-ABF6-7AF002AEF932}.Debug|Any CPU.Deploy.0 = Debug|Any CPU
		{F5F16035-4974-4620-ABF6-7AF002AEF932}.Release|Any CPU.ActiveCfg = Release|Any CPU
		{F5F16035-4974-4620-ABF6-7AF002AEF932}.Release|Any CPU.Build.0 = Release|Any CPU
		{F5F16035-4974-4620-ABF6-7AF002AEF932}.Release|Any CPU.Deploy.0 = Release|Any CPU
		{558C356D-13B8-443C-80C0-06D82F4814AE}.Debug|Any CPU.ActiveCfg = Debug|Any CPU
		{558C356D-13B8-443C-80C0-06D82F4814AE}.Debug|Any CPU.Build.0 = Debug|Any CPU
		{558C356D-13B8-443C-80C0-06D82F4814AE}.Debug|Any CPU.Deploy.0 = Debug|Any CPU
		{558C356D-13B8-443C-80C0-06D82F4814AE}.Release|Any CPU.ActiveCfg = Release|Any CPU
		{558C356D-13B8-443C-80C0-06D82F4814AE}.Release|Any CPU.Build.0 = Release|Any CPU
		{558C356D-13B8-443C-80C0-06D82F4814AE}.Release|Any CPU.Deploy.0 = Release|Any CPU
		{F420E27E-49C3-42AA-BBD2-84353998CB7C}.Debug|Any CPU.ActiveCfg = Debug|Any CPU
		{F420E27E-49C3-42AA-BBD2-84353998CB7C}.Debug|Any CPU.Build.0 = Debug|Any CPU
		{F420E27E-49C3-42AA-BBD2-84353998CB7C}.Release|Any CPU.ActiveCfg = Release|Any CPU
		{F420E27E-49C3-42AA-BBD2-84353998CB7C}.Release|Any CPU.Build.0 = Release|Any CPU
		{E558E0E5-BBB1-4EE2-90BF-A431B4C676E3}.Debug|Any CPU.ActiveCfg = Debug|Any CPU
		{E558E0E5-BBB1-4EE2-90BF-A431B4C676E3}.Debug|Any CPU.Build.0 = Debug|Any CPU
		{E558E0E5-BBB1-4EE2-90BF-A431B4C676E3}.Debug|Any CPU.Deploy.0 = Debug|Any CPU
		{E558E0E5-BBB1-4EE2-90BF-A431B4C676E3}.Release|Any CPU.ActiveCfg = Release|Any CPU
		{E558E0E5-BBB1-4EE2-90BF-A431B4C676E3}.Release|Any CPU.Build.0 = Release|Any CPU
		{E558E0E5-BBB1-4EE2-90BF-A431B4C676E3}.Release|Any CPU.Deploy.0 = Release|Any CPU
		{76CE2BA3-69E1-4082-8BE9-02802EA56FEE}.Debug|Any CPU.ActiveCfg = Debug|Any CPU
		{76CE2BA3-69E1-4082-8BE9-02802EA56FEE}.Debug|Any CPU.Build.0 = Debug|Any CPU
		{76CE2BA3-69E1-4082-8BE9-02802EA56FEE}.Debug|Any CPU.Deploy.0 = Debug|Any CPU
		{76CE2BA3-69E1-4082-8BE9-02802EA56FEE}.Release|Any CPU.ActiveCfg = Release|Any CPU
		{76CE2BA3-69E1-4082-8BE9-02802EA56FEE}.Release|Any CPU.Build.0 = Release|Any CPU
		{76CE2BA3-69E1-4082-8BE9-02802EA56FEE}.Release|Any CPU.Deploy.0 = Release|Any CPU
		{FC664E0C-FA45-4CBA-B72A-CBDE04AA0468}.Debug|Any CPU.ActiveCfg = Debug|Any CPU
		{FC664E0C-FA45-4CBA-B72A-CBDE04AA0468}.Debug|Any CPU.Build.0 = Debug|Any CPU
		{FC664E0C-FA45-4CBA-B72A-CBDE04AA0468}.Debug|Any CPU.Deploy.0 = Debug|Any CPU
		{FC664E0C-FA45-4CBA-B72A-CBDE04AA0468}.Release|Any CPU.ActiveCfg = Release|Any CPU
		{FC664E0C-FA45-4CBA-B72A-CBDE04AA0468}.Release|Any CPU.Build.0 = Release|Any CPU
		{FC664E0C-FA45-4CBA-B72A-CBDE04AA0468}.Release|Any CPU.Deploy.0 = Release|Any CPU
		{D9ECD7FE-7868-4D21-955B-68322B0F25A4}.Debug|Any CPU.ActiveCfg = Debug|Any CPU
		{D9ECD7FE-7868-4D21-955B-68322B0F25A4}.Debug|Any CPU.Build.0 = Debug|Any CPU
		{D9ECD7FE-7868-4D21-955B-68322B0F25A4}.Release|Any CPU.ActiveCfg = Release|Any CPU
		{D9ECD7FE-7868-4D21-955B-68322B0F25A4}.Release|Any CPU.Build.0 = Release|Any CPU
		{345F994F-56E7-49D6-A491-2BFD265D676B}.Debug|Any CPU.ActiveCfg = Debug|Any CPU
		{345F994F-56E7-49D6-A491-2BFD265D676B}.Debug|Any CPU.Build.0 = Debug|Any CPU
		{345F994F-56E7-49D6-A491-2BFD265D676B}.Release|Any CPU.ActiveCfg = Release|Any CPU
		{345F994F-56E7-49D6-A491-2BFD265D676B}.Release|Any CPU.Build.0 = Release|Any CPU
		{01EE93F5-E8D7-4D3C-B54D-0D82F1E576B0}.Debug|Any CPU.ActiveCfg = Debug|Any CPU
		{01EE93F5-E8D7-4D3C-B54D-0D82F1E576B0}.Debug|Any CPU.Build.0 = Debug|Any CPU
		{01EE93F5-E8D7-4D3C-B54D-0D82F1E576B0}.Debug|Any CPU.Deploy.0 = Debug|Any CPU
		{01EE93F5-E8D7-4D3C-B54D-0D82F1E576B0}.Release|Any CPU.ActiveCfg = Release|Any CPU
		{01EE93F5-E8D7-4D3C-B54D-0D82F1E576B0}.Release|Any CPU.Build.0 = Release|Any CPU
		{01EE93F5-E8D7-4D3C-B54D-0D82F1E576B0}.Release|Any CPU.Deploy.0 = Release|Any CPU
		{ECB3A21F-C263-41A6-999A-6064EAEDE194}.Debug|Any CPU.ActiveCfg = Debug|Any CPU
		{ECB3A21F-C263-41A6-999A-6064EAEDE194}.Debug|Any CPU.Build.0 = Debug|Any CPU
		{ECB3A21F-C263-41A6-999A-6064EAEDE194}.Debug|Any CPU.Deploy.0 = Debug|Any CPU
		{ECB3A21F-C263-41A6-999A-6064EAEDE194}.Release|Any CPU.ActiveCfg = Release|Any CPU
		{ECB3A21F-C263-41A6-999A-6064EAEDE194}.Release|Any CPU.Build.0 = Release|Any CPU
		{ECB3A21F-C263-41A6-999A-6064EAEDE194}.Release|Any CPU.Deploy.0 = Release|Any CPU
		{F735AB37-2B60-4EFB-85BB-D6CD47388973}.Debug|Any CPU.ActiveCfg = Debug|Any CPU
		{F735AB37-2B60-4EFB-85BB-D6CD47388973}.Debug|Any CPU.Build.0 = Debug|Any CPU
		{F735AB37-2B60-4EFB-85BB-D6CD47388973}.Release|Any CPU.ActiveCfg = Release|Any CPU
		{F735AB37-2B60-4EFB-85BB-D6CD47388973}.Release|Any CPU.Build.0 = Release|Any CPU
		{79C04A0C-C94D-4475-9C70-9F53EC7E879E}.Debug|Any CPU.ActiveCfg = Debug|Any CPU
		{79C04A0C-C94D-4475-9C70-9F53EC7E879E}.Debug|Any CPU.Build.0 = Debug|Any CPU
		{79C04A0C-C94D-4475-9C70-9F53EC7E879E}.Debug|Any CPU.Deploy.0 = Debug|Any CPU
		{79C04A0C-C94D-4475-9C70-9F53EC7E879E}.Release|Any CPU.ActiveCfg = Release|Any CPU
		{79C04A0C-C94D-4475-9C70-9F53EC7E879E}.Release|Any CPU.Build.0 = Release|Any CPU
		{79C04A0C-C94D-4475-9C70-9F53EC7E879E}.Release|Any CPU.Deploy.0 = Release|Any CPU
		{87F47E76-1FA4-48FB-97EB-AE8FDC8CBA79}.Debug|Any CPU.ActiveCfg = Debug|Any CPU
		{87F47E76-1FA4-48FB-97EB-AE8FDC8CBA79}.Debug|Any CPU.Build.0 = Debug|Any CPU
		{87F47E76-1FA4-48FB-97EB-AE8FDC8CBA79}.Debug|Any CPU.Deploy.0 = Debug|Any CPU
		{87F47E76-1FA4-48FB-97EB-AE8FDC8CBA79}.Release|Any CPU.ActiveCfg = Release|Any CPU
		{87F47E76-1FA4-48FB-97EB-AE8FDC8CBA79}.Release|Any CPU.Build.0 = Release|Any CPU
		{87F47E76-1FA4-48FB-97EB-AE8FDC8CBA79}.Release|Any CPU.Deploy.0 = Release|Any CPU
		{9602D759-C784-49CF-B8BE-062CD8123257}.Debug|Any CPU.ActiveCfg = Debug|Any CPU
		{9602D759-C784-49CF-B8BE-062CD8123257}.Debug|Any CPU.Build.0 = Debug|Any CPU
		{9602D759-C784-49CF-B8BE-062CD8123257}.Debug|Any CPU.Deploy.0 = Debug|Any CPU
		{9602D759-C784-49CF-B8BE-062CD8123257}.Release|Any CPU.ActiveCfg = Release|Any CPU
		{9602D759-C784-49CF-B8BE-062CD8123257}.Release|Any CPU.Build.0 = Release|Any CPU
		{9602D759-C784-49CF-B8BE-062CD8123257}.Release|Any CPU.Deploy.0 = Release|Any CPU
		{8C97BFA6-348D-4FE8-9B11-6984BFF455B4}.Debug|Any CPU.ActiveCfg = Debug|Any CPU
		{8C97BFA6-348D-4FE8-9B11-6984BFF455B4}.Debug|Any CPU.Build.0 = Debug|Any CPU
		{8C97BFA6-348D-4FE8-9B11-6984BFF455B4}.Debug|Any CPU.Deploy.0 = Debug|Any CPU
		{8C97BFA6-348D-4FE8-9B11-6984BFF455B4}.Release|Any CPU.ActiveCfg = Release|Any CPU
		{8C97BFA6-348D-4FE8-9B11-6984BFF455B4}.Release|Any CPU.Build.0 = Release|Any CPU
		{8C97BFA6-348D-4FE8-9B11-6984BFF455B4}.Release|Any CPU.Deploy.0 = Release|Any CPU
		{87D70C79-29F8-4B78-9A9E-745836914C73}.Debug|Any CPU.ActiveCfg = Debug|Any CPU
		{87D70C79-29F8-4B78-9A9E-745836914C73}.Debug|Any CPU.Build.0 = Debug|Any CPU
		{87D70C79-29F8-4B78-9A9E-745836914C73}.Debug|Any CPU.Deploy.0 = Debug|Any CPU
		{87D70C79-29F8-4B78-9A9E-745836914C73}.Release|Any CPU.ActiveCfg = Release|Any CPU
		{87D70C79-29F8-4B78-9A9E-745836914C73}.Release|Any CPU.Build.0 = Release|Any CPU
		{87D70C79-29F8-4B78-9A9E-745836914C73}.Release|Any CPU.Deploy.0 = Release|Any CPU
		{C0C5CCC0-A877-4A2B-881C-588070DF10C8}.Debug|Any CPU.ActiveCfg = Debug|Any CPU
		{C0C5CCC0-A877-4A2B-881C-588070DF10C8}.Debug|Any CPU.Build.0 = Debug|Any CPU
		{C0C5CCC0-A877-4A2B-881C-588070DF10C8}.Debug|Any CPU.Deploy.0 = Debug|Any CPU
		{C0C5CCC0-A877-4A2B-881C-588070DF10C8}.Release|Any CPU.ActiveCfg = Release|Any CPU
		{C0C5CCC0-A877-4A2B-881C-588070DF10C8}.Release|Any CPU.Build.0 = Release|Any CPU
		{C0C5CCC0-A877-4A2B-881C-588070DF10C8}.Release|Any CPU.Deploy.0 = Release|Any CPU
		{209FA198-DDE9-4927-B1D5-76E33CD47EC3}.Debug|Any CPU.ActiveCfg = Debug|Any CPU
		{209FA198-DDE9-4927-B1D5-76E33CD47EC3}.Debug|Any CPU.Build.0 = Debug|Any CPU
		{209FA198-DDE9-4927-B1D5-76E33CD47EC3}.Debug|Any CPU.Deploy.0 = Debug|Any CPU
		{209FA198-DDE9-4927-B1D5-76E33CD47EC3}.Release|Any CPU.ActiveCfg = Release|Any CPU
		{209FA198-DDE9-4927-B1D5-76E33CD47EC3}.Release|Any CPU.Build.0 = Release|Any CPU
		{209FA198-DDE9-4927-B1D5-76E33CD47EC3}.Release|Any CPU.Deploy.0 = Release|Any CPU
		{BBAC5607-770A-4D08-B83F-70E7437C2CEC}.Debug|Any CPU.ActiveCfg = Debug|Any CPU
		{BBAC5607-770A-4D08-B83F-70E7437C2CEC}.Debug|Any CPU.Build.0 = Debug|Any CPU
		{BBAC5607-770A-4D08-B83F-70E7437C2CEC}.Debug|Any CPU.Deploy.0 = Debug|Any CPU
		{BBAC5607-770A-4D08-B83F-70E7437C2CEC}.Release|Any CPU.ActiveCfg = Release|Any CPU
		{BBAC5607-770A-4D08-B83F-70E7437C2CEC}.Release|Any CPU.Build.0 = Release|Any CPU
		{BBAC5607-770A-4D08-B83F-70E7437C2CEC}.Release|Any CPU.Deploy.0 = Release|Any CPU
		{4A46B39C-4720-4377-BDAD-2C390CBF4E35}.Debug|Any CPU.ActiveCfg = Debug|Any CPU
		{4A46B39C-4720-4377-BDAD-2C390CBF4E35}.Debug|Any CPU.Build.0 = Debug|Any CPU
		{4A46B39C-4720-4377-BDAD-2C390CBF4E35}.Debug|Any CPU.Deploy.0 = Debug|Any CPU
		{4A46B39C-4720-4377-BDAD-2C390CBF4E35}.Release|Any CPU.ActiveCfg = Release|Any CPU
		{4A46B39C-4720-4377-BDAD-2C390CBF4E35}.Release|Any CPU.Build.0 = Release|Any CPU
		{4A46B39C-4720-4377-BDAD-2C390CBF4E35}.Release|Any CPU.Deploy.0 = Release|Any CPU
		{9A8056C1-B3A1-4FD2-89B8-EE503C89BD61}.Debug|Any CPU.ActiveCfg = Debug|Any CPU
		{9A8056C1-B3A1-4FD2-89B8-EE503C89BD61}.Debug|Any CPU.Build.0 = Debug|Any CPU
		{9A8056C1-B3A1-4FD2-89B8-EE503C89BD61}.Debug|Any CPU.Deploy.0 = Debug|Any CPU
		{9A8056C1-B3A1-4FD2-89B8-EE503C89BD61}.Release|Any CPU.ActiveCfg = Release|Any CPU
		{9A8056C1-B3A1-4FD2-89B8-EE503C89BD61}.Release|Any CPU.Build.0 = Release|Any CPU
		{9A8056C1-B3A1-4FD2-89B8-EE503C89BD61}.Release|Any CPU.Deploy.0 = Release|Any CPU
	EndGlobalSection
	GlobalSection(SolutionProperties) = preSolution
		HideSolutionNode = FALSE
	EndGlobalSection
	GlobalSection(NestedProjects) = preSolution
		{558C356D-13B8-443C-80C0-06D82F4814AE} = {616BD094-9357-49EE-AAFA-B5D82EEF769B}
		{F420E27E-49C3-42AA-BBD2-84353998CB7C} = {616BD094-9357-49EE-AAFA-B5D82EEF769B}
		{E558E0E5-BBB1-4EE2-90BF-A431B4C676E3} = {616BD094-9357-49EE-AAFA-B5D82EEF769B}
		{76CE2BA3-69E1-4082-8BE9-02802EA56FEE} = {616BD094-9357-49EE-AAFA-B5D82EEF769B}
		{FC664E0C-FA45-4CBA-B72A-CBDE04AA0468} = {616BD094-9357-49EE-AAFA-B5D82EEF769B}
		{D9ECD7FE-7868-4D21-955B-68322B0F25A4} = {616BD094-9357-49EE-AAFA-B5D82EEF769B}
		{345F994F-56E7-49D6-A491-2BFD265D676B} = {616BD094-9357-49EE-AAFA-B5D82EEF769B}
		{01EE93F5-E8D7-4D3C-B54D-0D82F1E576B0} = {616BD094-9357-49EE-AAFA-B5D82EEF769B}
		{ECB3A21F-C263-41A6-999A-6064EAEDE194} = {616BD094-9357-49EE-AAFA-B5D82EEF769B}
		{F735AB37-2B60-4EFB-85BB-D6CD47388973} = {616BD094-9357-49EE-AAFA-B5D82EEF769B}
		{79C04A0C-C94D-4475-9C70-9F53EC7E879E} = {616BD094-9357-49EE-AAFA-B5D82EEF769B}
		{87F47E76-1FA4-48FB-97EB-AE8FDC8CBA79} = {616BD094-9357-49EE-AAFA-B5D82EEF769B}
		{9602D759-C784-49CF-B8BE-062CD8123257} = {616BD094-9357-49EE-AAFA-B5D82EEF769B}
		{8C97BFA6-348D-4FE8-9B11-6984BFF455B4} = {616BD094-9357-49EE-AAFA-B5D82EEF769B}
		{87D70C79-29F8-4B78-9A9E-745836914C73} = {616BD094-9357-49EE-AAFA-B5D82EEF769B}
		{C0C5CCC0-A877-4A2B-881C-588070DF10C8} = {616BD094-9357-49EE-AAFA-B5D82EEF769B}
		{209FA198-DDE9-4927-B1D5-76E33CD47EC3} = {616BD094-9357-49EE-AAFA-B5D82EEF769B}
		{BBAC5607-770A-4D08-B83F-70E7437C2CEC} = {616BD094-9357-49EE-AAFA-B5D82EEF769B}
		{4A46B39C-4720-4377-BDAD-2C390CBF4E35} = {616BD094-9357-49EE-AAFA-B5D82EEF769B}
		{9A8056C1-B3A1-4FD2-89B8-EE503C89BD61} = {616BD094-9357-49EE-AAFA-B5D82EEF769B}
	EndGlobalSection
	GlobalSection(ExtensibilityGlobals) = postSolution
		SolutionGuid = {6F17526E-EAAE-451F-B293-1384266E1FFC}
	EndGlobalSection
EndGlobal
