
Microsoft Visual Studio Solution File, Format Version 12.00
# Visual Studio Version 17
VisualStudioVersion = 17.7.34003.232
MinimumVisualStudioVersion = 10.0.40219.1
Project("{9A19103F-16F7-4668-BE54-9A1E7A4F7556}") = "RgbLedUpdateSample", "RgbLedUpdateSample\RgbLedUpdateSample.csproj", "{92AC43E5-8E65-42DF-A23B-A6F6CF58BA29}"
EndProject
Project("{9A19103F-16F7-4668-BE54-9A1E7A4F7556}") = "CloudLogging", "CloudLogging\CloudLogging.csproj", "{803EDBD9-8D42-4156-B4B3-7226BD392F80}"
EndProject
Project("{9A19103F-16F7-4668-BE54-9A1E7A4F7556}") = "HealthMetricsMonitoring", "HealthMetricsMonitoring\HealthMetricsMonitoring.csproj", "{CE0C5E75-D3B4-4407-A682-A55162395207}"
EndProject
Project("{9A19103F-16F7-4668-BE54-9A1E7A4F7556}") = "Meadow.Cloud_Client", "Meadow.Cloud_Client\Meadow.Cloud_Client.csproj", "{DA45A766-2A02-4F06-9EB7-E7D879161D0F}"
EndProject
Project("{9A19103F-16F7-4668-BE54-9A1E7A4F7556}") = "Meadow.Cloud_Command", "Meadow.Cloud_Command\Meadow.Cloud_Command.csproj", "{1D1D3200-353D-4E58-A4A7-9B0644C1AF20}"
EndProject
Project("{9A19103F-16F7-4668-BE54-9A1E7A4F7556}") = "Meadow.Cloud_Logging", "Meadow.Cloud_Logging\Meadow.Cloud_Logging.csproj", "{EB4D7DBF-D4C3-4D18-8892-CD226C8B2558}"
EndProject
Project("{9A19103F-16F7-4668-BE54-9A1E7A4F7556}") = "Meadow.Cloud_OTA", "Meadow.Cloud_OTA\Meadow.Cloud_OTA.csproj", "{F5F16035-4974-4620-ABF6-7AF002AEF932}"
EndProject
Global
	GlobalSection(SolutionConfigurationPlatforms) = preSolution
		Debug|Any CPU = Debug|Any CPU
		Release|Any CPU = Release|Any CPU
	EndGlobalSection
	GlobalSection(ProjectConfigurationPlatforms) = postSolution
		{92AC43E5-8E65-42DF-A23B-A6F6CF58BA29}.Debug|Any CPU.ActiveCfg = Debug|Any CPU
		{92AC43E5-8E65-42DF-A23B-A6F6CF58BA29}.Debug|Any CPU.Build.0 = Debug|Any CPU
		{92AC43E5-8E65-42DF-A23B-A6F6CF58BA29}.Debug|Any CPU.Deploy.0 = Debug|Any CPU
		{92AC43E5-8E65-42DF-A23B-A6F6CF58BA29}.Release|Any CPU.ActiveCfg = Release|Any CPU
		{92AC43E5-8E65-42DF-A23B-A6F6CF58BA29}.Release|Any CPU.Build.0 = Release|Any CPU
		{92AC43E5-8E65-42DF-A23B-A6F6CF58BA29}.Release|Any CPU.Deploy.0 = Release|Any CPU
		{803EDBD9-8D42-4156-B4B3-7226BD392F80}.Debug|Any CPU.ActiveCfg = Debug|Any CPU
		{803EDBD9-8D42-4156-B4B3-7226BD392F80}.Debug|Any CPU.Build.0 = Debug|Any CPU
		{803EDBD9-8D42-4156-B4B3-7226BD392F80}.Debug|Any CPU.Deploy.0 = Debug|Any CPU
		{803EDBD9-8D42-4156-B4B3-7226BD392F80}.Release|Any CPU.ActiveCfg = Release|Any CPU
		{803EDBD9-8D42-4156-B4B3-7226BD392F80}.Release|Any CPU.Build.0 = Release|Any CPU
		{803EDBD9-8D42-4156-B4B3-7226BD392F80}.Release|Any CPU.Deploy.0 = Release|Any CPU
		{CE0C5E75-D3B4-4407-A682-A55162395207}.Debug|Any CPU.ActiveCfg = Debug|Any CPU
		{CE0C5E75-D3B4-4407-A682-A55162395207}.Debug|Any CPU.Build.0 = Debug|Any CPU
		{CE0C5E75-D3B4-4407-A682-A55162395207}.Debug|Any CPU.Deploy.0 = Debug|Any CPU
		{CE0C5E75-D3B4-4407-A682-A55162395207}.Release|Any CPU.ActiveCfg = Release|Any CPU
		{CE0C5E75-D3B4-4407-A682-A55162395207}.Release|Any CPU.Build.0 = Release|Any CPU
		{CE0C5E75-D3B4-4407-A682-A55162395207}.Release|Any CPU.Deploy.0 = Release|Any CPU
		{DA45A766-2A02-4F06-9EB7-E7D879161D0F}.Debug|Any CPU.ActiveCfg = Debug|Any CPU
		{DA45A766-2A02-4F06-9EB7-E7D879161D0F}.Debug|Any CPU.Build.0 = Debug|Any CPU
		{DA45A766-2A02-4F06-9EB7-E7D879161D0F}.Debug|Any CPU.Deploy.0 = Debug|Any CPU
		{DA45A766-2A02-4F06-9EB7-E7D879161D0F}.Release|Any CPU.ActiveCfg = Release|Any CPU
		{DA45A766-2A02-4F06-9EB7-E7D879161D0F}.Release|Any CPU.Build.0 = Release|Any CPU
		{DA45A766-2A02-4F06-9EB7-E7D879161D0F}.Release|Any CPU.Deploy.0 = Release|Any CPU
		{1D1D3200-353D-4E58-A4A7-9B0644C1AF20}.Debug|Any CPU.ActiveCfg = Debug|Any CPU
		{1D1D3200-353D-4E58-A4A7-9B0644C1AF20}.Debug|Any CPU.Build.0 = Debug|Any CPU
		{1D1D3200-353D-4E58-A4A7-9B0644C1AF20}.Debug|Any CPU.Deploy.0 = Debug|Any CPU
		{1D1D3200-353D-4E58-A4A7-9B0644C1AF20}.Release|Any CPU.ActiveCfg = Release|Any CPU
		{1D1D3200-353D-4E58-A4A7-9B0644C1AF20}.Release|Any CPU.Build.0 = Release|Any CPU
		{1D1D3200-353D-4E58-A4A7-9B0644C1AF20}.Release|Any CPU.Deploy.0 = Release|Any CPU
		{EB4D7DBF-D4C3-4D18-8892-CD226C8B2558}.Debug|Any CPU.ActiveCfg = Debug|Any CPU
		{EB4D7DBF-D4C3-4D18-8892-CD226C8B2558}.Debug|Any CPU.Build.0 = Debug|Any CPU
		{EB4D7DBF-D4C3-4D18-8892-CD226C8B2558}.Debug|Any CPU.Deploy.0 = Debug|Any CPU
		{EB4D7DBF-D4C3-4D18-8892-CD226C8B2558}.Release|Any CPU.ActiveCfg = Release|Any CPU
		{EB4D7DBF-D4C3-4D18-8892-CD226C8B2558}.Release|Any CPU.Build.0 = Release|Any CPU
		{EB4D7DBF-D4C3-4D18-8892-CD226C8B2558}.Release|Any CPU.Deploy.0 = Release|Any CPU
		{F5F16035-4974-4620-ABF6-7AF002AEF932}.Debug|Any CPU.ActiveCfg = Debug|Any CPU
		{F5F16035-4974-4620-ABF6-7AF002AEF932}.Debug|Any CPU.Build.0 = Debug|Any CPU
		{F5F16035-4974-4620-ABF6-7AF002AEF932}.Debug|Any CPU.Deploy.0 = Debug|Any CPU
		{F5F16035-4974-4620-ABF6-7AF002AEF932}.Release|Any CPU.ActiveCfg = Release|Any CPU
		{F5F16035-4974-4620-ABF6-7AF002AEF932}.Release|Any CPU.Build.0 = Release|Any CPU
		{F5F16035-4974-4620-ABF6-7AF002AEF932}.Release|Any CPU.Deploy.0 = Release|Any CPU
	EndGlobalSection
	GlobalSection(SolutionProperties) = preSolution
		HideSolutionNode = FALSE
	EndGlobalSection
	GlobalSection(ExtensibilityGlobals) = postSolution
		SolutionGuid = {6F17526E-EAAE-451F-B293-1384266E1FFC}
	EndGlobalSection
EndGlobal
