
Microsoft Visual Studio Solution File, Format Version 12.00
# Visual Studio Version 17
VisualStudioVersion = 17.6.33723.286
MinimumVisualStudioVersion = 10.0.40219.1
Project("{9A19103F-16F7-4668-BE54-9A1E7A4F7556}") = "Blinky", "Blinky\Blinky.csproj", "{EF3129F9-76D0-4B04-9DFD-BA80FDD15DC1}"
EndProject
Project("{9A19103F-16F7-4668-BE54-9A1E7A4F7556}") = "CharacterDisplaySample", "CharacterDisplaySample\CharacterDisplaySample.csproj", "{7828BCE1-CAAD-4139-806B-7723509C8DA0}"
EndProject
Project("{9A19103F-16F7-4668-BE54-9A1E7A4F7556}") = "WifiWeather", "WifiWeather\WifiWeather.csproj", "{D6A8D5D9-1856-4FDE-A244-8515C73DFA4F}"
EndProject
Project("{2150E333-8FDC-42A3-9474-1A3956D46DE8}") = "HMI", "HMI", "{58C4412D-464A-4AB5-ACC8-72B446780173}"
EndProject
Project("{2150E333-8FDC-42A3-9474-1A3956D46DE8}") = "IO", "IO", "{5F778622-158A-49D8-B9DC-8B814E1CFD71}"
EndProject
Project("{2150E333-8FDC-42A3-9474-1A3956D46DE8}") = "Network", "Network", "{41090F56-F79B-44A1-BD13-2C6305A08D7D}"
EndProject
Project("{9A19103F-16F7-4668-BE54-9A1E7A4F7556}") = "DigitalOutputPort", "DigitalOutputPort\DigitalOutputPort.csproj", "{732C1A11-FD0E-4742-A86C-BE2E43B91EA1}"
EndProject
Project("{9A19103F-16F7-4668-BE54-9A1E7A4F7556}") = "I2C", "I2C\I2C.csproj", "{076DCC3A-9E17-4C73-A1E3-886076AF3CC0}"
EndProject
Project("{9A19103F-16F7-4668-BE54-9A1E7A4F7556}") = "Keyboard", "Keyboard\Keyboard.csproj", "{45E7D4D4-C4EB-439A-AAA2-CB85A04C3205}"
EndProject
Project("{9A19103F-16F7-4668-BE54-9A1E7A4F7556}") = "Max7219Sample", "Max7219\Max7219Sample.csproj", "{19EACCF7-7E0E-432A-8F55-7A77D418C283}"
EndProject
Project("{9A19103F-16F7-4668-BE54-9A1E7A4F7556}") = "SerialPort", "SerialPort\SerialPort.csproj", "{60BB0480-5DBF-42ED-B344-148FD3BE0C47}"
EndProject
Project("{9A19103F-16F7-4668-BE54-9A1E7A4F7556}") = "SPI", "SPI\SPI.csproj", "{A78139FD-A90C-4F6E-820E-76274205E8A2}"
EndProject
Project("{9A19103F-16F7-4668-BE54-9A1E7A4F7556}") = "NetworkBasics", "NetworkBasics\NetworkBasics.csproj", "{24B33019-6D9D-476C-94AE-7273C9A6B470}"
EndProject
Project("{9A19103F-16F7-4668-BE54-9A1E7A4F7556}") = "WinFormsMeadow", "WinForms\WinFormsMeadow.csproj", "{D6DBF6C2-2EBE-4C85-8B9B-BAEB1ED20E68}"
EndProject
Project("{9A19103F-16F7-4668-BE54-9A1E7A4F7556}") = "AvaloniaMeadow", "AvaloniaMeadow\AvaloniaMeadow.csproj", "{61E745AB-452C-433E-AAAC-C06DA6A9CA0A}"
EndProject
Project("{9A19103F-16F7-4668-BE54-9A1E7A4F7556}") = "Amg8833Camera", "Amg8833Camera\Amg8833Camera.csproj", "{5D5B4A50-D50F-488B-9B14-6DEDBB3CE25D}"
EndProject
Project("{2150E333-8FDC-42A3-9474-1A3956D46DE8}") = "Sensors", "Sensors", "{7767CC6F-1548-49C7-BC3B-CC7C202A2901}"
EndProject
Global
	GlobalSection(SolutionConfigurationPlatforms) = preSolution
		Debug|Any CPU = Debug|Any CPU
		Release|Any CPU = Release|Any CPU
	EndGlobalSection
	GlobalSection(ProjectConfigurationPlatforms) = postSolution
		{EF3129F9-76D0-4B04-9DFD-BA80FDD15DC1}.Debug|Any CPU.ActiveCfg = Debug|Any CPU
		{EF3129F9-76D0-4B04-9DFD-BA80FDD15DC1}.Debug|Any CPU.Build.0 = Debug|Any CPU
		{EF3129F9-76D0-4B04-9DFD-BA80FDD15DC1}.Release|Any CPU.ActiveCfg = Release|Any CPU
		{EF3129F9-76D0-4B04-9DFD-BA80FDD15DC1}.Release|Any CPU.Build.0 = Release|Any CPU
		{7828BCE1-CAAD-4139-806B-7723509C8DA0}.Debug|Any CPU.ActiveCfg = Debug|Any CPU
		{7828BCE1-CAAD-4139-806B-7723509C8DA0}.Debug|Any CPU.Build.0 = Debug|Any CPU
		{7828BCE1-CAAD-4139-806B-7723509C8DA0}.Release|Any CPU.ActiveCfg = Release|Any CPU
		{7828BCE1-CAAD-4139-806B-7723509C8DA0}.Release|Any CPU.Build.0 = Release|Any CPU
		{D6A8D5D9-1856-4FDE-A244-8515C73DFA4F}.Debug|Any CPU.ActiveCfg = Debug|Any CPU
		{D6A8D5D9-1856-4FDE-A244-8515C73DFA4F}.Debug|Any CPU.Build.0 = Debug|Any CPU
		{D6A8D5D9-1856-4FDE-A244-8515C73DFA4F}.Release|Any CPU.ActiveCfg = Release|Any CPU
		{D6A8D5D9-1856-4FDE-A244-8515C73DFA4F}.Release|Any CPU.Build.0 = Release|Any CPU
		{732C1A11-FD0E-4742-A86C-BE2E43B91EA1}.Debug|Any CPU.ActiveCfg = Debug|Any CPU
		{732C1A11-FD0E-4742-A86C-BE2E43B91EA1}.Debug|Any CPU.Build.0 = Debug|Any CPU
		{732C1A11-FD0E-4742-A86C-BE2E43B91EA1}.Release|Any CPU.ActiveCfg = Release|Any CPU
		{732C1A11-FD0E-4742-A86C-BE2E43B91EA1}.Release|Any CPU.Build.0 = Release|Any CPU
		{076DCC3A-9E17-4C73-A1E3-886076AF3CC0}.Debug|Any CPU.ActiveCfg = Debug|Any CPU
		{076DCC3A-9E17-4C73-A1E3-886076AF3CC0}.Debug|Any CPU.Build.0 = Debug|Any CPU
		{076DCC3A-9E17-4C73-A1E3-886076AF3CC0}.Release|Any CPU.ActiveCfg = Release|Any CPU
		{076DCC3A-9E17-4C73-A1E3-886076AF3CC0}.Release|Any CPU.Build.0 = Release|Any CPU
		{45E7D4D4-C4EB-439A-AAA2-CB85A04C3205}.Debug|Any CPU.ActiveCfg = Debug|Any CPU
		{45E7D4D4-C4EB-439A-AAA2-CB85A04C3205}.Debug|Any CPU.Build.0 = Debug|Any CPU
		{45E7D4D4-C4EB-439A-AAA2-CB85A04C3205}.Release|Any CPU.ActiveCfg = Release|Any CPU
		{45E7D4D4-C4EB-439A-AAA2-CB85A04C3205}.Release|Any CPU.Build.0 = Release|Any CPU
		{19EACCF7-7E0E-432A-8F55-7A77D418C283}.Debug|Any CPU.ActiveCfg = Debug|Any CPU
		{19EACCF7-7E0E-432A-8F55-7A77D418C283}.Debug|Any CPU.Build.0 = Debug|Any CPU
		{19EACCF7-7E0E-432A-8F55-7A77D418C283}.Release|Any CPU.ActiveCfg = Release|Any CPU
		{19EACCF7-7E0E-432A-8F55-7A77D418C283}.Release|Any CPU.Build.0 = Release|Any CPU
		{60BB0480-5DBF-42ED-B344-148FD3BE0C47}.Debug|Any CPU.ActiveCfg = Debug|Any CPU
		{60BB0480-5DBF-42ED-B344-148FD3BE0C47}.Debug|Any CPU.Build.0 = Debug|Any CPU
		{60BB0480-5DBF-42ED-B344-148FD3BE0C47}.Release|Any CPU.ActiveCfg = Release|Any CPU
		{60BB0480-5DBF-42ED-B344-148FD3BE0C47}.Release|Any CPU.Build.0 = Release|Any CPU
		{A78139FD-A90C-4F6E-820E-76274205E8A2}.Debug|Any CPU.ActiveCfg = Debug|Any CPU
		{A78139FD-A90C-4F6E-820E-76274205E8A2}.Debug|Any CPU.Build.0 = Debug|Any CPU
		{A78139FD-A90C-4F6E-820E-76274205E8A2}.Release|Any CPU.ActiveCfg = Release|Any CPU
		{A78139FD-A90C-4F6E-820E-76274205E8A2}.Release|Any CPU.Build.0 = Release|Any CPU
		{24B33019-6D9D-476C-94AE-7273C9A6B470}.Debug|Any CPU.ActiveCfg = Debug|Any CPU
		{24B33019-6D9D-476C-94AE-7273C9A6B470}.Debug|Any CPU.Build.0 = Debug|Any CPU
		{24B33019-6D9D-476C-94AE-7273C9A6B470}.Release|Any CPU.ActiveCfg = Release|Any CPU
		{24B33019-6D9D-476C-94AE-7273C9A6B470}.Release|Any CPU.Build.0 = Release|Any CPU
		{D6DBF6C2-2EBE-4C85-8B9B-BAEB1ED20E68}.Debug|Any CPU.ActiveCfg = Debug|Any CPU
		{D6DBF6C2-2EBE-4C85-8B9B-BAEB1ED20E68}.Debug|Any CPU.Build.0 = Debug|Any CPU
		{D6DBF6C2-2EBE-4C85-8B9B-BAEB1ED20E68}.Release|Any CPU.ActiveCfg = Release|Any CPU
		{D6DBF6C2-2EBE-4C85-8B9B-BAEB1ED20E68}.Release|Any CPU.Build.0 = Release|Any CPU
		{61E745AB-452C-433E-AAAC-C06DA6A9CA0A}.Debug|Any CPU.ActiveCfg = Debug|Any CPU
		{61E745AB-452C-433E-AAAC-C06DA6A9CA0A}.Debug|Any CPU.Build.0 = Debug|Any CPU
		{61E745AB-452C-433E-AAAC-C06DA6A9CA0A}.Release|Any CPU.ActiveCfg = Release|Any CPU
		{61E745AB-452C-433E-AAAC-C06DA6A9CA0A}.Release|Any CPU.Build.0 = Release|Any CPU
		{5D5B4A50-D50F-488B-9B14-6DEDBB3CE25D}.Debug|Any CPU.ActiveCfg = Debug|Any CPU
		{5D5B4A50-D50F-488B-9B14-6DEDBB3CE25D}.Debug|Any CPU.Build.0 = Debug|Any CPU
		{5D5B4A50-D50F-488B-9B14-6DEDBB3CE25D}.Release|Any CPU.ActiveCfg = Release|Any CPU
		{5D5B4A50-D50F-488B-9B14-6DEDBB3CE25D}.Release|Any CPU.Build.0 = Release|Any CPU
	EndGlobalSection
	GlobalSection(SolutionProperties) = preSolution
		HideSolutionNode = FALSE
	EndGlobalSection
	GlobalSection(NestedProjects) = preSolution
		{EF3129F9-76D0-4B04-9DFD-BA80FDD15DC1} = {5F778622-158A-49D8-B9DC-8B814E1CFD71}
		{7828BCE1-CAAD-4139-806B-7723509C8DA0} = {5F778622-158A-49D8-B9DC-8B814E1CFD71}
		{D6A8D5D9-1856-4FDE-A244-8515C73DFA4F} = {41090F56-F79B-44A1-BD13-2C6305A08D7D}
		{732C1A11-FD0E-4742-A86C-BE2E43B91EA1} = {5F778622-158A-49D8-B9DC-8B814E1CFD71}
		{076DCC3A-9E17-4C73-A1E3-886076AF3CC0} = {5F778622-158A-49D8-B9DC-8B814E1CFD71}
		{45E7D4D4-C4EB-439A-AAA2-CB85A04C3205} = {5F778622-158A-49D8-B9DC-8B814E1CFD71}
		{19EACCF7-7E0E-432A-8F55-7A77D418C283} = {5F778622-158A-49D8-B9DC-8B814E1CFD71}
		{60BB0480-5DBF-42ED-B344-148FD3BE0C47} = {5F778622-158A-49D8-B9DC-8B814E1CFD71}
		{A78139FD-A90C-4F6E-820E-76274205E8A2} = {5F778622-158A-49D8-B9DC-8B814E1CFD71}
		{24B33019-6D9D-476C-94AE-7273C9A6B470} = {41090F56-F79B-44A1-BD13-2C6305A08D7D}
		{D6DBF6C2-2EBE-4C85-8B9B-BAEB1ED20E68} = {58C4412D-464A-4AB5-ACC8-72B446780173}
		{61E745AB-452C-433E-AAAC-C06DA6A9CA0A} = {58C4412D-464A-4AB5-ACC8-72B446780173}
		{5D5B4A50-D50F-488B-9B14-6DEDBB3CE25D} = {7767CC6F-1548-49C7-BC3B-CC7C202A2901}
	EndGlobalSection
	GlobalSection(ExtensibilityGlobals) = postSolution
		SolutionGuid = {E3F002EA-1A25-487F-9A5D-93D1E7EC6E31}
	EndGlobalSection
EndGlobal
