
Microsoft Visual Studio Solution File, Format Version 12.00
# Visual Studio Version 17
VisualStudioVersion = 17.6.33723.286
MinimumVisualStudioVersion = 10.0.40219.1
Project("{9A19103F-16F7-4668-BE54-9A1E7A4F7556}") = "Blinky", "Blinky\Blinky.csproj", "{EF3129F9-76D0-4B04-9DFD-BA80FDD15DC1}"
EndProject
Project("{9A19103F-16F7-4668-BE54-9A1E7A4F7556}") = "CharacterDisplaySample", "CharacterDisplaySample\CharacterDisplaySample.csproj", "{7828BCE1-CAAD-4139-806B-7723509C8DA0}"
EndProject
Project("{9A19103F-16F7-4668-BE54-9A1E7A4F7556}") = "WifiWeather", "WifiWeather\WifiWeather.csproj", "{D6A8D5D9-1856-4FDE-A244-8515C73DFA4F}"
EndProject
Project("{2150E333-8FDC-42A3-9474-1A3956D46DE8}") = "HMI", "HMI", "{58C4412D-464A-4AB5-ACC8-72B446780173}"
EndProject
Project("{2150E333-8FDC-42A3-9474-1A3956D46DE8}") = "IO", "IO", "{5F778622-158A-49D8-B9DC-8B814E1CFD71}"
EndProject
Project("{2150E333-8FDC-42A3-9474-1A3956D46DE8}") = "Network", "Network", "{41090F56-F79B-44A1-BD13-2C6305A08D7D}"
EndProject
Project("{9A19103F-16F7-4668-BE54-9A1E7A4F7556}") = "DigitalOutputPort", "DigitalOutputPort\DigitalOutputPort.csproj", "{732C1A11-FD0E-4742-A86C-BE2E43B91EA1}"
EndProject
Project("{9A19103F-16F7-4668-BE54-9A1E7A4F7556}") = "I2C", "I2C\I2C.csproj", "{076DCC3A-9E17-4C73-A1E3-886076AF3CC0}"
EndProject
Project("{9A19103F-16F7-4668-BE54-9A1E7A4F7556}") = "Keyboard", "Keyboard\Keyboard.csproj", "{45E7D4D4-C4EB-439A-AAA2-CB85A04C3205}"
EndProject
Project("{9A19103F-16F7-4668-BE54-9A1E7A4F7556}") = "Max7219Sample", "Max7219\Max7219Sample.csproj", "{19EACCF7-7E0E-432A-8F55-7A77D418C283}"
EndProject
Project("{9A19103F-16F7-4668-BE54-9A1E7A4F7556}") = "SerialPort", "SerialPort\SerialPort.csproj", "{60BB0480-5DBF-42ED-B344-148FD3BE0C47}"
EndProject
Project("{9A19103F-16F7-4668-BE54-9A1E7A4F7556}") = "SPI", "SPI\SPI.csproj", "{A78139FD-A90C-4F6E-820E-76274205E8A2}"
EndProject
Project("{9A19103F-16F7-4668-BE54-9A1E7A4F7556}") = "NetworkBasics", "NetworkBasics\NetworkBasics.csproj", "{24B33019-6D9D-476C-94AE-7273C9A6B470}"
EndProject
Project("{9A19103F-16F7-4668-BE54-9A1E7A4F7556}") = "WinFormsMeadow", "WinForms\WinFormsMeadow.csproj", "{D6DBF6C2-2EBE-4C85-8B9B-BAEB1ED20E68}"
EndProject
Project("{9A19103F-16F7-4668-BE54-9A1E7A4F7556}") = "AvaloniaMeadow", "AvaloniaMeadow\AvaloniaMeadow.csproj", "{61E745AB-452C-433E-AAAC-C06DA6A9CA0A}"
EndProject
Project("{9A19103F-16F7-4668-BE54-9A1E7A4F7556}") = "Amg8833Camera", "Amg8833Camera\Amg8833Camera.csproj", "{5D5B4A50-D50F-488B-9B14-6DEDBB3CE25D}"
EndProject
Project("{2150E333-8FDC-42A3-9474-1A3956D46DE8}") = "Sensors", "Sensors", "{7767CC6F-1548-49C7-BC3B-CC7C202A2901}"
EndProject
Project("{9A19103F-16F7-4668-BE54-9A1E7A4F7556}") = "PixelDisplay_Sample", "PixelDisplay\PixelDisplay_Sample.csproj", "{70CE51F7-E284-462F-898A-2D1E05F7C301}"
EndProject
Project("{9A19103F-16F7-4668-BE54-9A1E7A4F7556}") = "Touchscreen_Demo", "Touchscreen_Demo\Touchscreen_Demo.csproj", "{225FDA12-9095-45AC-93D0-B79532946B1F}"
EndProject
Project("{2150E333-8FDC-42A3-9474-1A3956D46DE8}") = "_External", "_External", "{E948058B-8F6D-4548-A1EE-0427046711A2}"
EndProject
Project("{9A19103F-16F7-4668-BE54-9A1E7A4F7556}") = "Meadow.Desktop", "..\..\..\..\Meadow.Core\source\implementations\desktop\Meadow.Desktop\Meadow.Desktop.csproj", "{1B3382C5-6531-4FC3-8936-92AD05BD3E4E}"
EndProject
Project("{9A19103F-16F7-4668-BE54-9A1E7A4F7556}") = "Meadow.Units", "..\..\..\..\Meadow.Units\Source\Meadow.Units\Meadow.Units.csproj", "{9F486880-DBF2-43ED-93E6-C95B39DEDBEF}"
EndProject
Project("{9A19103F-16F7-4668-BE54-9A1E7A4F7556}") = "Meadow.Logging", "..\..\..\..\Meadow.Logging\Source\Meadow.Logging\lib\Meadow.Logging.csproj", "{3775D881-9153-48E4-ABC1-BEC777A1EC58}"
EndProject
Project("{9A19103F-16F7-4668-BE54-9A1E7A4F7556}") = "Meadow.Contracts", "..\..\..\..\Meadow.Contracts\Source\Meadow.Contracts\Meadow.Contracts.csproj", "{C99EE080-9267-495D-8258-2ACAEE263BA5}"
EndProject
Project("{9A19103F-16F7-4668-BE54-9A1E7A4F7556}") = "Meadow.Core", "..\..\..\..\Meadow.Core\source\Meadow.Core\Meadow.Core.csproj", "{FDCF024C-C388-414B-92AB-892AC3948CAE}"
EndProject
Project("{9A19103F-16F7-4668-BE54-9A1E7A4F7556}") = "Meadow.Windows", "..\..\..\..\Meadow.Core\source\implementations\windows\Meadow.Windows\Meadow.Windows.csproj", "{7F01428F-FDE3-48A1-8EC6-8E0632864342}"
EndProject
Project("{9A19103F-16F7-4668-BE54-9A1E7A4F7556}") = "Meadow.Mac", "..\..\..\..\Meadow.Core\source\implementations\mac\Meadow.Mac\Meadow.Mac.csproj", "{38083251-A2F3-427A-9B78-0D8F676D9C7B}"
EndProject
Project("{9A19103F-16F7-4668-BE54-9A1E7A4F7556}") = "Meadow.Linux", "..\..\..\..\Meadow.Core\source\implementations\linux\Meadow.Linux\Meadow.Linux.csproj", "{7C355900-9F43-4CBB-BA99-30B20C6EDA8C}"
EndProject
Project("{9A19103F-16F7-4668-BE54-9A1E7A4F7556}") = "Meadow.Foundation.Core", "..\..\..\..\Meadow.Foundation\Source\Meadow.Foundation.Core\Meadow.Foundation.Core.csproj", "{C1566389-A47D-4AD7-BE50-4D2A4DF9D443}"
EndProject
Project("{9A19103F-16F7-4668-BE54-9A1E7A4F7556}") = "Meadow.Modbus", "..\..\..\..\Meadow.Modbus\src\Meadow.Modbus\Meadow.Modbus.csproj", "{879D4B00-3AA3-4589-A835-EBC4682E81F8}"
EndProject
Project("{9A19103F-16F7-4668-BE54-9A1E7A4F7556}") = "Displays.Gtk", "..\..\..\..\Meadow.Foundation\Source\Meadow.Foundation.Peripherals\Displays.Gtk\Driver\Displays.Gtk.csproj", "{762EA2D1-F5EC-4E25-8149-4F666E223C75}"
EndProject
Project("{9A19103F-16F7-4668-BE54-9A1E7A4F7556}") = "Displays.WinForms", "..\..\..\..\Meadow.Foundation\Source\Meadow.Foundation.Peripherals\Displays.WinForms\Driver\Displays.WinForms.csproj", "{6EF32010-4D67-4AAC-8B62-5BF6571EEF4A}"
EndProject
Project("{9A19103F-16F7-4668-BE54-9A1E7A4F7556}") = "ICs.IOExpanders.Ftxxxx", "..\..\..\..\Meadow.Foundation\Source\Meadow.Foundation.Peripherals\ICs.IOExpanders.Ftxxxx\Driver\ICs.IOExpanders.Ftxxxx.csproj", "{96238003-4177-4447-8641-D182092927E0}"
EndProject
Project("{9A19103F-16F7-4668-BE54-9A1E7A4F7556}") = "Sensors.Atmospheric.Bme68x", "..\..\..\..\Meadow.Foundation\Source\Meadow.Foundation.Peripherals\Sensors.Atmospheric.Bme68x\Driver\Sensors.Atmospheric.Bme68x.csproj", "{57B4CC17-D30B-4A25-AB6E-8E6B528CBB7E}"
EndProject
Project("{9A19103F-16F7-4668-BE54-9A1E7A4F7556}") = "Meadow.Avalonia", "..\..\..\..\Meadow.Core\source\ui\Meadow.Avalonia\Meadow.Avalonia.csproj", "{F4C56C82-B8C0-4EEA-BE5D-B9C5612A70C2}"
EndProject
Project("{9A19103F-16F7-4668-BE54-9A1E7A4F7556}") = "Meadow.Maui", "..\..\..\..\Meadow.Core\source\ui\Meadow.Maui\Meadow.Maui.csproj", "{E1E538B0-3DD4-478F-9E1B-EEE5DB37FD5A}"
EndProject
Project("{9A19103F-16F7-4668-BE54-9A1E7A4F7556}") = "Graphics.MicroGraphics", "..\..\..\..\Meadow.Foundation\Source\Meadow.Foundation.Libraries_and_Frameworks\Graphics.MicroGraphics\Driver\Graphics.MicroGraphics.csproj", "{4507895B-D1CF-4702-8570-C8818E2FD820}"
EndProject
Project("{9A19103F-16F7-4668-BE54-9A1E7A4F7556}") = "Graphics.MicroLayout", "..\..\..\..\Meadow.Foundation\Source\Meadow.Foundation.Libraries_and_Frameworks\Graphics.MicroLayout\Driver\Graphics.MicroLayout.csproj", "{1F0B664F-AD9A-4FDC-936C-E4F5F3A20897}"
EndProject
Project("{9A19103F-16F7-4668-BE54-9A1E7A4F7556}") = "Displays.Lcd.CharacterDisplay", "..\..\..\..\Meadow.Foundation\Source\Meadow.Foundation.Peripherals\Displays.Lcd.CharacterDisplay\Driver\Displays.Lcd.CharacterDisplay.csproj", "{71C0BD71-5A7F-4E60-8734-F0567E996525}"
EndProject
Project("{9A19103F-16F7-4668-BE54-9A1E7A4F7556}") = "Sensors.Motion.Bno055", "..\..\..\..\Meadow.Foundation\Source\Meadow.Foundation.Peripherals\Sensors.Motion.Bno055\Driver\Sensors.Motion.Bno055.csproj", "{55A46D74-C2A9-4A15-88F2-967654687218}"
EndProject
Project("{9A19103F-16F7-4668-BE54-9A1E7A4F7556}") = "Sensors.Motion.Mpu6050", "..\..\..\..\Meadow.Foundation\Source\Meadow.Foundation.Peripherals\Sensors.Motion.Mpu6050\Driver\Sensors.Motion.Mpu6050.csproj", "{91567C8D-FC8F-4DE8-A80B-2F72B451C5F6}"
EndProject
Project("{9A19103F-16F7-4668-BE54-9A1E7A4F7556}") = "Sensors.Hid.Keyboard", "..\..\..\..\Meadow.Foundation\Source\Meadow.Foundation.Peripherals\Sensors.Hid.Keyboard\Driver\Sensors.Hid.Keyboard.csproj", "{2DCCD7C7-82A2-402B-A58A-F1C153332C69}"
EndProject
Project("{9A19103F-16F7-4668-BE54-9A1E7A4F7556}") = "Displays.Max7219", "..\..\..\..\Meadow.Foundation\Source\Meadow.Foundation.Peripherals\Displays.Max7219\Driver\Displays.Max7219.csproj", "{8D4C4337-4714-47DA-AF20-E8E8280FC4A6}"
EndProject
Project("{9A19103F-16F7-4668-BE54-9A1E7A4F7556}") = "Displays.TftSpi", "..\..\..\..\Meadow.Foundation\Source\Meadow.Foundation.Peripherals\Displays.TftSpi\Driver\Displays.TftSpi.csproj", "{181C145C-6FCE-4B11-A85C-3A41E70EEBE5}"
EndProject
Project("{9A19103F-16F7-4668-BE54-9A1E7A4F7556}") = "Sensors.Camera.Amg8833", "..\..\..\..\Meadow.Foundation\Source\Meadow.Foundation.Peripherals\Sensors.Camera.Amg8833\Driver\Sensors.Camera.Amg8833.csproj", "{F63DDA67-2885-4EAF-8620-B84E2D64CBA3}"
EndProject
Project("{9A19103F-16F7-4668-BE54-9A1E7A4F7556}") = "MQTTnet", "..\..\..\..\MQTTnet\Source\MQTTnet\MQTTnet.csproj", "{FDD86481-8A3C-4B04-AB6B-8AFF26033DD3}"
EndProject
Global
	GlobalSection(SolutionConfigurationPlatforms) = preSolution
		Debug|Any CPU = Debug|Any CPU
		Release|Any CPU = Release|Any CPU
	EndGlobalSection
	GlobalSection(ProjectConfigurationPlatforms) = postSolution
		{EF3129F9-76D0-4B04-9DFD-BA80FDD15DC1}.Debug|Any CPU.ActiveCfg = Debug|Any CPU
		{EF3129F9-76D0-4B04-9DFD-BA80FDD15DC1}.Debug|Any CPU.Build.0 = Debug|Any CPU
		{EF3129F9-76D0-4B04-9DFD-BA80FDD15DC1}.Release|Any CPU.ActiveCfg = Release|Any CPU
		{EF3129F9-76D0-4B04-9DFD-BA80FDD15DC1}.Release|Any CPU.Build.0 = Release|Any CPU
		{7828BCE1-CAAD-4139-806B-7723509C8DA0}.Debug|Any CPU.ActiveCfg = Debug|Any CPU
		{7828BCE1-CAAD-4139-806B-7723509C8DA0}.Debug|Any CPU.Build.0 = Debug|Any CPU
		{7828BCE1-CAAD-4139-806B-7723509C8DA0}.Release|Any CPU.ActiveCfg = Release|Any CPU
		{7828BCE1-CAAD-4139-806B-7723509C8DA0}.Release|Any CPU.Build.0 = Release|Any CPU
		{D6A8D5D9-1856-4FDE-A244-8515C73DFA4F}.Debug|Any CPU.ActiveCfg = Debug|Any CPU
		{D6A8D5D9-1856-4FDE-A244-8515C73DFA4F}.Debug|Any CPU.Build.0 = Debug|Any CPU
		{D6A8D5D9-1856-4FDE-A244-8515C73DFA4F}.Release|Any CPU.ActiveCfg = Release|Any CPU
		{D6A8D5D9-1856-4FDE-A244-8515C73DFA4F}.Release|Any CPU.Build.0 = Release|Any CPU
		{732C1A11-FD0E-4742-A86C-BE2E43B91EA1}.Debug|Any CPU.ActiveCfg = Debug|Any CPU
		{732C1A11-FD0E-4742-A86C-BE2E43B91EA1}.Debug|Any CPU.Build.0 = Debug|Any CPU
		{732C1A11-FD0E-4742-A86C-BE2E43B91EA1}.Release|Any CPU.ActiveCfg = Release|Any CPU
		{732C1A11-FD0E-4742-A86C-BE2E43B91EA1}.Release|Any CPU.Build.0 = Release|Any CPU
		{076DCC3A-9E17-4C73-A1E3-886076AF3CC0}.Debug|Any CPU.ActiveCfg = Debug|Any CPU
		{076DCC3A-9E17-4C73-A1E3-886076AF3CC0}.Debug|Any CPU.Build.0 = Debug|Any CPU
		{076DCC3A-9E17-4C73-A1E3-886076AF3CC0}.Release|Any CPU.ActiveCfg = Release|Any CPU
		{076DCC3A-9E17-4C73-A1E3-886076AF3CC0}.Release|Any CPU.Build.0 = Release|Any CPU
		{45E7D4D4-C4EB-439A-AAA2-CB85A04C3205}.Debug|Any CPU.ActiveCfg = Debug|Any CPU
		{45E7D4D4-C4EB-439A-AAA2-CB85A04C3205}.Debug|Any CPU.Build.0 = Debug|Any CPU
		{45E7D4D4-C4EB-439A-AAA2-CB85A04C3205}.Release|Any CPU.ActiveCfg = Release|Any CPU
		{45E7D4D4-C4EB-439A-AAA2-CB85A04C3205}.Release|Any CPU.Build.0 = Release|Any CPU
		{19EACCF7-7E0E-432A-8F55-7A77D418C283}.Debug|Any CPU.ActiveCfg = Debug|Any CPU
		{19EACCF7-7E0E-432A-8F55-7A77D418C283}.Debug|Any CPU.Build.0 = Debug|Any CPU
		{19EACCF7-7E0E-432A-8F55-7A77D418C283}.Release|Any CPU.ActiveCfg = Release|Any CPU
		{19EACCF7-7E0E-432A-8F55-7A77D418C283}.Release|Any CPU.Build.0 = Release|Any CPU
		{60BB0480-5DBF-42ED-B344-148FD3BE0C47}.Debug|Any CPU.ActiveCfg = Debug|Any CPU
		{60BB0480-5DBF-42ED-B344-148FD3BE0C47}.Debug|Any CPU.Build.0 = Debug|Any CPU
		{60BB0480-5DBF-42ED-B344-148FD3BE0C47}.Release|Any CPU.ActiveCfg = Release|Any CPU
		{60BB0480-5DBF-42ED-B344-148FD3BE0C47}.Release|Any CPU.Build.0 = Release|Any CPU
		{A78139FD-A90C-4F6E-820E-76274205E8A2}.Debug|Any CPU.ActiveCfg = Debug|Any CPU
		{A78139FD-A90C-4F6E-820E-76274205E8A2}.Debug|Any CPU.Build.0 = Debug|Any CPU
		{A78139FD-A90C-4F6E-820E-76274205E8A2}.Release|Any CPU.ActiveCfg = Release|Any CPU
		{A78139FD-A90C-4F6E-820E-76274205E8A2}.Release|Any CPU.Build.0 = Release|Any CPU
		{24B33019-6D9D-476C-94AE-7273C9A6B470}.Debug|Any CPU.ActiveCfg = Debug|Any CPU
		{24B33019-6D9D-476C-94AE-7273C9A6B470}.Debug|Any CPU.Build.0 = Debug|Any CPU
		{24B33019-6D9D-476C-94AE-7273C9A6B470}.Release|Any CPU.ActiveCfg = Release|Any CPU
		{24B33019-6D9D-476C-94AE-7273C9A6B470}.Release|Any CPU.Build.0 = Release|Any CPU
		{D6DBF6C2-2EBE-4C85-8B9B-BAEB1ED20E68}.Debug|Any CPU.ActiveCfg = Debug|Any CPU
		{D6DBF6C2-2EBE-4C85-8B9B-BAEB1ED20E68}.Debug|Any CPU.Build.0 = Debug|Any CPU
		{D6DBF6C2-2EBE-4C85-8B9B-BAEB1ED20E68}.Release|Any CPU.ActiveCfg = Release|Any CPU
		{D6DBF6C2-2EBE-4C85-8B9B-BAEB1ED20E68}.Release|Any CPU.Build.0 = Release|Any CPU
		{61E745AB-452C-433E-AAAC-C06DA6A9CA0A}.Debug|Any CPU.ActiveCfg = Debug|Any CPU
		{61E745AB-452C-433E-AAAC-C06DA6A9CA0A}.Debug|Any CPU.Build.0 = Debug|Any CPU
		{61E745AB-452C-433E-AAAC-C06DA6A9CA0A}.Release|Any CPU.ActiveCfg = Release|Any CPU
		{61E745AB-452C-433E-AAAC-C06DA6A9CA0A}.Release|Any CPU.Build.0 = Release|Any CPU
		{5D5B4A50-D50F-488B-9B14-6DEDBB3CE25D}.Debug|Any CPU.ActiveCfg = Debug|Any CPU
		{5D5B4A50-D50F-488B-9B14-6DEDBB3CE25D}.Debug|Any CPU.Build.0 = Debug|Any CPU
		{5D5B4A50-D50F-488B-9B14-6DEDBB3CE25D}.Release|Any CPU.ActiveCfg = Release|Any CPU
		{5D5B4A50-D50F-488B-9B14-6DEDBB3CE25D}.Release|Any CPU.Build.0 = Release|Any CPU
		{70CE51F7-E284-462F-898A-2D1E05F7C301}.Debug|Any CPU.ActiveCfg = Debug|Any CPU
		{70CE51F7-E284-462F-898A-2D1E05F7C301}.Debug|Any CPU.Build.0 = Debug|Any CPU
		{70CE51F7-E284-462F-898A-2D1E05F7C301}.Release|Any CPU.ActiveCfg = Release|Any CPU
		{70CE51F7-E284-462F-898A-2D1E05F7C301}.Release|Any CPU.Build.0 = Release|Any CPU
		{225FDA12-9095-45AC-93D0-B79532946B1F}.Debug|Any CPU.ActiveCfg = Debug|Any CPU
		{225FDA12-9095-45AC-93D0-B79532946B1F}.Debug|Any CPU.Build.0 = Debug|Any CPU
		{225FDA12-9095-45AC-93D0-B79532946B1F}.Release|Any CPU.ActiveCfg = Release|Any CPU
		{225FDA12-9095-45AC-93D0-B79532946B1F}.Release|Any CPU.Build.0 = Release|Any CPU
		{1B3382C5-6531-4FC3-8936-92AD05BD3E4E}.Debug|Any CPU.ActiveCfg = Debug|Any CPU
		{1B3382C5-6531-4FC3-8936-92AD05BD3E4E}.Debug|Any CPU.Build.0 = Debug|Any CPU
		{1B3382C5-6531-4FC3-8936-92AD05BD3E4E}.Release|Any CPU.ActiveCfg = Release|Any CPU
		{1B3382C5-6531-4FC3-8936-92AD05BD3E4E}.Release|Any CPU.Build.0 = Release|Any CPU
		{9F486880-DBF2-43ED-93E6-C95B39DEDBEF}.Debug|Any CPU.ActiveCfg = Debug|Any CPU
		{9F486880-DBF2-43ED-93E6-C95B39DEDBEF}.Debug|Any CPU.Build.0 = Debug|Any CPU
		{9F486880-DBF2-43ED-93E6-C95B39DEDBEF}.Debug|Any CPU.Deploy.0 = Debug|Any CPU
		{9F486880-DBF2-43ED-93E6-C95B39DEDBEF}.Release|Any CPU.ActiveCfg = Release|Any CPU
		{9F486880-DBF2-43ED-93E6-C95B39DEDBEF}.Release|Any CPU.Build.0 = Release|Any CPU
		{9F486880-DBF2-43ED-93E6-C95B39DEDBEF}.Release|Any CPU.Deploy.0 = Release|Any CPU
		{3775D881-9153-48E4-ABC1-BEC777A1EC58}.Debug|Any CPU.ActiveCfg = Debug|Any CPU
		{3775D881-9153-48E4-ABC1-BEC777A1EC58}.Debug|Any CPU.Build.0 = Debug|Any CPU
		{3775D881-9153-48E4-ABC1-BEC777A1EC58}.Release|Any CPU.ActiveCfg = Release|Any CPU
		{3775D881-9153-48E4-ABC1-BEC777A1EC58}.Release|Any CPU.Build.0 = Release|Any CPU
		{C99EE080-9267-495D-8258-2ACAEE263BA5}.Debug|Any CPU.ActiveCfg = Debug|Any CPU
		{C99EE080-9267-495D-8258-2ACAEE263BA5}.Debug|Any CPU.Build.0 = Debug|Any CPU
		{C99EE080-9267-495D-8258-2ACAEE263BA5}.Debug|Any CPU.Deploy.0 = Debug|Any CPU
		{C99EE080-9267-495D-8258-2ACAEE263BA5}.Release|Any CPU.ActiveCfg = Release|Any CPU
		{C99EE080-9267-495D-8258-2ACAEE263BA5}.Release|Any CPU.Build.0 = Release|Any CPU
		{C99EE080-9267-495D-8258-2ACAEE263BA5}.Release|Any CPU.Deploy.0 = Release|Any CPU
		{FDCF024C-C388-414B-92AB-892AC3948CAE}.Debug|Any CPU.ActiveCfg = Debug|Any CPU
		{FDCF024C-C388-414B-92AB-892AC3948CAE}.Debug|Any CPU.Build.0 = Debug|Any CPU
		{FDCF024C-C388-414B-92AB-892AC3948CAE}.Debug|Any CPU.Deploy.0 = Debug|Any CPU
		{FDCF024C-C388-414B-92AB-892AC3948CAE}.Release|Any CPU.ActiveCfg = Release|Any CPU
		{FDCF024C-C388-414B-92AB-892AC3948CAE}.Release|Any CPU.Build.0 = Release|Any CPU
		{FDCF024C-C388-414B-92AB-892AC3948CAE}.Release|Any CPU.Deploy.0 = Release|Any CPU
		{7F01428F-FDE3-48A1-8EC6-8E0632864342}.Debug|Any CPU.ActiveCfg = Debug|Any CPU
		{7F01428F-FDE3-48A1-8EC6-8E0632864342}.Debug|Any CPU.Build.0 = Debug|Any CPU
		{7F01428F-FDE3-48A1-8EC6-8E0632864342}.Release|Any CPU.ActiveCfg = Release|Any CPU
		{7F01428F-FDE3-48A1-8EC6-8E0632864342}.Release|Any CPU.Build.0 = Release|Any CPU
		{38083251-A2F3-427A-9B78-0D8F676D9C7B}.Debug|Any CPU.ActiveCfg = Debug|Any CPU
		{38083251-A2F3-427A-9B78-0D8F676D9C7B}.Debug|Any CPU.Build.0 = Debug|Any CPU
		{38083251-A2F3-427A-9B78-0D8F676D9C7B}.Release|Any CPU.ActiveCfg = Release|Any CPU
		{38083251-A2F3-427A-9B78-0D8F676D9C7B}.Release|Any CPU.Build.0 = Release|Any CPU
		{7C355900-9F43-4CBB-BA99-30B20C6EDA8C}.Debug|Any CPU.ActiveCfg = Debug|Any CPU
		{7C355900-9F43-4CBB-BA99-30B20C6EDA8C}.Debug|Any CPU.Build.0 = Debug|Any CPU
		{7C355900-9F43-4CBB-BA99-30B20C6EDA8C}.Debug|Any CPU.Deploy.0 = Debug|Any CPU
		{7C355900-9F43-4CBB-BA99-30B20C6EDA8C}.Release|Any CPU.ActiveCfg = Release|Any CPU
		{7C355900-9F43-4CBB-BA99-30B20C6EDA8C}.Release|Any CPU.Build.0 = Release|Any CPU
		{7C355900-9F43-4CBB-BA99-30B20C6EDA8C}.Release|Any CPU.Deploy.0 = Release|Any CPU
		{C1566389-A47D-4AD7-BE50-4D2A4DF9D443}.Debug|Any CPU.ActiveCfg = Debug|Any CPU
		{C1566389-A47D-4AD7-BE50-4D2A4DF9D443}.Debug|Any CPU.Build.0 = Debug|Any CPU
		{C1566389-A47D-4AD7-BE50-4D2A4DF9D443}.Debug|Any CPU.Deploy.0 = Debug|Any CPU
		{C1566389-A47D-4AD7-BE50-4D2A4DF9D443}.Release|Any CPU.ActiveCfg = Release|Any CPU
		{C1566389-A47D-4AD7-BE50-4D2A4DF9D443}.Release|Any CPU.Build.0 = Release|Any CPU
		{C1566389-A47D-4AD7-BE50-4D2A4DF9D443}.Release|Any CPU.Deploy.0 = Release|Any CPU
		{879D4B00-3AA3-4589-A835-EBC4682E81F8}.Debug|Any CPU.ActiveCfg = Debug|Any CPU
		{879D4B00-3AA3-4589-A835-EBC4682E81F8}.Debug|Any CPU.Build.0 = Debug|Any CPU
		{879D4B00-3AA3-4589-A835-EBC4682E81F8}.Release|Any CPU.ActiveCfg = Release|Any CPU
		{879D4B00-3AA3-4589-A835-EBC4682E81F8}.Release|Any CPU.Build.0 = Release|Any CPU
		{762EA2D1-F5EC-4E25-8149-4F666E223C75}.Debug|Any CPU.ActiveCfg = Debug|Any CPU
		{762EA2D1-F5EC-4E25-8149-4F666E223C75}.Debug|Any CPU.Build.0 = Debug|Any CPU
		{762EA2D1-F5EC-4E25-8149-4F666E223C75}.Release|Any CPU.ActiveCfg = Release|Any CPU
		{762EA2D1-F5EC-4E25-8149-4F666E223C75}.Release|Any CPU.Build.0 = Release|Any CPU
		{6EF32010-4D67-4AAC-8B62-5BF6571EEF4A}.Debug|Any CPU.ActiveCfg = Debug|Any CPU
		{6EF32010-4D67-4AAC-8B62-5BF6571EEF4A}.Debug|Any CPU.Build.0 = Debug|Any CPU
		{6EF32010-4D67-4AAC-8B62-5BF6571EEF4A}.Release|Any CPU.ActiveCfg = Release|Any CPU
		{6EF32010-4D67-4AAC-8B62-5BF6571EEF4A}.Release|Any CPU.Build.0 = Release|Any CPU
		{96238003-4177-4447-8641-D182092927E0}.Debug|Any CPU.ActiveCfg = Debug|Any CPU
		{96238003-4177-4447-8641-D182092927E0}.Debug|Any CPU.Build.0 = Debug|Any CPU
		{96238003-4177-4447-8641-D182092927E0}.Debug|Any CPU.Deploy.0 = Debug|Any CPU
		{96238003-4177-4447-8641-D182092927E0}.Release|Any CPU.ActiveCfg = Release|Any CPU
		{96238003-4177-4447-8641-D182092927E0}.Release|Any CPU.Build.0 = Release|Any CPU
		{96238003-4177-4447-8641-D182092927E0}.Release|Any CPU.Deploy.0 = Release|Any CPU
		{57B4CC17-D30B-4A25-AB6E-8E6B528CBB7E}.Debug|Any CPU.ActiveCfg = Debug|Any CPU
		{57B4CC17-D30B-4A25-AB6E-8E6B528CBB7E}.Debug|Any CPU.Build.0 = Debug|Any CPU
		{57B4CC17-D30B-4A25-AB6E-8E6B528CBB7E}.Debug|Any CPU.Deploy.0 = Debug|Any CPU
		{57B4CC17-D30B-4A25-AB6E-8E6B528CBB7E}.Release|Any CPU.ActiveCfg = Release|Any CPU
		{57B4CC17-D30B-4A25-AB6E-8E6B528CBB7E}.Release|Any CPU.Build.0 = Release|Any CPU
		{57B4CC17-D30B-4A25-AB6E-8E6B528CBB7E}.Release|Any CPU.Deploy.0 = Release|Any CPU
		{F4C56C82-B8C0-4EEA-BE5D-B9C5612A70C2}.Debug|Any CPU.ActiveCfg = Debug|Any CPU
		{F4C56C82-B8C0-4EEA-BE5D-B9C5612A70C2}.Debug|Any CPU.Build.0 = Debug|Any CPU
		{F4C56C82-B8C0-4EEA-BE5D-B9C5612A70C2}.Release|Any CPU.ActiveCfg = Release|Any CPU
		{F4C56C82-B8C0-4EEA-BE5D-B9C5612A70C2}.Release|Any CPU.Build.0 = Release|Any CPU
		{E1E538B0-3DD4-478F-9E1B-EEE5DB37FD5A}.Debug|Any CPU.ActiveCfg = Debug|Any CPU
		{E1E538B0-3DD4-478F-9E1B-EEE5DB37FD5A}.Debug|Any CPU.Build.0 = Debug|Any CPU
		{E1E538B0-3DD4-478F-9E1B-EEE5DB37FD5A}.Release|Any CPU.ActiveCfg = Release|Any CPU
		{E1E538B0-3DD4-478F-9E1B-EEE5DB37FD5A}.Release|Any CPU.Build.0 = Release|Any CPU
		{4507895B-D1CF-4702-8570-C8818E2FD820}.Debug|Any CPU.ActiveCfg = Debug|Any CPU
		{4507895B-D1CF-4702-8570-C8818E2FD820}.Debug|Any CPU.Build.0 = Debug|Any CPU
		{4507895B-D1CF-4702-8570-C8818E2FD820}.Debug|Any CPU.Deploy.0 = Debug|Any CPU
		{4507895B-D1CF-4702-8570-C8818E2FD820}.Release|Any CPU.ActiveCfg = Release|Any CPU
		{4507895B-D1CF-4702-8570-C8818E2FD820}.Release|Any CPU.Build.0 = Release|Any CPU
		{4507895B-D1CF-4702-8570-C8818E2FD820}.Release|Any CPU.Deploy.0 = Release|Any CPU
		{1F0B664F-AD9A-4FDC-936C-E4F5F3A20897}.Debug|Any CPU.ActiveCfg = Debug|Any CPU
		{1F0B664F-AD9A-4FDC-936C-E4F5F3A20897}.Debug|Any CPU.Build.0 = Debug|Any CPU
		{1F0B664F-AD9A-4FDC-936C-E4F5F3A20897}.Release|Any CPU.ActiveCfg = Release|Any CPU
		{1F0B664F-AD9A-4FDC-936C-E4F5F3A20897}.Release|Any CPU.Build.0 = Release|Any CPU
		{71C0BD71-5A7F-4E60-8734-F0567E996525}.Debug|Any CPU.ActiveCfg = Debug|Any CPU
		{71C0BD71-5A7F-4E60-8734-F0567E996525}.Debug|Any CPU.Build.0 = Debug|Any CPU
		{71C0BD71-5A7F-4E60-8734-F0567E996525}.Debug|Any CPU.Deploy.0 = Debug|Any CPU
		{71C0BD71-5A7F-4E60-8734-F0567E996525}.Release|Any CPU.ActiveCfg = Release|Any CPU
		{71C0BD71-5A7F-4E60-8734-F0567E996525}.Release|Any CPU.Build.0 = Release|Any CPU
		{71C0BD71-5A7F-4E60-8734-F0567E996525}.Release|Any CPU.Deploy.0 = Release|Any CPU
		{55A46D74-C2A9-4A15-88F2-967654687218}.Debug|Any CPU.ActiveCfg = Debug|Any CPU
		{55A46D74-C2A9-4A15-88F2-967654687218}.Debug|Any CPU.Build.0 = Debug|Any CPU
		{55A46D74-C2A9-4A15-88F2-967654687218}.Debug|Any CPU.Deploy.0 = Debug|Any CPU
		{55A46D74-C2A9-4A15-88F2-967654687218}.Release|Any CPU.ActiveCfg = Release|Any CPU
		{55A46D74-C2A9-4A15-88F2-967654687218}.Release|Any CPU.Build.0 = Release|Any CPU
		{55A46D74-C2A9-4A15-88F2-967654687218}.Release|Any CPU.Deploy.0 = Release|Any CPU
		{91567C8D-FC8F-4DE8-A80B-2F72B451C5F6}.Debug|Any CPU.ActiveCfg = Debug|Any CPU
		{91567C8D-FC8F-4DE8-A80B-2F72B451C5F6}.Debug|Any CPU.Build.0 = Debug|Any CPU
		{91567C8D-FC8F-4DE8-A80B-2F72B451C5F6}.Debug|Any CPU.Deploy.0 = Debug|Any CPU
		{91567C8D-FC8F-4DE8-A80B-2F72B451C5F6}.Release|Any CPU.ActiveCfg = Release|Any CPU
		{91567C8D-FC8F-4DE8-A80B-2F72B451C5F6}.Release|Any CPU.Build.0 = Release|Any CPU
		{91567C8D-FC8F-4DE8-A80B-2F72B451C5F6}.Release|Any CPU.Deploy.0 = Release|Any CPU
		{2DCCD7C7-82A2-402B-A58A-F1C153332C69}.Debug|Any CPU.ActiveCfg = Debug|Any CPU
		{2DCCD7C7-82A2-402B-A58A-F1C153332C69}.Debug|Any CPU.Build.0 = Debug|Any CPU
		{2DCCD7C7-82A2-402B-A58A-F1C153332C69}.Release|Any CPU.ActiveCfg = Release|Any CPU
		{2DCCD7C7-82A2-402B-A58A-F1C153332C69}.Release|Any CPU.Build.0 = Release|Any CPU
		{8D4C4337-4714-47DA-AF20-E8E8280FC4A6}.Debug|Any CPU.ActiveCfg = Debug|Any CPU
		{8D4C4337-4714-47DA-AF20-E8E8280FC4A6}.Debug|Any CPU.Build.0 = Debug|Any CPU
		{8D4C4337-4714-47DA-AF20-E8E8280FC4A6}.Debug|Any CPU.Deploy.0 = Debug|Any CPU
		{8D4C4337-4714-47DA-AF20-E8E8280FC4A6}.Release|Any CPU.ActiveCfg = Release|Any CPU
		{8D4C4337-4714-47DA-AF20-E8E8280FC4A6}.Release|Any CPU.Build.0 = Release|Any CPU
		{8D4C4337-4714-47DA-AF20-E8E8280FC4A6}.Release|Any CPU.Deploy.0 = Release|Any CPU
		{181C145C-6FCE-4B11-A85C-3A41E70EEBE5}.Debug|Any CPU.ActiveCfg = Debug|Any CPU
		{181C145C-6FCE-4B11-A85C-3A41E70EEBE5}.Debug|Any CPU.Build.0 = Debug|Any CPU
		{181C145C-6FCE-4B11-A85C-3A41E70EEBE5}.Debug|Any CPU.Deploy.0 = Debug|Any CPU
		{181C145C-6FCE-4B11-A85C-3A41E70EEBE5}.Release|Any CPU.ActiveCfg = Release|Any CPU
		{181C145C-6FCE-4B11-A85C-3A41E70EEBE5}.Release|Any CPU.Build.0 = Release|Any CPU
		{181C145C-6FCE-4B11-A85C-3A41E70EEBE5}.Release|Any CPU.Deploy.0 = Release|Any CPU
		{F63DDA67-2885-4EAF-8620-B84E2D64CBA3}.Debug|Any CPU.ActiveCfg = Debug|Any CPU
		{F63DDA67-2885-4EAF-8620-B84E2D64CBA3}.Debug|Any CPU.Build.0 = Debug|Any CPU
		{F63DDA67-2885-4EAF-8620-B84E2D64CBA3}.Debug|Any CPU.Deploy.0 = Debug|Any CPU
		{F63DDA67-2885-4EAF-8620-B84E2D64CBA3}.Release|Any CPU.ActiveCfg = Release|Any CPU
		{F63DDA67-2885-4EAF-8620-B84E2D64CBA3}.Release|Any CPU.Build.0 = Release|Any CPU
		{F63DDA67-2885-4EAF-8620-B84E2D64CBA3}.Release|Any CPU.Deploy.0 = Release|Any CPU
		{FDD86481-8A3C-4B04-AB6B-8AFF26033DD3}.Debug|Any CPU.ActiveCfg = Debug|Any CPU
		{FDD86481-8A3C-4B04-AB6B-8AFF26033DD3}.Debug|Any CPU.Build.0 = Debug|Any CPU
		{FDD86481-8A3C-4B04-AB6B-8AFF26033DD3}.Release|Any CPU.ActiveCfg = Release|Any CPU
		{FDD86481-8A3C-4B04-AB6B-8AFF26033DD3}.Release|Any CPU.Build.0 = Release|Any CPU
	EndGlobalSection
	GlobalSection(SolutionProperties) = preSolution
		HideSolutionNode = FALSE
	EndGlobalSection
	GlobalSection(NestedProjects) = preSolution
		{EF3129F9-76D0-4B04-9DFD-BA80FDD15DC1} = {5F778622-158A-49D8-B9DC-8B814E1CFD71}
		{7828BCE1-CAAD-4139-806B-7723509C8DA0} = {5F778622-158A-49D8-B9DC-8B814E1CFD71}
		{D6A8D5D9-1856-4FDE-A244-8515C73DFA4F} = {41090F56-F79B-44A1-BD13-2C6305A08D7D}
		{732C1A11-FD0E-4742-A86C-BE2E43B91EA1} = {5F778622-158A-49D8-B9DC-8B814E1CFD71}
		{076DCC3A-9E17-4C73-A1E3-886076AF3CC0} = {5F778622-158A-49D8-B9DC-8B814E1CFD71}
		{45E7D4D4-C4EB-439A-AAA2-CB85A04C3205} = {5F778622-158A-49D8-B9DC-8B814E1CFD71}
		{19EACCF7-7E0E-432A-8F55-7A77D418C283} = {5F778622-158A-49D8-B9DC-8B814E1CFD71}
		{60BB0480-5DBF-42ED-B344-148FD3BE0C47} = {5F778622-158A-49D8-B9DC-8B814E1CFD71}
		{A78139FD-A90C-4F6E-820E-76274205E8A2} = {5F778622-158A-49D8-B9DC-8B814E1CFD71}
		{24B33019-6D9D-476C-94AE-7273C9A6B470} = {41090F56-F79B-44A1-BD13-2C6305A08D7D}
		{D6DBF6C2-2EBE-4C85-8B9B-BAEB1ED20E68} = {58C4412D-464A-4AB5-ACC8-72B446780173}
		{61E745AB-452C-433E-AAAC-C06DA6A9CA0A} = {58C4412D-464A-4AB5-ACC8-72B446780173}
		{5D5B4A50-D50F-488B-9B14-6DEDBB3CE25D} = {7767CC6F-1548-49C7-BC3B-CC7C202A2901}
		{70CE51F7-E284-462F-898A-2D1E05F7C301} = {58C4412D-464A-4AB5-ACC8-72B446780173}
		{225FDA12-9095-45AC-93D0-B79532946B1F} = {58C4412D-464A-4AB5-ACC8-72B446780173}
		{1B3382C5-6531-4FC3-8936-92AD05BD3E4E} = {E948058B-8F6D-4548-A1EE-0427046711A2}
		{9F486880-DBF2-43ED-93E6-C95B39DEDBEF} = {E948058B-8F6D-4548-A1EE-0427046711A2}
		{3775D881-9153-48E4-ABC1-BEC777A1EC58} = {E948058B-8F6D-4548-A1EE-0427046711A2}
		{C99EE080-9267-495D-8258-2ACAEE263BA5} = {E948058B-8F6D-4548-A1EE-0427046711A2}
		{FDCF024C-C388-414B-92AB-892AC3948CAE} = {E948058B-8F6D-4548-A1EE-0427046711A2}
		{7F01428F-FDE3-48A1-8EC6-8E0632864342} = {E948058B-8F6D-4548-A1EE-0427046711A2}
		{38083251-A2F3-427A-9B78-0D8F676D9C7B} = {E948058B-8F6D-4548-A1EE-0427046711A2}
		{7C355900-9F43-4CBB-BA99-30B20C6EDA8C} = {E948058B-8F6D-4548-A1EE-0427046711A2}
		{C1566389-A47D-4AD7-BE50-4D2A4DF9D443} = {E948058B-8F6D-4548-A1EE-0427046711A2}
		{879D4B00-3AA3-4589-A835-EBC4682E81F8} = {E948058B-8F6D-4548-A1EE-0427046711A2}
		{762EA2D1-F5EC-4E25-8149-4F666E223C75} = {E948058B-8F6D-4548-A1EE-0427046711A2}
		{6EF32010-4D67-4AAC-8B62-5BF6571EEF4A} = {E948058B-8F6D-4548-A1EE-0427046711A2}
		{96238003-4177-4447-8641-D182092927E0} = {E948058B-8F6D-4548-A1EE-0427046711A2}
		{57B4CC17-D30B-4A25-AB6E-8E6B528CBB7E} = {E948058B-8F6D-4548-A1EE-0427046711A2}
		{F4C56C82-B8C0-4EEA-BE5D-B9C5612A70C2} = {E948058B-8F6D-4548-A1EE-0427046711A2}
		{E1E538B0-3DD4-478F-9E1B-EEE5DB37FD5A} = {E948058B-8F6D-4548-A1EE-0427046711A2}
		{4507895B-D1CF-4702-8570-C8818E2FD820} = {E948058B-8F6D-4548-A1EE-0427046711A2}
		{1F0B664F-AD9A-4FDC-936C-E4F5F3A20897} = {E948058B-8F6D-4548-A1EE-0427046711A2}
		{71C0BD71-5A7F-4E60-8734-F0567E996525} = {E948058B-8F6D-4548-A1EE-0427046711A2}
		{55A46D74-C2A9-4A15-88F2-967654687218} = {E948058B-8F6D-4548-A1EE-0427046711A2}
		{91567C8D-FC8F-4DE8-A80B-2F72B451C5F6} = {E948058B-8F6D-4548-A1EE-0427046711A2}
		{2DCCD7C7-82A2-402B-A58A-F1C153332C69} = {E948058B-8F6D-4548-A1EE-0427046711A2}
		{8D4C4337-4714-47DA-AF20-E8E8280FC4A6} = {E948058B-8F6D-4548-A1EE-0427046711A2}
		{181C145C-6FCE-4B11-A85C-3A41E70EEBE5} = {E948058B-8F6D-4548-A1EE-0427046711A2}
		{F63DDA67-2885-4EAF-8620-B84E2D64CBA3} = {E948058B-8F6D-4548-A1EE-0427046711A2}
		{FDD86481-8A3C-4B04-AB6B-8AFF26033DD3} = {E948058B-8F6D-4548-A1EE-0427046711A2}
	EndGlobalSection
	GlobalSection(ExtensibilityGlobals) = postSolution
		SolutionGuid = {E3F002EA-1A25-487F-9A5D-93D1E7EC6E31}
	EndGlobalSection
EndGlobal
