
Microsoft Visual Studio Solution File, Format Version 12.00
# Visual Studio Version 17
VisualStudioVersion = 17.6.33723.286
MinimumVisualStudioVersion = 10.0.40219.1
Project("{9A19103F-16F7-4668-BE54-9A1E7A4F7556}") = "Blinky", "Blinky\Blinky.csproj", "{EF3129F9-76D0-4B04-9DFD-BA80FDD15DC1}"
EndProject
Project("{9A19103F-16F7-4668-BE54-9A1E7A4F7556}") = "CharacterDisplaySample", "CharacterDisplaySample\CharacterDisplaySample.csproj", "{7828BCE1-CAAD-4139-806B-7723509C8DA0}"
EndProject
Project("{9A19103F-16F7-4668-BE54-9A1E7A4F7556}") = "WifiWeather", "WifiWeather\WifiWeather.csproj", "{D6A8D5D9-1856-4FDE-A244-8515C73DFA4F}"
EndProject
Project("{2150E333-8FDC-42A3-9474-1A3956D46DE8}") = "Raspberry Pi", "Raspberry Pi", "{17BB45E4-7B9D-4A90-84B4-E37260E362B2}"
EndProject
Project("{9A19103F-16F7-4668-BE54-9A1E7A4F7556}") = "Ads1015_Sample", "Ads1015_Sample\Ads1015_Sample.csproj", "{EF215E82-4DF1-4E03-AF7C-E3E1100351FD}"
EndProject
Project("{9A19103F-16F7-4668-BE54-9A1E7A4F7556}") = "Bme280_Sample", "Bme280_Sample\Bme280_Sample.csproj", "{7133A9F4-7362-4C6B-BD19-CDFB4A1C678E}"
EndProject
Project("{9A19103F-16F7-4668-BE54-9A1E7A4F7556}") = "Led_Sample", "Led_Sample\Led_Sample.csproj", "{FC1689F1-137F-4688-A07D-999A0B538D5F}"
EndProject
Project("{9A19103F-16F7-4668-BE54-9A1E7A4F7556}") = "PushButton_Sample", "PushButton_Sample\PushButton_Sample.csproj", "{2763FAD6-3AC8-4C08-BC55-ACB9767E7A7A}"
EndProject
Project("{9A19103F-16F7-4668-BE54-9A1E7A4F7556}") = "ST7789_Sample", "ST7789_Sample\ST7789_Sample.csproj", "{68C2BCE6-C366-44B0-B319-357FA250DE51}"
EndProject
Project("{9A19103F-16F7-4668-BE54-9A1E7A4F7556}") = "Amg8833_Sample", "Amg8833_Sample\Amg8833_Sample.csproj", "{18FB77AD-CD17-4CE7-8910-74653F669F80}"
EndProject
Project("{2150E333-8FDC-42A3-9474-1A3956D46DE8}") = "_External", "_External", "{22C32C2E-F0DB-4970-B742-395FEBF34C22}"
EndProject
Project("{9A19103F-16F7-4668-BE54-9A1E7A4F7556}") = "Meadow.Units", "..\..\..\..\Meadow.Units\Source\Meadow.Units\Meadow.Units.csproj", "{10710E8C-3192-4ABC-BD08-06A9ADE90D93}"
EndProject
Project("{9A19103F-16F7-4668-BE54-9A1E7A4F7556}") = "Meadow.Logging", "..\..\..\..\Meadow.Logging\Source\Meadow.Logging\lib\Meadow.Logging.csproj", "{AD7E2CC5-E01D-48C4-919F-980789C2456A}"
EndProject
Project("{9A19103F-16F7-4668-BE54-9A1E7A4F7556}") = "Meadow.Contracts", "..\..\..\..\Meadow.Contracts\Source\Meadow.Contracts\Meadow.Contracts.csproj", "{0657248B-1627-4988-A7E1-3FA3571317B4}"
EndProject
Project("{9A19103F-16F7-4668-BE54-9A1E7A4F7556}") = "Meadow.Core", "..\..\..\..\Meadow.Core\source\Meadow.Core\Meadow.Core.csproj", "{9BE48192-94C3-4127-BDF3-2583670FBB70}"
EndProject
Project("{9A19103F-16F7-4668-BE54-9A1E7A4F7556}") = "Meadow.Linux", "..\..\..\..\Meadow.Core\source\implementations\linux\Meadow.Linux\Meadow.Linux.csproj", "{81EB5C37-3954-4A4E-BF7F-78A774DCA17D}"
EndProject
Project("{9A19103F-16F7-4668-BE54-9A1E7A4F7556}") = "Meadow.Modbus", "..\..\..\..\Meadow.Modbus\src\Meadow.Modbus\Meadow.Modbus.csproj", "{607E13E2-4B92-42B0-B39B-366F9E3F7237}"
EndProject
Project("{9A19103F-16F7-4668-BE54-9A1E7A4F7556}") = "MQTTnet", "..\..\..\..\MQTTnet\Source\MQTTnet\MQTTnet.csproj", "{9D3EB8B5-9356-403F-9C08-9078BB0D1401}"
EndProject
Project("{9A19103F-16F7-4668-BE54-9A1E7A4F7556}") = "Graphics.MicroGraphics", "..\..\..\..\Meadow.Foundation\Source\Meadow.Foundation.Libraries_and_Frameworks\Graphics.MicroGraphics\Driver\Graphics.MicroGraphics.csproj", "{EEF34726-2392-4878-8203-0C4386BEC029}"
EndProject
Project("{9A19103F-16F7-4668-BE54-9A1E7A4F7556}") = "Graphics.MicroLayout", "..\..\..\..\Meadow.Foundation\Source\Meadow.Foundation.Libraries_and_Frameworks\Graphics.MicroLayout\Driver\Graphics.MicroLayout.csproj", "{D40D5F04-E39A-4C97-8C23-F579DEF1FE29}"
EndProject
Project("{9A19103F-16F7-4668-BE54-9A1E7A4F7556}") = "Displays.AsciiConsole", "..\..\..\..\Meadow.Foundation\Source\Meadow.Foundation.Peripherals\Displays.AsciiConsole\Driver\Displays.AsciiConsole.csproj", "{D218F649-96BD-4465-ABFE-163CB75FBD02}"
EndProject
Project("{9A19103F-16F7-4668-BE54-9A1E7A4F7556}") = "ICs.ADC.Ads1x15", "..\..\..\..\Meadow.Foundation\Source\Meadow.Foundation.Peripherals\ICs.ADC.Ads1x15\Driver\ICs.ADC.Ads1x15.csproj", "{84DF25BF-2FCF-4F09-BFA5-28F18650EF0F}"
EndProject
Project("{9A19103F-16F7-4668-BE54-9A1E7A4F7556}") = "Sensors.Camera.Amg8833", "..\..\..\..\Meadow.Foundation\Source\Meadow.Foundation.Peripherals\Sensors.Camera.Amg8833\Driver\Sensors.Camera.Amg8833.csproj", "{5030FBA8-4305-49B8-8DAB-E39AF922AB40}"
EndProject
Project("{9A19103F-16F7-4668-BE54-9A1E7A4F7556}") = "Meadow.Foundation.Core", "..\..\..\..\Meadow.Foundation\Source\Meadow.Foundation.Core\Meadow.Foundation.Core.csproj", "{75A4CB5F-5E82-416E-895E-168C0CDDDFE9}"
EndProject
Project("{9A19103F-16F7-4668-BE54-9A1E7A4F7556}") = "Displays.Lcd.CharacterDisplay", "..\..\..\..\Meadow.Foundation\Source\Meadow.Foundation.Peripherals\Displays.Lcd.CharacterDisplay\Driver\Displays.Lcd.CharacterDisplay.csproj", "{37AB6A6F-F23D-4795-B98A-BA4CBA5228E9}"
EndProject
Project("{9A19103F-16F7-4668-BE54-9A1E7A4F7556}") = "Displays.TftSpi", "..\..\..\..\Meadow.Foundation\Source\Meadow.Foundation.Peripherals\Displays.TftSpi\Driver\Displays.TftSpi.csproj", "{FE666D6C-9035-4739-A685-50213BA05BC0}"
EndProject
Project("{9A19103F-16F7-4668-BE54-9A1E7A4F7556}") = "Displays.Gtk", "..\..\..\..\Meadow.Foundation\Source\Meadow.Foundation.Peripherals\Displays.Gtk\Driver\Displays.Gtk.csproj", "{BF63512A-DCFF-4F15-9972-BA37C75A558D}"
EndProject
Project("{9A19103F-16F7-4668-BE54-9A1E7A4F7556}") = "DistanceMeter", "DistanceMeter\DistanceMeter.csproj", "{9A849A28-5ED2-4EBF-9F44-0CF8B99F7A74}"
EndProject
Project("{9A19103F-16F7-4668-BE54-9A1E7A4F7556}") = "Sensors.Distance.Vl53l0x", "..\..\..\..\Meadow.Foundation\Source\Meadow.Foundation.Peripherals\Sensors.Distance.Vl53l0x\Driver\Sensors.Distance.Vl53l0x.csproj", "{B122048D-A08F-4839-A4AD-379AF74ADD53}"
EndProject
Project("{9A19103F-16F7-4668-BE54-9A1E7A4F7556}") = "DigitalOutputs_Sample", "DigitalOutputs_Sample\DigitalOutputs_Sample.csproj", "{31847732-5F45-4314-9F2A-78D24658EF8F}"
EndProject
Project("{9A19103F-16F7-4668-BE54-9A1E7A4F7556}") = "Sensors.Atmospheric.Bmx280", "..\..\..\..\Meadow.Foundation\Source\Meadow.Foundation.Peripherals\Sensors.Atmospheric.Bmx280\Driver\Sensors.Atmospheric.Bmx280.csproj", "{026E5C9C-C0C5-4038-A018-1969C988678F}"
EndProject
Project("{9A19103F-16F7-4668-BE54-9A1E7A4F7556}") = "MicroJson", "..\..\..\..\Meadow.Foundation\Source\Meadow.Foundation.Libraries_and_Frameworks\Serialization.MicroJson\Driver\MicroJson.csproj", "{6F91E65F-3789-40BB-9C66-A7FA7A352A15}"
EndProject
Global
	GlobalSection(SolutionConfigurationPlatforms) = preSolution
		Debug|Any CPU = Debug|Any CPU
		Release|Any CPU = Release|Any CPU
	EndGlobalSection
	GlobalSection(ProjectConfigurationPlatforms) = postSolution
		{EF3129F9-76D0-4B04-9DFD-BA80FDD15DC1}.Debug|Any CPU.ActiveCfg = Debug|Any CPU
		{EF3129F9-76D0-4B04-9DFD-BA80FDD15DC1}.Debug|Any CPU.Build.0 = Debug|Any CPU
		{EF3129F9-76D0-4B04-9DFD-BA80FDD15DC1}.Release|Any CPU.ActiveCfg = Release|Any CPU
		{EF3129F9-76D0-4B04-9DFD-BA80FDD15DC1}.Release|Any CPU.Build.0 = Release|Any CPU
		{7828BCE1-CAAD-4139-806B-7723509C8DA0}.Debug|Any CPU.ActiveCfg = Debug|Any CPU
		{7828BCE1-CAAD-4139-806B-7723509C8DA0}.Debug|Any CPU.Build.0 = Debug|Any CPU
		{7828BCE1-CAAD-4139-806B-7723509C8DA0}.Release|Any CPU.ActiveCfg = Release|Any CPU
		{7828BCE1-CAAD-4139-806B-7723509C8DA0}.Release|Any CPU.Build.0 = Release|Any CPU
		{D6A8D5D9-1856-4FDE-A244-8515C73DFA4F}.Debug|Any CPU.ActiveCfg = Debug|Any CPU
		{D6A8D5D9-1856-4FDE-A244-8515C73DFA4F}.Debug|Any CPU.Build.0 = Debug|Any CPU
		{D6A8D5D9-1856-4FDE-A244-8515C73DFA4F}.Release|Any CPU.ActiveCfg = Release|Any CPU
		{D6A8D5D9-1856-4FDE-A244-8515C73DFA4F}.Release|Any CPU.Build.0 = Release|Any CPU
		{EF215E82-4DF1-4E03-AF7C-E3E1100351FD}.Debug|Any CPU.ActiveCfg = Debug|Any CPU
		{EF215E82-4DF1-4E03-AF7C-E3E1100351FD}.Debug|Any CPU.Build.0 = Debug|Any CPU
		{EF215E82-4DF1-4E03-AF7C-E3E1100351FD}.Release|Any CPU.ActiveCfg = Release|Any CPU
		{EF215E82-4DF1-4E03-AF7C-E3E1100351FD}.Release|Any CPU.Build.0 = Release|Any CPU
		{7133A9F4-7362-4C6B-BD19-CDFB4A1C678E}.Debug|Any CPU.ActiveCfg = Debug|Any CPU
		{7133A9F4-7362-4C6B-BD19-CDFB4A1C678E}.Debug|Any CPU.Build.0 = Debug|Any CPU
		{7133A9F4-7362-4C6B-BD19-CDFB4A1C678E}.Release|Any CPU.ActiveCfg = Release|Any CPU
		{7133A9F4-7362-4C6B-BD19-CDFB4A1C678E}.Release|Any CPU.Build.0 = Release|Any CPU
		{FC1689F1-137F-4688-A07D-999A0B538D5F}.Debug|Any CPU.ActiveCfg = Debug|Any CPU
		{FC1689F1-137F-4688-A07D-999A0B538D5F}.Debug|Any CPU.Build.0 = Debug|Any CPU
		{FC1689F1-137F-4688-A07D-999A0B538D5F}.Release|Any CPU.ActiveCfg = Release|Any CPU
		{FC1689F1-137F-4688-A07D-999A0B538D5F}.Release|Any CPU.Build.0 = Release|Any CPU
		{2763FAD6-3AC8-4C08-BC55-ACB9767E7A7A}.Debug|Any CPU.ActiveCfg = Debug|Any CPU
		{2763FAD6-3AC8-4C08-BC55-ACB9767E7A7A}.Debug|Any CPU.Build.0 = Debug|Any CPU
		{2763FAD6-3AC8-4C08-BC55-ACB9767E7A7A}.Release|Any CPU.ActiveCfg = Release|Any CPU
		{2763FAD6-3AC8-4C08-BC55-ACB9767E7A7A}.Release|Any CPU.Build.0 = Release|Any CPU
		{68C2BCE6-C366-44B0-B319-357FA250DE51}.Debug|Any CPU.ActiveCfg = Debug|Any CPU
		{68C2BCE6-C366-44B0-B319-357FA250DE51}.Debug|Any CPU.Build.0 = Debug|Any CPU
		{68C2BCE6-C366-44B0-B319-357FA250DE51}.Release|Any CPU.ActiveCfg = Release|Any CPU
		{68C2BCE6-C366-44B0-B319-357FA250DE51}.Release|Any CPU.Build.0 = Release|Any CPU
		{18FB77AD-CD17-4CE7-8910-74653F669F80}.Debug|Any CPU.ActiveCfg = Debug|Any CPU
		{18FB77AD-CD17-4CE7-8910-74653F669F80}.Debug|Any CPU.Build.0 = Debug|Any CPU
		{18FB77AD-CD17-4CE7-8910-74653F669F80}.Release|Any CPU.ActiveCfg = Release|Any CPU
		{18FB77AD-CD17-4CE7-8910-74653F669F80}.Release|Any CPU.Build.0 = Release|Any CPU
		{10710E8C-3192-4ABC-BD08-06A9ADE90D93}.Debug|Any CPU.ActiveCfg = Debug|Any CPU
		{10710E8C-3192-4ABC-BD08-06A9ADE90D93}.Debug|Any CPU.Build.0 = Debug|Any CPU
		{10710E8C-3192-4ABC-BD08-06A9ADE90D93}.Debug|Any CPU.Deploy.0 = Debug|Any CPU
		{10710E8C-3192-4ABC-BD08-06A9ADE90D93}.Release|Any CPU.ActiveCfg = Release|Any CPU
		{10710E8C-3192-4ABC-BD08-06A9ADE90D93}.Release|Any CPU.Build.0 = Release|Any CPU
		{10710E8C-3192-4ABC-BD08-06A9ADE90D93}.Release|Any CPU.Deploy.0 = Release|Any CPU
		{AD7E2CC5-E01D-48C4-919F-980789C2456A}.Debug|Any CPU.ActiveCfg = Debug|Any CPU
		{AD7E2CC5-E01D-48C4-919F-980789C2456A}.Debug|Any CPU.Build.0 = Debug|Any CPU
		{AD7E2CC5-E01D-48C4-919F-980789C2456A}.Release|Any CPU.ActiveCfg = Release|Any CPU
		{AD7E2CC5-E01D-48C4-919F-980789C2456A}.Release|Any CPU.Build.0 = Release|Any CPU
		{0657248B-1627-4988-A7E1-3FA3571317B4}.Debug|Any CPU.ActiveCfg = Debug|Any CPU
		{0657248B-1627-4988-A7E1-3FA3571317B4}.Debug|Any CPU.Build.0 = Debug|Any CPU
		{0657248B-1627-4988-A7E1-3FA3571317B4}.Debug|Any CPU.Deploy.0 = Debug|Any CPU
		{0657248B-1627-4988-A7E1-3FA3571317B4}.Release|Any CPU.ActiveCfg = Release|Any CPU
		{0657248B-1627-4988-A7E1-3FA3571317B4}.Release|Any CPU.Build.0 = Release|Any CPU
		{0657248B-1627-4988-A7E1-3FA3571317B4}.Release|Any CPU.Deploy.0 = Release|Any CPU
		{9BE48192-94C3-4127-BDF3-2583670FBB70}.Debug|Any CPU.ActiveCfg = Debug|Any CPU
		{9BE48192-94C3-4127-BDF3-2583670FBB70}.Debug|Any CPU.Build.0 = Debug|Any CPU
		{9BE48192-94C3-4127-BDF3-2583670FBB70}.Debug|Any CPU.Deploy.0 = Debug|Any CPU
		{9BE48192-94C3-4127-BDF3-2583670FBB70}.Release|Any CPU.ActiveCfg = Release|Any CPU
		{9BE48192-94C3-4127-BDF3-2583670FBB70}.Release|Any CPU.Build.0 = Release|Any CPU
		{9BE48192-94C3-4127-BDF3-2583670FBB70}.Release|Any CPU.Deploy.0 = Release|Any CPU
		{81EB5C37-3954-4A4E-BF7F-78A774DCA17D}.Debug|Any CPU.ActiveCfg = Debug|Any CPU
		{81EB5C37-3954-4A4E-BF7F-78A774DCA17D}.Debug|Any CPU.Build.0 = Debug|Any CPU
		{81EB5C37-3954-4A4E-BF7F-78A774DCA17D}.Debug|Any CPU.Deploy.0 = Debug|Any CPU
		{81EB5C37-3954-4A4E-BF7F-78A774DCA17D}.Release|Any CPU.ActiveCfg = Release|Any CPU
		{81EB5C37-3954-4A4E-BF7F-78A774DCA17D}.Release|Any CPU.Build.0 = Release|Any CPU
		{81EB5C37-3954-4A4E-BF7F-78A774DCA17D}.Release|Any CPU.Deploy.0 = Release|Any CPU
		{607E13E2-4B92-42B0-B39B-366F9E3F7237}.Debug|Any CPU.ActiveCfg = Debug|Any CPU
		{607E13E2-4B92-42B0-B39B-366F9E3F7237}.Debug|Any CPU.Build.0 = Debug|Any CPU
		{607E13E2-4B92-42B0-B39B-366F9E3F7237}.Release|Any CPU.ActiveCfg = Release|Any CPU
		{607E13E2-4B92-42B0-B39B-366F9E3F7237}.Release|Any CPU.Build.0 = Release|Any CPU
		{9D3EB8B5-9356-403F-9C08-9078BB0D1401}.Debug|Any CPU.ActiveCfg = Debug|Any CPU
		{9D3EB8B5-9356-403F-9C08-9078BB0D1401}.Debug|Any CPU.Build.0 = Debug|Any CPU
		{9D3EB8B5-9356-403F-9C08-9078BB0D1401}.Release|Any CPU.ActiveCfg = Release|Any CPU
		{9D3EB8B5-9356-403F-9C08-9078BB0D1401}.Release|Any CPU.Build.0 = Release|Any CPU
		{EEF34726-2392-4878-8203-0C4386BEC029}.Debug|Any CPU.ActiveCfg = Debug|Any CPU
		{EEF34726-2392-4878-8203-0C4386BEC029}.Debug|Any CPU.Build.0 = Debug|Any CPU
		{EEF34726-2392-4878-8203-0C4386BEC029}.Debug|Any CPU.Deploy.0 = Debug|Any CPU
		{EEF34726-2392-4878-8203-0C4386BEC029}.Release|Any CPU.ActiveCfg = Release|Any CPU
		{EEF34726-2392-4878-8203-0C4386BEC029}.Release|Any CPU.Build.0 = Release|Any CPU
		{EEF34726-2392-4878-8203-0C4386BEC029}.Release|Any CPU.Deploy.0 = Release|Any CPU
		{D40D5F04-E39A-4C97-8C23-F579DEF1FE29}.Debug|Any CPU.ActiveCfg = Debug|Any CPU
		{D40D5F04-E39A-4C97-8C23-F579DEF1FE29}.Debug|Any CPU.Build.0 = Debug|Any CPU
		{D40D5F04-E39A-4C97-8C23-F579DEF1FE29}.Release|Any CPU.ActiveCfg = Release|Any CPU
		{D40D5F04-E39A-4C97-8C23-F579DEF1FE29}.Release|Any CPU.Build.0 = Release|Any CPU
		{D218F649-96BD-4465-ABFE-163CB75FBD02}.Debug|Any CPU.ActiveCfg = Debug|Any CPU
		{D218F649-96BD-4465-ABFE-163CB75FBD02}.Debug|Any CPU.Build.0 = Debug|Any CPU
		{D218F649-96BD-4465-ABFE-163CB75FBD02}.Debug|Any CPU.Deploy.0 = Debug|Any CPU
		{D218F649-96BD-4465-ABFE-163CB75FBD02}.Release|Any CPU.ActiveCfg = Release|Any CPU
		{D218F649-96BD-4465-ABFE-163CB75FBD02}.Release|Any CPU.Build.0 = Release|Any CPU
		{D218F649-96BD-4465-ABFE-163CB75FBD02}.Release|Any CPU.Deploy.0 = Release|Any CPU
		{84DF25BF-2FCF-4F09-BFA5-28F18650EF0F}.Debug|Any CPU.ActiveCfg = Debug|Any CPU
		{84DF25BF-2FCF-4F09-BFA5-28F18650EF0F}.Debug|Any CPU.Build.0 = Debug|Any CPU
		{84DF25BF-2FCF-4F09-BFA5-28F18650EF0F}.Debug|Any CPU.Deploy.0 = Debug|Any CPU
		{84DF25BF-2FCF-4F09-BFA5-28F18650EF0F}.Release|Any CPU.ActiveCfg = Release|Any CPU
		{84DF25BF-2FCF-4F09-BFA5-28F18650EF0F}.Release|Any CPU.Build.0 = Release|Any CPU
		{84DF25BF-2FCF-4F09-BFA5-28F18650EF0F}.Release|Any CPU.Deploy.0 = Release|Any CPU
		{5030FBA8-4305-49B8-8DAB-E39AF922AB40}.Debug|Any CPU.ActiveCfg = Debug|Any CPU
		{5030FBA8-4305-49B8-8DAB-E39AF922AB40}.Debug|Any CPU.Build.0 = Debug|Any CPU
		{5030FBA8-4305-49B8-8DAB-E39AF922AB40}.Debug|Any CPU.Deploy.0 = Debug|Any CPU
		{5030FBA8-4305-49B8-8DAB-E39AF922AB40}.Release|Any CPU.ActiveCfg = Release|Any CPU
		{5030FBA8-4305-49B8-8DAB-E39AF922AB40}.Release|Any CPU.Build.0 = Release|Any CPU
		{5030FBA8-4305-49B8-8DAB-E39AF922AB40}.Release|Any CPU.Deploy.0 = Release|Any CPU
		{75A4CB5F-5E82-416E-895E-168C0CDDDFE9}.Debug|Any CPU.ActiveCfg = Debug|Any CPU
		{75A4CB5F-5E82-416E-895E-168C0CDDDFE9}.Debug|Any CPU.Build.0 = Debug|Any CPU
		{75A4CB5F-5E82-416E-895E-168C0CDDDFE9}.Debug|Any CPU.Deploy.0 = Debug|Any CPU
		{75A4CB5F-5E82-416E-895E-168C0CDDDFE9}.Release|Any CPU.ActiveCfg = Release|Any CPU
		{75A4CB5F-5E82-416E-895E-168C0CDDDFE9}.Release|Any CPU.Build.0 = Release|Any CPU
		{75A4CB5F-5E82-416E-895E-168C0CDDDFE9}.Release|Any CPU.Deploy.0 = Release|Any CPU
		{37AB6A6F-F23D-4795-B98A-BA4CBA5228E9}.Debug|Any CPU.ActiveCfg = Debug|Any CPU
		{37AB6A6F-F23D-4795-B98A-BA4CBA5228E9}.Debug|Any CPU.Build.0 = Debug|Any CPU
		{37AB6A6F-F23D-4795-B98A-BA4CBA5228E9}.Debug|Any CPU.Deploy.0 = Debug|Any CPU
		{37AB6A6F-F23D-4795-B98A-BA4CBA5228E9}.Release|Any CPU.ActiveCfg = Release|Any CPU
		{37AB6A6F-F23D-4795-B98A-BA4CBA5228E9}.Release|Any CPU.Build.0 = Release|Any CPU
		{37AB6A6F-F23D-4795-B98A-BA4CBA5228E9}.Release|Any CPU.Deploy.0 = Release|Any CPU
		{FE666D6C-9035-4739-A685-50213BA05BC0}.Debug|Any CPU.ActiveCfg = Debug|Any CPU
		{FE666D6C-9035-4739-A685-50213BA05BC0}.Debug|Any CPU.Build.0 = Debug|Any CPU
		{FE666D6C-9035-4739-A685-50213BA05BC0}.Debug|Any CPU.Deploy.0 = Debug|Any CPU
		{FE666D6C-9035-4739-A685-50213BA05BC0}.Release|Any CPU.ActiveCfg = Release|Any CPU
		{FE666D6C-9035-4739-A685-50213BA05BC0}.Release|Any CPU.Build.0 = Release|Any CPU
		{FE666D6C-9035-4739-A685-50213BA05BC0}.Release|Any CPU.Deploy.0 = Release|Any CPU
		{BF63512A-DCFF-4F15-9972-BA37C75A558D}.Debug|Any CPU.ActiveCfg = Debug|Any CPU
		{BF63512A-DCFF-4F15-9972-BA37C75A558D}.Debug|Any CPU.Build.0 = Debug|Any CPU
		{BF63512A-DCFF-4F15-9972-BA37C75A558D}.Release|Any CPU.ActiveCfg = Release|Any CPU
		{BF63512A-DCFF-4F15-9972-BA37C75A558D}.Release|Any CPU.Build.0 = Release|Any CPU
		{9A849A28-5ED2-4EBF-9F44-0CF8B99F7A74}.Debug|Any CPU.ActiveCfg = Debug|Any CPU
		{9A849A28-5ED2-4EBF-9F44-0CF8B99F7A74}.Debug|Any CPU.Build.0 = Debug|Any CPU
		{9A849A28-5ED2-4EBF-9F44-0CF8B99F7A74}.Release|Any CPU.ActiveCfg = Release|Any CPU
		{9A849A28-5ED2-4EBF-9F44-0CF8B99F7A74}.Release|Any CPU.Build.0 = Release|Any CPU
		{B122048D-A08F-4839-A4AD-379AF74ADD53}.Debug|Any CPU.ActiveCfg = Debug|Any CPU
		{B122048D-A08F-4839-A4AD-379AF74ADD53}.Debug|Any CPU.Build.0 = Debug|Any CPU
		{B122048D-A08F-4839-A4AD-379AF74ADD53}.Debug|Any CPU.Deploy.0 = Debug|Any CPU
		{B122048D-A08F-4839-A4AD-379AF74ADD53}.Release|Any CPU.ActiveCfg = Release|Any CPU
		{B122048D-A08F-4839-A4AD-379AF74ADD53}.Release|Any CPU.Build.0 = Release|Any CPU
		{B122048D-A08F-4839-A4AD-379AF74ADD53}.Release|Any CPU.Deploy.0 = Release|Any CPU
		{31847732-5F45-4314-9F2A-78D24658EF8F}.Debug|Any CPU.ActiveCfg = Debug|Any CPU
		{31847732-5F45-4314-9F2A-78D24658EF8F}.Debug|Any CPU.Build.0 = Debug|Any CPU
		{31847732-5F45-4314-9F2A-78D24658EF8F}.Release|Any CPU.ActiveCfg = Release|Any CPU
		{31847732-5F45-4314-9F2A-78D24658EF8F}.Release|Any CPU.Build.0 = Release|Any CPU
		{026E5C9C-C0C5-4038-A018-1969C988678F}.Debug|Any CPU.ActiveCfg = Debug|Any CPU
		{026E5C9C-C0C5-4038-A018-1969C988678F}.Debug|Any CPU.Build.0 = Debug|Any CPU
		{026E5C9C-C0C5-4038-A018-1969C988678F}.Debug|Any CPU.Deploy.0 = Debug|Any CPU
		{026E5C9C-C0C5-4038-A018-1969C988678F}.Release|Any CPU.ActiveCfg = Release|Any CPU
		{026E5C9C-C0C5-4038-A018-1969C988678F}.Release|Any CPU.Build.0 = Release|Any CPU
		{026E5C9C-C0C5-4038-A018-1969C988678F}.Release|Any CPU.Deploy.0 = Release|Any CPU
		{6F91E65F-3789-40BB-9C66-A7FA7A352A15}.Debug|Any CPU.ActiveCfg = Debug|Any CPU
		{6F91E65F-3789-40BB-9C66-A7FA7A352A15}.Debug|Any CPU.Build.0 = Debug|Any CPU
		{6F91E65F-3789-40BB-9C66-A7FA7A352A15}.Release|Any CPU.ActiveCfg = Release|Any CPU
		{6F91E65F-3789-40BB-9C66-A7FA7A352A15}.Release|Any CPU.Build.0 = Release|Any CPU
	EndGlobalSection
	GlobalSection(SolutionProperties) = preSolution
		HideSolutionNode = FALSE
	EndGlobalSection
	GlobalSection(NestedProjects) = preSolution
		{EF3129F9-76D0-4B04-9DFD-BA80FDD15DC1} = {17BB45E4-7B9D-4A90-84B4-E37260E362B2}
		{7828BCE1-CAAD-4139-806B-7723509C8DA0} = {17BB45E4-7B9D-4A90-84B4-E37260E362B2}
		{D6A8D5D9-1856-4FDE-A244-8515C73DFA4F} = {17BB45E4-7B9D-4A90-84B4-E37260E362B2}
		{EF215E82-4DF1-4E03-AF7C-E3E1100351FD} = {17BB45E4-7B9D-4A90-84B4-E37260E362B2}
		{7133A9F4-7362-4C6B-BD19-CDFB4A1C678E} = {17BB45E4-7B9D-4A90-84B4-E37260E362B2}
		{FC1689F1-137F-4688-A07D-999A0B538D5F} = {17BB45E4-7B9D-4A90-84B4-E37260E362B2}
		{2763FAD6-3AC8-4C08-BC55-ACB9767E7A7A} = {17BB45E4-7B9D-4A90-84B4-E37260E362B2}
		{68C2BCE6-C366-44B0-B319-357FA250DE51} = {17BB45E4-7B9D-4A90-84B4-E37260E362B2}
		{18FB77AD-CD17-4CE7-8910-74653F669F80} = {17BB45E4-7B9D-4A90-84B4-E37260E362B2}
		{10710E8C-3192-4ABC-BD08-06A9ADE90D93} = {22C32C2E-F0DB-4970-B742-395FEBF34C22}
		{AD7E2CC5-E01D-48C4-919F-980789C2456A} = {22C32C2E-F0DB-4970-B742-395FEBF34C22}
		{0657248B-1627-4988-A7E1-3FA3571317B4} = {22C32C2E-F0DB-4970-B742-395FEBF34C22}
		{9BE48192-94C3-4127-BDF3-2583670FBB70} = {22C32C2E-F0DB-4970-B742-395FEBF34C22}
		{81EB5C37-3954-4A4E-BF7F-78A774DCA17D} = {22C32C2E-F0DB-4970-B742-395FEBF34C22}
		{607E13E2-4B92-42B0-B39B-366F9E3F7237} = {22C32C2E-F0DB-4970-B742-395FEBF34C22}
		{9D3EB8B5-9356-403F-9C08-9078BB0D1401} = {22C32C2E-F0DB-4970-B742-395FEBF34C22}
		{EEF34726-2392-4878-8203-0C4386BEC029} = {22C32C2E-F0DB-4970-B742-395FEBF34C22}
		{D40D5F04-E39A-4C97-8C23-F579DEF1FE29} = {22C32C2E-F0DB-4970-B742-395FEBF34C22}
		{D218F649-96BD-4465-ABFE-163CB75FBD02} = {22C32C2E-F0DB-4970-B742-395FEBF34C22}
		{84DF25BF-2FCF-4F09-BFA5-28F18650EF0F} = {22C32C2E-F0DB-4970-B742-395FEBF34C22}
		{5030FBA8-4305-49B8-8DAB-E39AF922AB40} = {22C32C2E-F0DB-4970-B742-395FEBF34C22}
		{75A4CB5F-5E82-416E-895E-168C0CDDDFE9} = {22C32C2E-F0DB-4970-B742-395FEBF34C22}
		{37AB6A6F-F23D-4795-B98A-BA4CBA5228E9} = {22C32C2E-F0DB-4970-B742-395FEBF34C22}
		{FE666D6C-9035-4739-A685-50213BA05BC0} = {22C32C2E-F0DB-4970-B742-395FEBF34C22}
		{BF63512A-DCFF-4F15-9972-BA37C75A558D} = {22C32C2E-F0DB-4970-B742-395FEBF34C22}
		{9A849A28-5ED2-4EBF-9F44-0CF8B99F7A74} = {17BB45E4-7B9D-4A90-84B4-E37260E362B2}
		{B122048D-A08F-4839-A4AD-379AF74ADD53} = {22C32C2E-F0DB-4970-B742-395FEBF34C22}
		{31847732-5F45-4314-9F2A-78D24658EF8F} = {17BB45E4-7B9D-4A90-84B4-E37260E362B2}
		{026E5C9C-C0C5-4038-A018-1969C988678F} = {22C32C2E-F0DB-4970-B742-395FEBF34C22}
		{6F91E65F-3789-40BB-9C66-A7FA7A352A15} = {22C32C2E-F0DB-4970-B742-395FEBF34C22}
	EndGlobalSection
	GlobalSection(ExtensibilityGlobals) = postSolution
		SolutionGuid = {E3F002EA-1A25-487F-9A5D-93D1E7EC6E31}
	EndGlobalSection
EndGlobal
