
Microsoft Visual Studio Solution File, Format Version 12.00
# Visual Studio Version 17
VisualStudioVersion = 17.6.33723.286
MinimumVisualStudioVersion = 10.0.40219.1
Project("{9A19103F-16F7-4668-BE54-9A1E7A4F7556}") = "Blinky", "Blinky\Blinky.csproj", "{EF3129F9-76D0-4B04-9DFD-BA80FDD15DC1}"
EndProject
Project("{9A19103F-16F7-4668-BE54-9A1E7A4F7556}") = "CharacterDisplaySample", "CharacterDisplaySample\CharacterDisplaySample.csproj", "{7828BCE1-CAAD-4139-806B-7723509C8DA0}"
EndProject
Project("{9A19103F-16F7-4668-BE54-9A1E7A4F7556}") = "WifiWeather", "WifiWeather\WifiWeather.csproj", "{D6A8D5D9-1856-4FDE-A244-8515C73DFA4F}"
EndProject
Project("{2150E333-8FDC-42A3-9474-1A3956D46DE8}") = "Raspberry Pi", "Raspberry Pi", "{17BB45E4-7B9D-4A90-84B4-E37260E362B2}"
EndProject
Project("{9A19103F-16F7-4668-BE54-9A1E7A4F7556}") = "Ads1015_Sample", "Ads1015_Sample\Ads1015_Sample.csproj", "{EF215E82-4DF1-4E03-AF7C-E3E1100351FD}"
EndProject
Project("{9A19103F-16F7-4668-BE54-9A1E7A4F7556}") = "Bme280_Sample", "Bme280_Sample\Bme280_Sample.csproj", "{7133A9F4-7362-4C6B-BD19-CDFB4A1C678E}"
EndProject
Project("{9A19103F-16F7-4668-BE54-9A1E7A4F7556}") = "Led_Sample", "Led_Sample\Led_Sample.csproj", "{FC1689F1-137F-4688-A07D-999A0B538D5F}"
EndProject
Project("{9A19103F-16F7-4668-BE54-9A1E7A4F7556}") = "PushButton_Sample", "PushButton_Sample\PushButton_Sample.csproj", "{2763FAD6-3AC8-4C08-BC55-ACB9767E7A7A}"
EndProject
Project("{9A19103F-16F7-4668-BE54-9A1E7A4F7556}") = "ST7789_Sample", "ST7789_Sample\ST7789_Sample.csproj", "{68C2BCE6-C366-44B0-B319-357FA250DE51}"
EndProject
Project("{9A19103F-16F7-4668-BE54-9A1E7A4F7556}") = "Amg8833_Sample", "Amg8833_Sample\Amg8833_Sample.csproj", "{18FB77AD-CD17-4CE7-8910-74653F669F80}"
EndProject
Global
	GlobalSection(SolutionConfigurationPlatforms) = preSolution
		Debug|Any CPU = Debug|Any CPU
		Release|Any CPU = Release|Any CPU
	EndGlobalSection
	GlobalSection(ProjectConfigurationPlatforms) = postSolution
		{EF3129F9-76D0-4B04-9DFD-BA80FDD15DC1}.Debug|Any CPU.ActiveCfg = Debug|Any CPU
		{EF3129F9-76D0-4B04-9DFD-BA80FDD15DC1}.Debug|Any CPU.Build.0 = Debug|Any CPU
		{EF3129F9-76D0-4B04-9DFD-BA80FDD15DC1}.Release|Any CPU.ActiveCfg = Release|Any CPU
		{EF3129F9-76D0-4B04-9DFD-BA80FDD15DC1}.Release|Any CPU.Build.0 = Release|Any CPU
		{7828BCE1-CAAD-4139-806B-7723509C8DA0}.Debug|Any CPU.ActiveCfg = Debug|Any CPU
		{7828BCE1-CAAD-4139-806B-7723509C8DA0}.Debug|Any CPU.Build.0 = Debug|Any CPU
		{7828BCE1-CAAD-4139-806B-7723509C8DA0}.Release|Any CPU.ActiveCfg = Release|Any CPU
		{7828BCE1-CAAD-4139-806B-7723509C8DA0}.Release|Any CPU.Build.0 = Release|Any CPU
		{D6A8D5D9-1856-4FDE-A244-8515C73DFA4F}.Debug|Any CPU.ActiveCfg = Debug|Any CPU
		{D6A8D5D9-1856-4FDE-A244-8515C73DFA4F}.Debug|Any CPU.Build.0 = Debug|Any CPU
		{D6A8D5D9-1856-4FDE-A244-8515C73DFA4F}.Release|Any CPU.ActiveCfg = Release|Any CPU
		{D6A8D5D9-1856-4FDE-A244-8515C73DFA4F}.Release|Any CPU.Build.0 = Release|Any CPU
		{EF215E82-4DF1-4E03-AF7C-E3E1100351FD}.Debug|Any CPU.ActiveCfg = Debug|Any CPU
		{EF215E82-4DF1-4E03-AF7C-E3E1100351FD}.Debug|Any CPU.Build.0 = Debug|Any CPU
		{EF215E82-4DF1-4E03-AF7C-E3E1100351FD}.Release|Any CPU.ActiveCfg = Release|Any CPU
		{EF215E82-4DF1-4E03-AF7C-E3E1100351FD}.Release|Any CPU.Build.0 = Release|Any CPU
		{7133A9F4-7362-4C6B-BD19-CDFB4A1C678E}.Debug|Any CPU.ActiveCfg = Debug|Any CPU
		{7133A9F4-7362-4C6B-BD19-CDFB4A1C678E}.Debug|Any CPU.Build.0 = Debug|Any CPU
		{7133A9F4-7362-4C6B-BD19-CDFB4A1C678E}.Release|Any CPU.ActiveCfg = Release|Any CPU
		{7133A9F4-7362-4C6B-BD19-CDFB4A1C678E}.Release|Any CPU.Build.0 = Release|Any CPU
		{FC1689F1-137F-4688-A07D-999A0B538D5F}.Debug|Any CPU.ActiveCfg = Debug|Any CPU
		{FC1689F1-137F-4688-A07D-999A0B538D5F}.Debug|Any CPU.Build.0 = Debug|Any CPU
		{FC1689F1-137F-4688-A07D-999A0B538D5F}.Release|Any CPU.ActiveCfg = Release|Any CPU
		{FC1689F1-137F-4688-A07D-999A0B538D5F}.Release|Any CPU.Build.0 = Release|Any CPU
		{2763FAD6-3AC8-4C08-BC55-ACB9767E7A7A}.Debug|Any CPU.ActiveCfg = Debug|Any CPU
		{2763FAD6-3AC8-4C08-BC55-ACB9767E7A7A}.Debug|Any CPU.Build.0 = Debug|Any CPU
		{2763FAD6-3AC8-4C08-BC55-ACB9767E7A7A}.Release|Any CPU.ActiveCfg = Release|Any CPU
		{2763FAD6-3AC8-4C08-BC55-ACB9767E7A7A}.Release|Any CPU.Build.0 = Release|Any CPU
		{68C2BCE6-C366-44B0-B319-357FA250DE51}.Debug|Any CPU.ActiveCfg = Debug|Any CPU
		{68C2BCE6-C366-44B0-B319-357FA250DE51}.Debug|Any CPU.Build.0 = Debug|Any CPU
		{68C2BCE6-C366-44B0-B319-357FA250DE51}.Release|Any CPU.ActiveCfg = Release|Any CPU
		{68C2BCE6-C366-44B0-B319-357FA250DE51}.Release|Any CPU.Build.0 = Release|Any CPU
		{18FB77AD-CD17-4CE7-8910-74653F669F80}.Debug|Any CPU.ActiveCfg = Debug|Any CPU
		{18FB77AD-CD17-4CE7-8910-74653F669F80}.Debug|Any CPU.Build.0 = Debug|Any CPU
		{18FB77AD-CD17-4CE7-8910-74653F669F80}.Release|Any CPU.ActiveCfg = Release|Any CPU
		{18FB77AD-CD17-4CE7-8910-74653F669F80}.Release|Any CPU.Build.0 = Release|Any CPU
	EndGlobalSection
	GlobalSection(SolutionProperties) = preSolution
		HideSolutionNode = FALSE
	EndGlobalSection
	GlobalSection(NestedProjects) = preSolution
		{EF3129F9-76D0-4B04-9DFD-BA80FDD15DC1} = {17BB45E4-7B9D-4A90-84B4-E37260E362B2}
		{7828BCE1-CAAD-4139-806B-7723509C8DA0} = {17BB45E4-7B9D-4A90-84B4-E37260E362B2}
		{D6A8D5D9-1856-4FDE-A244-8515C73DFA4F} = {17BB45E4-7B9D-4A90-84B4-E37260E362B2}
		{EF215E82-4DF1-4E03-AF7C-E3E1100351FD} = {17BB45E4-7B9D-4A90-84B4-E37260E362B2}
		{7133A9F4-7362-4C6B-BD19-CDFB4A1C678E} = {17BB45E4-7B9D-4A90-84B4-E37260E362B2}
		{FC1689F1-137F-4688-A07D-999A0B538D5F} = {17BB45E4-7B9D-4A90-84B4-E37260E362B2}
		{2763FAD6-3AC8-4C08-BC55-ACB9767E7A7A} = {17BB45E4-7B9D-4A90-84B4-E37260E362B2}
		{68C2BCE6-C366-44B0-B319-357FA250DE51} = {17BB45E4-7B9D-4A90-84B4-E37260E362B2}
		{18FB77AD-CD17-4CE7-8910-74653F669F80} = {17BB45E4-7B9D-4A90-84B4-E37260E362B2}
	EndGlobalSection
	GlobalSection(ExtensibilityGlobals) = postSolution
		SolutionGuid = {E3F002EA-1A25-487F-9A5D-93D1E7EC6E31}
	EndGlobalSection
EndGlobal
