
Microsoft Visual Studio Solution File, Format Version 12.00
# Visual Studio Version 17
VisualStudioVersion = 17.6.33723.286
MinimumVisualStudioVersion = 10.0.40219.1
Project("{2150E333-8FDC-42A3-9474-1A3956D46DE8}") = "_External", "_External", "{A809F07D-DD94-4375-8776-23FBE73591A5}"
EndProject
Project("{2150E333-8FDC-42A3-9474-1A3956D46DE8}") = "Desktop", "Desktop", "{5F778622-158A-49D8-B9DC-8B814E1CFD71}"
EndProject
Project("{9A19103F-16F7-4668-BE54-9A1E7A4F7556}") = "Meadow.Units", "..\..\Meadow.Units\Source\Meadow.Units\Meadow.Units.csproj", "{A142B7D3-AAD4-4EBD-B343-9CE898B85B3B}"
EndProject
Project("{9A19103F-16F7-4668-BE54-9A1E7A4F7556}") = "Meadow.Contracts", "..\..\Meadow.Contracts\Source\Meadow.Contracts\Meadow.Contracts.csproj", "{73A1EBD7-3BC4-4144-9F21-C66E690648CA}"
EndProject
Project("{9A19103F-16F7-4668-BE54-9A1E7A4F7556}") = "Meadow.Logging", "..\..\Meadow.Logging\Source\Meadow.Logging\lib\Meadow.Logging.csproj", "{514C4A07-AFB4-4E03-84F2-962B59EB6B0D}"
EndProject
Project("{9A19103F-16F7-4668-BE54-9A1E7A4F7556}") = "Meadow.Core", "..\..\Meadow.Core\source\Meadow.Core\Meadow.Core.csproj", "{F946F64B-09F7-418C-8855-BA6CC6061F0E}"
EndProject
Project("{9A19103F-16F7-4668-BE54-9A1E7A4F7556}") = "Meadow.F7", "..\..\Meadow.Core\source\implementations\f7\Meadow.F7\Meadow.F7.csproj", "{FFBE8C93-9609-42BC-9A52-C25CC88FE8B5}"
EndProject
Project("{9A19103F-16F7-4668-BE54-9A1E7A4F7556}") = "Meadow.Linux", "..\..\Meadow.Core\source\implementations\linux\Meadow.Linux\Meadow.Linux.csproj", "{815CE040-95E1-4F4A-80C5-0CFC24FB5D27}"
EndProject
Project("{9A19103F-16F7-4668-BE54-9A1E7A4F7556}") = "Meadow.Desktop", "..\..\Meadow.Core\source\implementations\desktop\Meadow.Desktop\Meadow.Desktop.csproj", "{09374712-DC5D-465B-AA4F-8148755D2A84}"
EndProject
Project("{9A19103F-16F7-4668-BE54-9A1E7A4F7556}") = "Meadow.Mac", "..\..\Meadow.Core\source\implementations\mac\Meadow.Mac\Meadow.Mac.csproj", "{D3E33891-84F8-480F-BF93-57DFDC1181BB}"
EndProject
Project("{9A19103F-16F7-4668-BE54-9A1E7A4F7556}") = "Meadow.Windows", "..\..\Meadow.Core\source\implementations\windows\Meadow.Windows\Meadow.Windows.csproj", "{4B300437-7918-4D08-B6BC-B989DECEB0BC}"
EndProject
Project("{9A19103F-16F7-4668-BE54-9A1E7A4F7556}") = "Meadow.Foundation.Core", "..\..\Meadow.Foundation\Source\Meadow.Foundation.Core\Meadow.Foundation.Core.csproj", "{475E46AC-8E14-47E6-A28B-1D30C7C75516}"
EndProject
Project("{9A19103F-16F7-4668-BE54-9A1E7A4F7556}") = "Graphics.MicroGraphics", "..\..\Meadow.Foundation\Source\Meadow.Foundation.Libraries_and_Frameworks\Graphics.MicroGraphics\Driver\Graphics.MicroGraphics.csproj", "{1E94F1B0-70BB-4D44-A817-D91411DC5AD9}"
EndProject
Project("{9A19103F-16F7-4668-BE54-9A1E7A4F7556}") = "Graphics.MicroLayout", "..\..\Meadow.Foundation\Source\Meadow.Foundation.Libraries_and_Frameworks\Graphics.MicroLayout\Driver\Graphics.MicroLayout.csproj", "{27248C06-62DA-4291-B002-86F8451B9C1A}"
EndProject
Project("{2150E333-8FDC-42A3-9474-1A3956D46DE8}") = "Devices", "Devices", "{29DDAE34-92FA-4441-B1FD-1E4805AE95DF}"
EndProject
Project("{2150E333-8FDC-42A3-9474-1A3956D46DE8}") = "Modbus", "Modbus", "{3C0784C4-BFE3-49C7-A11C-3749E8147A9F}"
EndProject
Project("{9A19103F-16F7-4668-BE54-9A1E7A4F7556}") = "Meadow.Modbus", "..\..\Meadow.Modbus\src\Meadow.Modbus\Meadow.Modbus.csproj", "{14D4AF83-3672-422E-88B8-A48ECC64DE14}"
EndProject
Project("{9A19103F-16F7-4668-BE54-9A1E7A4F7556}") = "MQTTnet", "..\..\MQTTnet\Source\MQTTnet\MQTTnet.csproj", "{D48DBA1B-5374-441F-8706-5652AEAD41A1}"
EndProject
Project("{9A19103F-16F7-4668-BE54-9A1E7A4F7556}") = "Tstat8_Sample", "Devices\Modbus\Tstat8_Sample\Tstat8_Sample.csproj", "{927E765E-B65D-434F-924C-A660DB9F1032}"
EndProject
Project("{2150E333-8FDC-42A3-9474-1A3956D46DE8}") = "_docs", "_docs", "{AFAD0D21-89C1-4A06-9286-5111B7FBE265}"
	ProjectSection(SolutionItems) = preProject
		..\LICENSE = ..\LICENSE
		..\README.md = ..\README.md
	EndProjectSection
EndProject
Project("{9A19103F-16F7-4668-BE54-9A1E7A4F7556}") = "Displays.WinForms", "..\..\Meadow.Foundation\Source\Meadow.Foundation.Peripherals\Displays.WinForms\Driver\Displays.WinForms.csproj", "{7493E09D-D009-4D33-8EB2-88AC246E5B58}"
EndProject
Project("{9A19103F-16F7-4668-BE54-9A1E7A4F7556}") = "Displays.Gtk", "..\..\Meadow.Foundation\Source\Meadow.Foundation.Peripherals\Displays.Gtk\Driver\Displays.Gtk.csproj", "{45F3C458-3C90-4D03-970D-1C348CE23313}"
EndProject
Project("{9A19103F-16F7-4668-BE54-9A1E7A4F7556}") = "PixelDisplay_Sample", "Meadow.Desktop.Samples\Source\PixelDisplay\PixelDisplay_Sample.csproj", "{A89CEEBB-EE79-4F7E-8F13-0DA976B9A749}"
EndProject
Project("{9A19103F-16F7-4668-BE54-9A1E7A4F7556}") = "Serialization.MicroJson", "..\..\Meadow.Foundation\Source\Meadow.Foundation.Libraries_and_Frameworks\Serialization.MicroJson\Driver\Serialization.MicroJson.csproj", "{B337200A-EAD1-4501-AE65-942DBDD7B57D}"
EndProject
Global
	GlobalSection(SolutionConfigurationPlatforms) = preSolution
		Debug|Any CPU = Debug|Any CPU
		Release|Any CPU = Release|Any CPU
		Simulation|Any CPU = Simulation|Any CPU
	EndGlobalSection
	GlobalSection(ProjectConfigurationPlatforms) = postSolution
		{A142B7D3-AAD4-4EBD-B343-9CE898B85B3B}.Debug|Any CPU.ActiveCfg = Debug|Any CPU
		{A142B7D3-AAD4-4EBD-B343-9CE898B85B3B}.Debug|Any CPU.Build.0 = Debug|Any CPU
		{A142B7D3-AAD4-4EBD-B343-9CE898B85B3B}.Debug|Any CPU.Deploy.0 = Debug|Any CPU
		{A142B7D3-AAD4-4EBD-B343-9CE898B85B3B}.Release|Any CPU.ActiveCfg = Release|Any CPU
		{A142B7D3-AAD4-4EBD-B343-9CE898B85B3B}.Release|Any CPU.Build.0 = Release|Any CPU
		{A142B7D3-AAD4-4EBD-B343-9CE898B85B3B}.Release|Any CPU.Deploy.0 = Release|Any CPU
		{A142B7D3-AAD4-4EBD-B343-9CE898B85B3B}.Simulation|Any CPU.ActiveCfg = Debug|Any CPU
		{A142B7D3-AAD4-4EBD-B343-9CE898B85B3B}.Simulation|Any CPU.Build.0 = Debug|Any CPU
		{73A1EBD7-3BC4-4144-9F21-C66E690648CA}.Debug|Any CPU.ActiveCfg = Debug|Any CPU
		{73A1EBD7-3BC4-4144-9F21-C66E690648CA}.Debug|Any CPU.Build.0 = Debug|Any CPU
		{73A1EBD7-3BC4-4144-9F21-C66E690648CA}.Debug|Any CPU.Deploy.0 = Debug|Any CPU
		{73A1EBD7-3BC4-4144-9F21-C66E690648CA}.Release|Any CPU.ActiveCfg = Release|Any CPU
		{73A1EBD7-3BC4-4144-9F21-C66E690648CA}.Release|Any CPU.Build.0 = Release|Any CPU
		{73A1EBD7-3BC4-4144-9F21-C66E690648CA}.Release|Any CPU.Deploy.0 = Release|Any CPU
		{73A1EBD7-3BC4-4144-9F21-C66E690648CA}.Simulation|Any CPU.ActiveCfg = Debug|Any CPU
		{73A1EBD7-3BC4-4144-9F21-C66E690648CA}.Simulation|Any CPU.Build.0 = Debug|Any CPU
		{514C4A07-AFB4-4E03-84F2-962B59EB6B0D}.Debug|Any CPU.ActiveCfg = Debug|Any CPU
		{514C4A07-AFB4-4E03-84F2-962B59EB6B0D}.Debug|Any CPU.Build.0 = Debug|Any CPU
		{514C4A07-AFB4-4E03-84F2-962B59EB6B0D}.Release|Any CPU.ActiveCfg = Release|Any CPU
		{514C4A07-AFB4-4E03-84F2-962B59EB6B0D}.Release|Any CPU.Build.0 = Release|Any CPU
		{514C4A07-AFB4-4E03-84F2-962B59EB6B0D}.Simulation|Any CPU.ActiveCfg = Debug|Any CPU
		{514C4A07-AFB4-4E03-84F2-962B59EB6B0D}.Simulation|Any CPU.Build.0 = Debug|Any CPU
		{F946F64B-09F7-418C-8855-BA6CC6061F0E}.Debug|Any CPU.ActiveCfg = Debug|Any CPU
		{F946F64B-09F7-418C-8855-BA6CC6061F0E}.Debug|Any CPU.Build.0 = Debug|Any CPU
		{F946F64B-09F7-418C-8855-BA6CC6061F0E}.Debug|Any CPU.Deploy.0 = Debug|Any CPU
		{F946F64B-09F7-418C-8855-BA6CC6061F0E}.Release|Any CPU.ActiveCfg = Release|Any CPU
		{F946F64B-09F7-418C-8855-BA6CC6061F0E}.Release|Any CPU.Build.0 = Release|Any CPU
		{F946F64B-09F7-418C-8855-BA6CC6061F0E}.Release|Any CPU.Deploy.0 = Release|Any CPU
		{F946F64B-09F7-418C-8855-BA6CC6061F0E}.Simulation|Any CPU.ActiveCfg = Debug|Any CPU
		{F946F64B-09F7-418C-8855-BA6CC6061F0E}.Simulation|Any CPU.Build.0 = Debug|Any CPU
		{FFBE8C93-9609-42BC-9A52-C25CC88FE8B5}.Debug|Any CPU.ActiveCfg = Debug|Any CPU
		{FFBE8C93-9609-42BC-9A52-C25CC88FE8B5}.Debug|Any CPU.Build.0 = Debug|Any CPU
		{FFBE8C93-9609-42BC-9A52-C25CC88FE8B5}.Debug|Any CPU.Deploy.0 = Debug|Any CPU
		{FFBE8C93-9609-42BC-9A52-C25CC88FE8B5}.Release|Any CPU.ActiveCfg = Release|Any CPU
		{FFBE8C93-9609-42BC-9A52-C25CC88FE8B5}.Release|Any CPU.Build.0 = Release|Any CPU
		{FFBE8C93-9609-42BC-9A52-C25CC88FE8B5}.Release|Any CPU.Deploy.0 = Release|Any CPU
		{FFBE8C93-9609-42BC-9A52-C25CC88FE8B5}.Simulation|Any CPU.ActiveCfg = Debug|Any CPU
		{FFBE8C93-9609-42BC-9A52-C25CC88FE8B5}.Simulation|Any CPU.Build.0 = Debug|Any CPU
		{815CE040-95E1-4F4A-80C5-0CFC24FB5D27}.Debug|Any CPU.ActiveCfg = Debug|Any CPU
		{815CE040-95E1-4F4A-80C5-0CFC24FB5D27}.Debug|Any CPU.Build.0 = Debug|Any CPU
		{815CE040-95E1-4F4A-80C5-0CFC24FB5D27}.Debug|Any CPU.Deploy.0 = Debug|Any CPU
		{815CE040-95E1-4F4A-80C5-0CFC24FB5D27}.Release|Any CPU.ActiveCfg = Release|Any CPU
		{815CE040-95E1-4F4A-80C5-0CFC24FB5D27}.Release|Any CPU.Build.0 = Release|Any CPU
		{815CE040-95E1-4F4A-80C5-0CFC24FB5D27}.Release|Any CPU.Deploy.0 = Release|Any CPU
		{815CE040-95E1-4F4A-80C5-0CFC24FB5D27}.Simulation|Any CPU.ActiveCfg = Debug|Any CPU
		{815CE040-95E1-4F4A-80C5-0CFC24FB5D27}.Simulation|Any CPU.Build.0 = Debug|Any CPU
		{09374712-DC5D-465B-AA4F-8148755D2A84}.Debug|Any CPU.ActiveCfg = Debug|Any CPU
		{09374712-DC5D-465B-AA4F-8148755D2A84}.Debug|Any CPU.Build.0 = Debug|Any CPU
		{09374712-DC5D-465B-AA4F-8148755D2A84}.Release|Any CPU.ActiveCfg = Release|Any CPU
		{09374712-DC5D-465B-AA4F-8148755D2A84}.Release|Any CPU.Build.0 = Release|Any CPU
		{09374712-DC5D-465B-AA4F-8148755D2A84}.Simulation|Any CPU.ActiveCfg = Debug|Any CPU
		{09374712-DC5D-465B-AA4F-8148755D2A84}.Simulation|Any CPU.Build.0 = Debug|Any CPU
		{D3E33891-84F8-480F-BF93-57DFDC1181BB}.Debug|Any CPU.ActiveCfg = Debug|Any CPU
		{D3E33891-84F8-480F-BF93-57DFDC1181BB}.Debug|Any CPU.Build.0 = Debug|Any CPU
		{D3E33891-84F8-480F-BF93-57DFDC1181BB}.Release|Any CPU.ActiveCfg = Release|Any CPU
		{D3E33891-84F8-480F-BF93-57DFDC1181BB}.Release|Any CPU.Build.0 = Release|Any CPU
		{D3E33891-84F8-480F-BF93-57DFDC1181BB}.Simulation|Any CPU.ActiveCfg = Debug|Any CPU
		{D3E33891-84F8-480F-BF93-57DFDC1181BB}.Simulation|Any CPU.Build.0 = Debug|Any CPU
		{4B300437-7918-4D08-B6BC-B989DECEB0BC}.Debug|Any CPU.ActiveCfg = Debug|Any CPU
		{4B300437-7918-4D08-B6BC-B989DECEB0BC}.Debug|Any CPU.Build.0 = Debug|Any CPU
		{4B300437-7918-4D08-B6BC-B989DECEB0BC}.Release|Any CPU.ActiveCfg = Release|Any CPU
		{4B300437-7918-4D08-B6BC-B989DECEB0BC}.Release|Any CPU.Build.0 = Release|Any CPU
		{4B300437-7918-4D08-B6BC-B989DECEB0BC}.Simulation|Any CPU.ActiveCfg = Debug|Any CPU
		{4B300437-7918-4D08-B6BC-B989DECEB0BC}.Simulation|Any CPU.Build.0 = Debug|Any CPU
		{475E46AC-8E14-47E6-A28B-1D30C7C75516}.Debug|Any CPU.ActiveCfg = Debug|Any CPU
		{475E46AC-8E14-47E6-A28B-1D30C7C75516}.Debug|Any CPU.Build.0 = Debug|Any CPU
		{475E46AC-8E14-47E6-A28B-1D30C7C75516}.Debug|Any CPU.Deploy.0 = Debug|Any CPU
		{475E46AC-8E14-47E6-A28B-1D30C7C75516}.Release|Any CPU.ActiveCfg = Release|Any CPU
		{475E46AC-8E14-47E6-A28B-1D30C7C75516}.Release|Any CPU.Build.0 = Release|Any CPU
		{475E46AC-8E14-47E6-A28B-1D30C7C75516}.Release|Any CPU.Deploy.0 = Release|Any CPU
		{475E46AC-8E14-47E6-A28B-1D30C7C75516}.Simulation|Any CPU.ActiveCfg = Debug|Any CPU
		{475E46AC-8E14-47E6-A28B-1D30C7C75516}.Simulation|Any CPU.Build.0 = Debug|Any CPU
		{1E94F1B0-70BB-4D44-A817-D91411DC5AD9}.Debug|Any CPU.ActiveCfg = Debug|Any CPU
		{1E94F1B0-70BB-4D44-A817-D91411DC5AD9}.Debug|Any CPU.Build.0 = Debug|Any CPU
		{1E94F1B0-70BB-4D44-A817-D91411DC5AD9}.Debug|Any CPU.Deploy.0 = Debug|Any CPU
		{1E94F1B0-70BB-4D44-A817-D91411DC5AD9}.Release|Any CPU.ActiveCfg = Release|Any CPU
		{1E94F1B0-70BB-4D44-A817-D91411DC5AD9}.Release|Any CPU.Build.0 = Release|Any CPU
		{1E94F1B0-70BB-4D44-A817-D91411DC5AD9}.Release|Any CPU.Deploy.0 = Release|Any CPU
		{1E94F1B0-70BB-4D44-A817-D91411DC5AD9}.Simulation|Any CPU.ActiveCfg = Debug|Any CPU
		{1E94F1B0-70BB-4D44-A817-D91411DC5AD9}.Simulation|Any CPU.Build.0 = Debug|Any CPU
		{27248C06-62DA-4291-B002-86F8451B9C1A}.Debug|Any CPU.ActiveCfg = Debug|Any CPU
		{27248C06-62DA-4291-B002-86F8451B9C1A}.Debug|Any CPU.Build.0 = Debug|Any CPU
		{27248C06-62DA-4291-B002-86F8451B9C1A}.Release|Any CPU.ActiveCfg = Release|Any CPU
		{27248C06-62DA-4291-B002-86F8451B9C1A}.Release|Any CPU.Build.0 = Release|Any CPU
		{27248C06-62DA-4291-B002-86F8451B9C1A}.Simulation|Any CPU.ActiveCfg = Debug|Any CPU
		{27248C06-62DA-4291-B002-86F8451B9C1A}.Simulation|Any CPU.Build.0 = Debug|Any CPU
		{14D4AF83-3672-422E-88B8-A48ECC64DE14}.Debug|Any CPU.ActiveCfg = Debug|Any CPU
		{14D4AF83-3672-422E-88B8-A48ECC64DE14}.Debug|Any CPU.Build.0 = Debug|Any CPU
		{14D4AF83-3672-422E-88B8-A48ECC64DE14}.Release|Any CPU.ActiveCfg = Release|Any CPU
		{14D4AF83-3672-422E-88B8-A48ECC64DE14}.Release|Any CPU.Build.0 = Release|Any CPU
		{14D4AF83-3672-422E-88B8-A48ECC64DE14}.Simulation|Any CPU.ActiveCfg = Debug|Any CPU
		{14D4AF83-3672-422E-88B8-A48ECC64DE14}.Simulation|Any CPU.Build.0 = Debug|Any CPU
		{D48DBA1B-5374-441F-8706-5652AEAD41A1}.Debug|Any CPU.ActiveCfg = Debug|Any CPU
		{D48DBA1B-5374-441F-8706-5652AEAD41A1}.Debug|Any CPU.Build.0 = Debug|Any CPU
		{D48DBA1B-5374-441F-8706-5652AEAD41A1}.Release|Any CPU.ActiveCfg = Release|Any CPU
		{D48DBA1B-5374-441F-8706-5652AEAD41A1}.Release|Any CPU.Build.0 = Release|Any CPU
		{D48DBA1B-5374-441F-8706-5652AEAD41A1}.Simulation|Any CPU.ActiveCfg = Simulation|Any CPU
		{D48DBA1B-5374-441F-8706-5652AEAD41A1}.Simulation|Any CPU.Build.0 = Simulation|Any CPU
		{927E765E-B65D-434F-924C-A660DB9F1032}.Debug|Any CPU.ActiveCfg = Debug|Any CPU
		{927E765E-B65D-434F-924C-A660DB9F1032}.Debug|Any CPU.Build.0 = Debug|Any CPU
		{927E765E-B65D-434F-924C-A660DB9F1032}.Release|Any CPU.ActiveCfg = Release|Any CPU
		{927E765E-B65D-434F-924C-A660DB9F1032}.Release|Any CPU.Build.0 = Release|Any CPU
		{927E765E-B65D-434F-924C-A660DB9F1032}.Simulation|Any CPU.ActiveCfg = Debug|Any CPU
		{927E765E-B65D-434F-924C-A660DB9F1032}.Simulation|Any CPU.Build.0 = Debug|Any CPU
		{7493E09D-D009-4D33-8EB2-88AC246E5B58}.Debug|Any CPU.ActiveCfg = Debug|Any CPU
		{7493E09D-D009-4D33-8EB2-88AC246E5B58}.Debug|Any CPU.Build.0 = Debug|Any CPU
		{7493E09D-D009-4D33-8EB2-88AC246E5B58}.Release|Any CPU.ActiveCfg = Release|Any CPU
		{7493E09D-D009-4D33-8EB2-88AC246E5B58}.Release|Any CPU.Build.0 = Release|Any CPU
		{7493E09D-D009-4D33-8EB2-88AC246E5B58}.Simulation|Any CPU.ActiveCfg = Debug|Any CPU
		{7493E09D-D009-4D33-8EB2-88AC246E5B58}.Simulation|Any CPU.Build.0 = Debug|Any CPU
		{45F3C458-3C90-4D03-970D-1C348CE23313}.Debug|Any CPU.ActiveCfg = Debug|Any CPU
		{45F3C458-3C90-4D03-970D-1C348CE23313}.Debug|Any CPU.Build.0 = Debug|Any CPU
		{45F3C458-3C90-4D03-970D-1C348CE23313}.Release|Any CPU.ActiveCfg = Release|Any CPU
		{45F3C458-3C90-4D03-970D-1C348CE23313}.Release|Any CPU.Build.0 = Release|Any CPU
		{45F3C458-3C90-4D03-970D-1C348CE23313}.Simulation|Any CPU.ActiveCfg = Debug|Any CPU
		{45F3C458-3C90-4D03-970D-1C348CE23313}.Simulation|Any CPU.Build.0 = Debug|Any CPU
		{A89CEEBB-EE79-4F7E-8F13-0DA976B9A749}.Debug|Any CPU.ActiveCfg = Debug|Any CPU
		{A89CEEBB-EE79-4F7E-8F13-0DA976B9A749}.Debug|Any CPU.Build.0 = Debug|Any CPU
		{A89CEEBB-EE79-4F7E-8F13-0DA976B9A749}.Release|Any CPU.ActiveCfg = Release|Any CPU
		{A89CEEBB-EE79-4F7E-8F13-0DA976B9A749}.Release|Any CPU.Build.0 = Release|Any CPU
		{A89CEEBB-EE79-4F7E-8F13-0DA976B9A749}.Simulation|Any CPU.ActiveCfg = Debug|Any CPU
		{A89CEEBB-EE79-4F7E-8F13-0DA976B9A749}.Simulation|Any CPU.Build.0 = Debug|Any CPU
		{B337200A-EAD1-4501-AE65-942DBDD7B57D}.Debug|Any CPU.ActiveCfg = Debug|Any CPU
		{B337200A-EAD1-4501-AE65-942DBDD7B57D}.Debug|Any CPU.Build.0 = Debug|Any CPU
		{B337200A-EAD1-4501-AE65-942DBDD7B57D}.Release|Any CPU.ActiveCfg = Release|Any CPU
		{B337200A-EAD1-4501-AE65-942DBDD7B57D}.Release|Any CPU.Build.0 = Release|Any CPU
		{B337200A-EAD1-4501-AE65-942DBDD7B57D}.Simulation|Any CPU.ActiveCfg = Debug|Any CPU
		{B337200A-EAD1-4501-AE65-942DBDD7B57D}.Simulation|Any CPU.Build.0 = Debug|Any CPU
	EndGlobalSection
	GlobalSection(SolutionProperties) = preSolution
		HideSolutionNode = FALSE
	EndGlobalSection
	GlobalSection(NestedProjects) = preSolution
		{A142B7D3-AAD4-4EBD-B343-9CE898B85B3B} = {A809F07D-DD94-4375-8776-23FBE73591A5}
		{73A1EBD7-3BC4-4144-9F21-C66E690648CA} = {A809F07D-DD94-4375-8776-23FBE73591A5}
		{514C4A07-AFB4-4E03-84F2-962B59EB6B0D} = {A809F07D-DD94-4375-8776-23FBE73591A5}
		{F946F64B-09F7-418C-8855-BA6CC6061F0E} = {A809F07D-DD94-4375-8776-23FBE73591A5}
		{FFBE8C93-9609-42BC-9A52-C25CC88FE8B5} = {A809F07D-DD94-4375-8776-23FBE73591A5}
		{815CE040-95E1-4F4A-80C5-0CFC24FB5D27} = {A809F07D-DD94-4375-8776-23FBE73591A5}
		{09374712-DC5D-465B-AA4F-8148755D2A84} = {A809F07D-DD94-4375-8776-23FBE73591A5}
		{D3E33891-84F8-480F-BF93-57DFDC1181BB} = {A809F07D-DD94-4375-8776-23FBE73591A5}
		{4B300437-7918-4D08-B6BC-B989DECEB0BC} = {A809F07D-DD94-4375-8776-23FBE73591A5}
		{475E46AC-8E14-47E6-A28B-1D30C7C75516} = {A809F07D-DD94-4375-8776-23FBE73591A5}
		{1E94F1B0-70BB-4D44-A817-D91411DC5AD9} = {A809F07D-DD94-4375-8776-23FBE73591A5}
		{27248C06-62DA-4291-B002-86F8451B9C1A} = {A809F07D-DD94-4375-8776-23FBE73591A5}
		{3C0784C4-BFE3-49C7-A11C-3749E8147A9F} = {29DDAE34-92FA-4441-B1FD-1E4805AE95DF}
		{14D4AF83-3672-422E-88B8-A48ECC64DE14} = {A809F07D-DD94-4375-8776-23FBE73591A5}
		{D48DBA1B-5374-441F-8706-5652AEAD41A1} = {A809F07D-DD94-4375-8776-23FBE73591A5}
		{927E765E-B65D-434F-924C-A660DB9F1032} = {3C0784C4-BFE3-49C7-A11C-3749E8147A9F}
		{7493E09D-D009-4D33-8EB2-88AC246E5B58} = {A809F07D-DD94-4375-8776-23FBE73591A5}
		{45F3C458-3C90-4D03-970D-1C348CE23313} = {A809F07D-DD94-4375-8776-23FBE73591A5}
		{A89CEEBB-EE79-4F7E-8F13-0DA976B9A749} = {5F778622-158A-49D8-B9DC-8B814E1CFD71}
		{B337200A-EAD1-4501-AE65-942DBDD7B57D} = {A809F07D-DD94-4375-8776-23FBE73591A5}
	EndGlobalSection
	GlobalSection(ExtensibilityGlobals) = postSolution
		SolutionGuid = {E3F002EA-1A25-487F-9A5D-93D1E7EC6E31}
	EndGlobalSection
EndGlobal
